// !$*UTF8*$!
{
	archiveVersion = 1;
	classes = {
	};
	objectVersion = 50;
	objects = {

/* Begin PBXBuildFile section */
		3485E78D21A55E05002248B7 /* AppDelegate.swift in Sources */ = {isa = PBXBuildFile; fileRef = 3485E78C21A55E05002248B7 /* AppDelegate.swift */; };
		3485E78F21A55E05002248B7 /* ViewController.swift in Sources */ = {isa = PBXBuildFile; fileRef = 3485E78E21A55E05002248B7 /* ViewController.swift */; };
		3485E79221A55E05002248B7 /* Main.storyboard in Resources */ = {isa = PBXBuildFile; fileRef = 3485E79021A55E05002248B7 /* Main.storyboard */; };
		3485E79521A55E05002248B7 /* iOS_Boilerplate.xcdatamodeld in Sources */ = {isa = PBXBuildFile; fileRef = 3485E79321A55E05002248B7 /* iOS_Boilerplate.xcdatamodeld */; };
		3485E79721A55E07002248B7 /* Assets.xcassets in Resources */ = {isa = PBXBuildFile; fileRef = 3485E79621A55E07002248B7 /* Assets.xcassets */; };
		3485E79A21A55E07002248B7 /* LaunchScreen.storyboard in Resources */ = {isa = PBXBuildFile; fileRef = 3485E79821A55E07002248B7 /* LaunchScreen.storyboard */; };
		3485E7A521A55E07002248B7 /* iOS_BoilerplateTests.swift in Sources */ = {isa = PBXBuildFile; fileRef = 3485E7A421A55E07002248B7 /* iOS_BoilerplateTests.swift */; };
		3485E7B021A55E07002248B7 /* iOS_BoilerplateUITests.swift in Sources */ = {isa = PBXBuildFile; fileRef = 3485E7AF21A55E07002248B7 /* iOS_BoilerplateUITests.swift */; };
		3485E80921A5899F002248B7 /* Alamofire.framework in Frameworks */ = {isa = PBXBuildFile; fileRef = 3485E7FC21A58984002248B7 /* Alamofire.framework */; };
		3485E80A21A5899F002248B7 /* Alamofire.framework in Embed Frameworks */ = {isa = PBXBuildFile; fileRef = 3485E7FC21A58984002248B7 /* Alamofire.framework */; settings = {ATTRIBUTES = (CodeSignOnCopy, RemoveHeadersOnCopy, ); }; };
		3485E80E21A58A5C002248B7 /* PersonDTO.swift in Sources */ = {isa = PBXBuildFile; fileRef = 3485E80D21A58A5C002248B7 /* PersonDTO.swift */; };
		3485E81021A59083002248B7 /* PersonDTOTests.swift in Sources */ = {isa = PBXBuildFile; fileRef = 3485E80F21A59083002248B7 /* PersonDTOTests.swift */; };
		3485E81221A59358002248B7 /* person.json in Resources */ = {isa = PBXBuildFile; fileRef = 3485E81121A59358002248B7 /* person.json */; };
		3485E81A21A5A716002248B7 /* Configuration.swift in Sources */ = {isa = PBXBuildFile; fileRef = 3485E81921A5A716002248B7 /* Configuration.swift */; };
		3485E82A21A5B0D9002248B7 /* environments.plist in Resources */ = {isa = PBXBuildFile; fileRef = 3485E82721A5B0D9002248B7 /* environments.plist */; };
		3485E82D21A5B1F0002248B7 /* Environment.swift in Sources */ = {isa = PBXBuildFile; fileRef = 3485E82C21A5B1EF002248B7 /* Environment.swift */; };
		3485E83021A5B5FB002248B7 /* ConfigurationTest.swift in Sources */ = {isa = PBXBuildFile; fileRef = 3485E82E21A5B496002248B7 /* ConfigurationTest.swift */; };
		3487742321A6AC32001675D3 /* Localizable.strings in Resources */ = {isa = PBXBuildFile; fileRef = 3487742121A6AC32001675D3 /* Localizable.strings */; };
/* End PBXBuildFile section */

/* Begin PBXContainerItemProxy section */
		3485E7A121A55E07002248B7 /* PBXContainerItemProxy */ = {
			isa = PBXContainerItemProxy;
			containerPortal = 3485E78121A55E05002248B7 /* Project object */;
			proxyType = 1;
			remoteGlobalIDString = 3485E78821A55E05002248B7;
			remoteInfo = "iOS-Boilerplate";
		};
		3485E7AC21A55E07002248B7 /* PBXContainerItemProxy */ = {
			isa = PBXContainerItemProxy;
			containerPortal = 3485E78121A55E05002248B7 /* Project object */;
			proxyType = 1;
			remoteGlobalIDString = 3485E78821A55E05002248B7;
			remoteInfo = "iOS-Boilerplate";
		};
		3485E7FB21A58984002248B7 /* PBXContainerItemProxy */ = {
			isa = PBXContainerItemProxy;
			containerPortal = 3485E7F021A58984002248B7 /* Alamofire.xcodeproj */;
			proxyType = 2;
			remoteGlobalIDString = F8111E3319A95C8B0040E7D1;
			remoteInfo = "Alamofire iOS";
		};
		3485E7FD21A58984002248B7 /* PBXContainerItemProxy */ = {
			isa = PBXContainerItemProxy;
			containerPortal = 3485E7F021A58984002248B7 /* Alamofire.xcodeproj */;
			proxyType = 2;
			remoteGlobalIDString = F8111E3E19A95C8B0040E7D1;
			remoteInfo = "Alamofire iOS Tests";
		};
		3485E7FF21A58984002248B7 /* PBXContainerItemProxy */ = {
			isa = PBXContainerItemProxy;
			containerPortal = 3485E7F021A58984002248B7 /* Alamofire.xcodeproj */;
			proxyType = 2;
			remoteGlobalIDString = 4DD67C0B1A5C55C900ED2280;
			remoteInfo = "Alamofire macOS";
		};
		3485E80121A58984002248B7 /* PBXContainerItemProxy */ = {
			isa = PBXContainerItemProxy;
			containerPortal = 3485E7F021A58984002248B7 /* Alamofire.xcodeproj */;
			proxyType = 2;
			remoteGlobalIDString = F829C6B21A7A94F100A2CD59;
			remoteInfo = "Alamofire macOS Tests";
		};
		3485E80321A58984002248B7 /* PBXContainerItemProxy */ = {
			isa = PBXContainerItemProxy;
			containerPortal = 3485E7F021A58984002248B7 /* Alamofire.xcodeproj */;
			proxyType = 2;
			remoteGlobalIDString = 4CF626EF1BA7CB3E0011A099;
			remoteInfo = "Alamofire tvOS";
		};
		3485E80521A58984002248B7 /* PBXContainerItemProxy */ = {
			isa = PBXContainerItemProxy;
			containerPortal = 3485E7F021A58984002248B7 /* Alamofire.xcodeproj */;
			proxyType = 2;
			remoteGlobalIDString = 4CF626F81BA7CB3E0011A099;
			remoteInfo = "Alamofire tvOS Tests";
		};
		3485E80721A58984002248B7 /* PBXContainerItemProxy */ = {
			isa = PBXContainerItemProxy;
			containerPortal = 3485E7F021A58984002248B7 /* Alamofire.xcodeproj */;
			proxyType = 2;
			remoteGlobalIDString = E4202FE01B667AA100C997FB;
			remoteInfo = "Alamofire watchOS";
		};
		3485E80B21A5899F002248B7 /* PBXContainerItemProxy */ = {
			isa = PBXContainerItemProxy;
			containerPortal = 3485E7F021A58984002248B7 /* Alamofire.xcodeproj */;
			proxyType = 1;
			remoteGlobalIDString = F8111E3219A95C8B0040E7D1;
			remoteInfo = "Alamofire iOS";
		};
/* End PBXContainerItemProxy section */

/* Begin PBXCopyFilesBuildPhase section */
		3485E7EF21A58731002248B7 /* Embed Frameworks */ = {
			isa = PBXCopyFilesBuildPhase;
			buildActionMask = 2147483647;
			dstPath = "";
			dstSubfolderSpec = 10;
			files = (
				3485E80A21A5899F002248B7 /* Alamofire.framework in Embed Frameworks */,
			);
			name = "Embed Frameworks";
			runOnlyForDeploymentPostprocessing = 0;
		};
/* End PBXCopyFilesBuildPhase section */

/* Begin PBXFileReference section */
		3485E78921A55E05002248B7 /* iOS-Boilerplate.app */ = {isa = PBXFileReference; explicitFileType = wrapper.application; includeInIndex = 0; path = "iOS-Boilerplate.app"; sourceTree = BUILT_PRODUCTS_DIR; };
		3485E78C21A55E05002248B7 /* AppDelegate.swift */ = {isa = PBXFileReference; lastKnownFileType = sourcecode.swift; path = AppDelegate.swift; sourceTree = "<group>"; };
		3485E78E21A55E05002248B7 /* ViewController.swift */ = {isa = PBXFileReference; lastKnownFileType = sourcecode.swift; path = ViewController.swift; sourceTree = "<group>"; };
		3485E79121A55E05002248B7 /* Base */ = {isa = PBXFileReference; lastKnownFileType = file.storyboard; name = Base; path = Base.lproj/Main.storyboard; sourceTree = "<group>"; };
		3485E79421A55E05002248B7 /* iOS_Boilerplate.xcdatamodel */ = {isa = PBXFileReference; lastKnownFileType = wrapper.xcdatamodel; path = iOS_Boilerplate.xcdatamodel; sourceTree = "<group>"; };
		3485E79621A55E07002248B7 /* Assets.xcassets */ = {isa = PBXFileReference; lastKnownFileType = folder.assetcatalog; path = Assets.xcassets; sourceTree = "<group>"; };
		3485E79921A55E07002248B7 /* Base */ = {isa = PBXFileReference; lastKnownFileType = file.storyboard; name = Base; path = Base.lproj/LaunchScreen.storyboard; sourceTree = "<group>"; };
		3485E79B21A55E07002248B7 /* Info.plist */ = {isa = PBXFileReference; lastKnownFileType = text.plist.xml; path = Info.plist; sourceTree = "<group>"; };
		3485E7A021A55E07002248B7 /* iOS-BoilerplateTests.xctest */ = {isa = PBXFileReference; explicitFileType = wrapper.cfbundle; includeInIndex = 0; path = "iOS-BoilerplateTests.xctest"; sourceTree = BUILT_PRODUCTS_DIR; };
		3485E7A421A55E07002248B7 /* iOS_BoilerplateTests.swift */ = {isa = PBXFileReference; lastKnownFileType = sourcecode.swift; path = iOS_BoilerplateTests.swift; sourceTree = "<group>"; };
		3485E7A621A55E07002248B7 /* Info.plist */ = {isa = PBXFileReference; lastKnownFileType = text.plist.xml; path = Info.plist; sourceTree = "<group>"; };
		3485E7AB21A55E07002248B7 /* iOS-BoilerplateUITests.xctest */ = {isa = PBXFileReference; explicitFileType = wrapper.cfbundle; includeInIndex = 0; path = "iOS-BoilerplateUITests.xctest"; sourceTree = BUILT_PRODUCTS_DIR; };
		3485E7AF21A55E07002248B7 /* iOS_BoilerplateUITests.swift */ = {isa = PBXFileReference; lastKnownFileType = sourcecode.swift; path = iOS_BoilerplateUITests.swift; sourceTree = "<group>"; };
		3485E7B121A55E07002248B7 /* Info.plist */ = {isa = PBXFileReference; lastKnownFileType = text.plist.xml; path = Info.plist; sourceTree = "<group>"; };
		3485E7F021A58984002248B7 /* Alamofire.xcodeproj */ = {isa = PBXFileReference; lastKnownFileType = "wrapper.pb-project"; name = Alamofire.xcodeproj; path = Alamofire/Alamofire.xcodeproj; sourceTree = "<group>"; };
		3485E80D21A58A5C002248B7 /* PersonDTO.swift */ = {isa = PBXFileReference; lastKnownFileType = sourcecode.swift; path = PersonDTO.swift; sourceTree = "<group>"; };
		3485E80F21A59083002248B7 /* PersonDTOTests.swift */ = {isa = PBXFileReference; lastKnownFileType = sourcecode.swift; path = PersonDTOTests.swift; sourceTree = "<group>"; };
		3485E81121A59358002248B7 /* person.json */ = {isa = PBXFileReference; lastKnownFileType = text.json; path = person.json; sourceTree = "<group>"; };
		3485E81921A5A716002248B7 /* Configuration.swift */ = {isa = PBXFileReference; lastKnownFileType = sourcecode.swift; path = Configuration.swift; sourceTree = "<group>"; };
		3485E82121A5ABA0002248B7 /* Debug.xcconfig */ = {isa = PBXFileReference; lastKnownFileType = text.xcconfig; path = Debug.xcconfig; sourceTree = "<group>"; };
		3485E82321A5AE37002248B7 /* Release.xcconfig */ = {isa = PBXFileReference; lastKnownFileType = text.xcconfig; path = Release.xcconfig; sourceTree = "<group>"; };
		3485E82421A5AE39002248B7 /* Staging.xcconfig */ = {isa = PBXFileReference; lastKnownFileType = text.xcconfig; path = Staging.xcconfig; sourceTree = "<group>"; };
		3485E82721A5B0D9002248B7 /* environments.plist */ = {isa = PBXFileReference; fileEncoding = 4; lastKnownFileType = text.plist.xml; path = environments.plist; sourceTree = "<group>"; };
		3485E82C21A5B1EF002248B7 /* Environment.swift */ = {isa = PBXFileReference; fileEncoding = 4; lastKnownFileType = sourcecode.swift; path = Environment.swift; sourceTree = "<group>"; };
		3485E82E21A5B496002248B7 /* ConfigurationTest.swift */ = {isa = PBXFileReference; lastKnownFileType = sourcecode.swift; path = ConfigurationTest.swift; sourceTree = "<group>"; };
		3487742221A6AC32001675D3 /* Base */ = {isa = PBXFileReference; lastKnownFileType = text.plist.strings; name = Base; path = "iOS-Boilerplate/Base.lproj/Localizable.strings"; sourceTree = SOURCE_ROOT; };
		3487742421A6AC4F001675D3 /* en */ = {isa = PBXFileReference; lastKnownFileType = text.plist.strings; name = en; path = ../../en.lproj/Localizable.strings; sourceTree = "<group>"; };
		3487742721A6AC74001675D3 /* es */ = {isa = PBXFileReference; lastKnownFileType = text.plist.strings; name = es; path = ../../es.lproj/Localizable.strings; sourceTree = "<group>"; };
/* End PBXFileReference section */

/* Begin PBXFrameworksBuildPhase section */
		3485E78621A55E05002248B7 /* Frameworks */ = {
			isa = PBXFrameworksBuildPhase;
			buildActionMask = 2147483647;
			files = (
				3485E80921A5899F002248B7 /* Alamofire.framework in Frameworks */,
			);
			runOnlyForDeploymentPostprocessing = 0;
		};
		3485E79D21A55E07002248B7 /* Frameworks */ = {
			isa = PBXFrameworksBuildPhase;
			buildActionMask = 2147483647;
			files = (
			);
			runOnlyForDeploymentPostprocessing = 0;
		};
		3485E7A821A55E07002248B7 /* Frameworks */ = {
			isa = PBXFrameworksBuildPhase;
			buildActionMask = 2147483647;
			files = (
			);
			runOnlyForDeploymentPostprocessing = 0;
		};
/* End PBXFrameworksBuildPhase section */

/* Begin PBXGroup section */
		3485E78021A55E05002248B7 = {
			isa = PBXGroup;
			children = (
				3485E78B21A55E05002248B7 /* iOS-Boilerplate */,
				3485E7CF21A580B9002248B7 /* Frameworks */,
				3485E7A321A55E07002248B7 /* iOS-BoilerplateTests */,
				3485E7AE21A55E07002248B7 /* iOS-BoilerplateUITests */,
				3485E78A21A55E05002248B7 /* Products */,
			);
			sourceTree = "<group>";
		};
		3485E78A21A55E05002248B7 /* Products */ = {
			isa = PBXGroup;
			children = (
				3485E78921A55E05002248B7 /* iOS-Boilerplate.app */,
				3485E7A021A55E07002248B7 /* iOS-BoilerplateTests.xctest */,
				3485E7AB21A55E07002248B7 /* iOS-BoilerplateUITests.xctest */,
			);
			name = Products;
			sourceTree = "<group>";
		};
		3485E78B21A55E05002248B7 /* iOS-Boilerplate */ = {
			isa = PBXGroup;
			children = (
				3485E7C021A5639E002248B7 /* Startup */,
				3485E7C221A57F4F002248B7 /* Feature001 */,
				3485E7C321A57F7F002248B7 /* Library */,
				3485E7C821A58014002248B7 /* Resources */,
				3485E79621A55E07002248B7 /* Assets.xcassets */,
				3485E7CE21A58095002248B7 /* Supporting Files */,
			);
			path = "iOS-Boilerplate";
			sourceTree = "<group>";
		};
		3485E7A321A55E07002248B7 /* iOS-BoilerplateTests */ = {
			isa = PBXGroup;
			children = (
				3485E7D021A58115002248B7 /* Feature001 */,
				3485E7A621A55E07002248B7 /* Info.plist */,
				3485E80F21A59083002248B7 /* PersonDTOTests.swift */,
				3485E82E21A5B496002248B7 /* ConfigurationTest.swift */,
			);
			path = "iOS-BoilerplateTests";
			sourceTree = "<group>";
		};
		3485E7AE21A55E07002248B7 /* iOS-BoilerplateUITests */ = {
			isa = PBXGroup;
			children = (
				3485E7D121A58122002248B7 /* Feature001 */,
				3485E7B121A55E07002248B7 /* Info.plist */,
			);
			path = "iOS-BoilerplateUITests";
			sourceTree = "<group>";
		};
		3485E7C021A5639E002248B7 /* Startup */ = {
			isa = PBXGroup;
			children = (
				3485E78C21A55E05002248B7 /* AppDelegate.swift */,
				3485E78E21A55E05002248B7 /* ViewController.swift */,
				3485E79821A55E07002248B7 /* LaunchScreen.storyboard */,
				3485E79021A55E05002248B7 /* Main.storyboard */,
				3485E7C121A56513002248B7 /* Migration */,
			);
			path = Startup;
			sourceTree = "<group>";
		};
		3485E7C121A56513002248B7 /* Migration */ = {
			isa = PBXGroup;
			children = (
			);
			path = Migration;
			sourceTree = "<group>";
		};
		3485E7C221A57F4F002248B7 /* Feature001 */ = {
			isa = PBXGroup;
			children = (
			);
			path = Feature001;
			sourceTree = "<group>";
		};
		3485E7C321A57F7F002248B7 /* Library */ = {
			isa = PBXGroup;
			children = (
				3485E81821A5A6A6002248B7 /* Configuration */,
				3485E7C621A57FE1002248B7 /* Extensions */,
				3485E7C521A57FD4002248B7 /* Feed */,
				3485E7C421A57FA2002248B7 /* Model */,
				3485E7C721A57FF3002248B7 /* Services */,
			);
			path = Library;
			sourceTree = "<group>";
		};
		3485E7C421A57FA2002248B7 /* Model */ = {
			isa = PBXGroup;
			children = (
				3485E79321A55E05002248B7 /* iOS_Boilerplate.xcdatamodeld */,
				3485E80D21A58A5C002248B7 /* PersonDTO.swift */,
			);
			path = Model;
			sourceTree = "<group>";
		};
		3485E7C521A57FD4002248B7 /* Feed */ = {
			isa = PBXGroup;
			children = (
			);
			path = Feed;
			sourceTree = "<group>";
		};
		3485E7C621A57FE1002248B7 /* Extensions */ = {
			isa = PBXGroup;
			children = (
			);
			path = Extensions;
			sourceTree = "<group>";
		};
		3485E7C721A57FF3002248B7 /* Services */ = {
			isa = PBXGroup;
			children = (
			);
			path = Services;
			sourceTree = "<group>";
		};
		3485E7C821A58014002248B7 /* Resources */ = {
			isa = PBXGroup;
			children = (
				3485E81321A5A246002248B7 /* Environments */,
				3485E82B21A5B0FA002248B7 /* Configurations */,
				3485E7CA21A5802C002248B7 /* Certificates */,
				3485E7CB21A58035002248B7 /* Html */,
				3485E7CC21A58041002248B7 /* Json */,
				3485E7C921A58025002248B7 /* PDF */,
				3487741E21A6AB77001675D3 /* Strings */,
				3485E7CD21A58048002248B7 /* Video */,
			);
			path = Resources;
			sourceTree = "<group>";
		};
		3485E7C921A58025002248B7 /* PDF */ = {
			isa = PBXGroup;
			children = (
			);
			path = PDF;
			sourceTree = "<group>";
		};
		3485E7CA21A5802C002248B7 /* Certificates */ = {
			isa = PBXGroup;
			children = (
			);
			path = Certificates;
			sourceTree = "<group>";
		};
		3485E7CB21A58035002248B7 /* Html */ = {
			isa = PBXGroup;
			children = (
			);
			path = Html;
			sourceTree = "<group>";
		};
		3485E7CC21A58041002248B7 /* Json */ = {
			isa = PBXGroup;
			children = (
				3485E81121A59358002248B7 /* person.json */,
			);
			path = Json;
			sourceTree = "<group>";
		};
		3485E7CD21A58048002248B7 /* Video */ = {
			isa = PBXGroup;
			children = (
			);
			path = Video;
			sourceTree = "<group>";
		};
		3485E7CE21A58095002248B7 /* Supporting Files */ = {
			isa = PBXGroup;
			children = (
				3485E79B21A55E07002248B7 /* Info.plist */,
			);
			path = "Supporting Files";
			sourceTree = "<group>";
		};
		3485E7CF21A580B9002248B7 /* Frameworks */ = {
			isa = PBXGroup;
			children = (
				3485E7F021A58984002248B7 /* Alamofire.xcodeproj */,
			);
			path = Frameworks;
			sourceTree = "<group>";
		};
		3485E7D021A58115002248B7 /* Feature001 */ = {
			isa = PBXGroup;
			children = (
				3485E7A421A55E07002248B7 /* iOS_BoilerplateTests.swift */,
			);
			path = Feature001;
			sourceTree = "<group>";
		};
		3485E7D121A58122002248B7 /* Feature001 */ = {
			isa = PBXGroup;
			children = (
				3485E7AF21A55E07002248B7 /* iOS_BoilerplateUITests.swift */,
			);
			path = Feature001;
			sourceTree = "<group>";
		};
		3485E7F121A58984002248B7 /* Products */ = {
			isa = PBXGroup;
			children = (
				3485E7FC21A58984002248B7 /* Alamofire.framework */,
				3485E7FE21A58984002248B7 /* Alamofire iOS Tests.xctest */,
				3485E80021A58984002248B7 /* Alamofire.framework */,
				3485E80221A58984002248B7 /* Alamofire macOS Tests.xctest */,
				3485E80421A58984002248B7 /* Alamofire.framework */,
				3485E80621A58984002248B7 /* Alamofire tvOS Tests.xctest */,
				3485E80821A58984002248B7 /* Alamofire.framework */,
			);
			name = Products;
			sourceTree = "<group>";
		};
		3485E81321A5A246002248B7 /* Environments */ = {
			isa = PBXGroup;
			children = (
				3485E82721A5B0D9002248B7 /* environments.plist */,
			);
			path = Environments;
			sourceTree = "<group>";
		};
		3485E81821A5A6A6002248B7 /* Configuration */ = {
			isa = PBXGroup;
			children = (
				3485E81921A5A716002248B7 /* Configuration.swift */,
				3485E82C21A5B1EF002248B7 /* Environment.swift */,
			);
			path = Configuration;
			sourceTree = "<group>";
		};
		3485E82B21A5B0FA002248B7 /* Configurations */ = {
			isa = PBXGroup;
			children = (
				3485E82121A5ABA0002248B7 /* Debug.xcconfig */,
				3485E82321A5AE37002248B7 /* Release.xcconfig */,
				3485E82421A5AE39002248B7 /* Staging.xcconfig */,
			);
			path = Configurations;
			sourceTree = "<group>";
		};
		3487741E21A6AB77001675D3 /* Strings */ = {
			isa = PBXGroup;
			children = (
				3487742121A6AC32001675D3 /* Localizable.strings */,
			);
			path = Strings;
			sourceTree = "<group>";
		};
/* End PBXGroup section */

/* Begin PBXNativeTarget section */
		3485E78821A55E05002248B7 /* iOS-Boilerplate */ = {
			isa = PBXNativeTarget;
			buildConfigurationList = 3485E7B421A55E07002248B7 /* Build configuration list for PBXNativeTarget "iOS-Boilerplate" */;
			buildPhases = (
				3485E78521A55E05002248B7 /* Sources */,
				3485E78621A55E05002248B7 /* Frameworks */,
				3485E78721A55E05002248B7 /* Resources */,
				3485E7EF21A58731002248B7 /* Embed Frameworks */,
			);
			buildRules = (
			);
			dependencies = (
				3485E80C21A5899F002248B7 /* PBXTargetDependency */,
			);
			name = "iOS-Boilerplate";
			productName = "iOS-Boilerplate";
			productReference = 3485E78921A55E05002248B7 /* iOS-Boilerplate.app */;
			productType = "com.apple.product-type.application";
		};
		3485E79F21A55E07002248B7 /* iOS-BoilerplateTests */ = {
			isa = PBXNativeTarget;
			buildConfigurationList = 3485E7B721A55E07002248B7 /* Build configuration list for PBXNativeTarget "iOS-BoilerplateTests" */;
			buildPhases = (
				3485E79C21A55E07002248B7 /* Sources */,
				3485E79D21A55E07002248B7 /* Frameworks */,
				3485E79E21A55E07002248B7 /* Resources */,
			);
			buildRules = (
			);
			dependencies = (
				3485E7A221A55E07002248B7 /* PBXTargetDependency */,
			);
			name = "iOS-BoilerplateTests";
			productName = "iOS-BoilerplateTests";
			productReference = 3485E7A021A55E07002248B7 /* iOS-BoilerplateTests.xctest */;
			productType = "com.apple.product-type.bundle.unit-test";
		};
		3485E7AA21A55E07002248B7 /* iOS-BoilerplateUITests */ = {
			isa = PBXNativeTarget;
			buildConfigurationList = 3485E7BA21A55E07002248B7 /* Build configuration list for PBXNativeTarget "iOS-BoilerplateUITests" */;
			buildPhases = (
				3485E7A721A55E07002248B7 /* Sources */,
				3485E7A821A55E07002248B7 /* Frameworks */,
				3485E7A921A55E07002248B7 /* Resources */,
			);
			buildRules = (
			);
			dependencies = (
				3485E7AD21A55E07002248B7 /* PBXTargetDependency */,
			);
			name = "iOS-BoilerplateUITests";
			productName = "iOS-BoilerplateUITests";
			productReference = 3485E7AB21A55E07002248B7 /* iOS-BoilerplateUITests.xctest */;
			productType = "com.apple.product-type.bundle.ui-testing";
		};
/* End PBXNativeTarget section */

/* Begin PBXProject section */
		3485E78121A55E05002248B7 /* Project object */ = {
			isa = PBXProject;
			attributes = {
				LastSwiftUpdateCheck = 1000;
				LastUpgradeCheck = 1000;
				ORGANIZATIONNAME = veladan;
				TargetAttributes = {
					3485E78821A55E05002248B7 = {
						CreatedOnToolsVersion = 10.0;
					};
					3485E79F21A55E07002248B7 = {
						CreatedOnToolsVersion = 10.0;
						TestTargetID = 3485E78821A55E05002248B7;
					};
					3485E7AA21A55E07002248B7 = {
						CreatedOnToolsVersion = 10.0;
						TestTargetID = 3485E78821A55E05002248B7;
					};
				};
			};
			buildConfigurationList = 3485E78421A55E05002248B7 /* Build configuration list for PBXProject "iOS-Boilerplate" */;
			compatibilityVersion = "Xcode 9.3";
			developmentRegion = en;
			hasScannedForEncodings = 0;
			knownRegions = (
				en,
				Base,
				es,
			);
			mainGroup = 3485E78021A55E05002248B7;
			productRefGroup = 3485E78A21A55E05002248B7 /* Products */;
			projectDirPath = "";
			projectReferences = (
				{
					ProductGroup = 3485E7F121A58984002248B7 /* Products */;
					ProjectRef = 3485E7F021A58984002248B7 /* Alamofire.xcodeproj */;
				},
			);
			projectRoot = "";
			targets = (
				3485E78821A55E05002248B7 /* iOS-Boilerplate */,
				3485E79F21A55E07002248B7 /* iOS-BoilerplateTests */,
				3485E7AA21A55E07002248B7 /* iOS-BoilerplateUITests */,
			);
		};
/* End PBXProject section */

/* Begin PBXReferenceProxy section */
		3485E7FC21A58984002248B7 /* Alamofire.framework */ = {
			isa = PBXReferenceProxy;
			fileType = wrapper.framework;
			path = Alamofire.framework;
			remoteRef = 3485E7FB21A58984002248B7 /* PBXContainerItemProxy */;
			sourceTree = BUILT_PRODUCTS_DIR;
		};
		3485E7FE21A58984002248B7 /* Alamofire iOS Tests.xctest */ = {
			isa = PBXReferenceProxy;
			fileType = wrapper.cfbundle;
			path = "Alamofire iOS Tests.xctest";
			remoteRef = 3485E7FD21A58984002248B7 /* PBXContainerItemProxy */;
			sourceTree = BUILT_PRODUCTS_DIR;
		};
		3485E80021A58984002248B7 /* Alamofire.framework */ = {
			isa = PBXReferenceProxy;
			fileType = wrapper.framework;
			path = Alamofire.framework;
			remoteRef = 3485E7FF21A58984002248B7 /* PBXContainerItemProxy */;
			sourceTree = BUILT_PRODUCTS_DIR;
		};
		3485E80221A58984002248B7 /* Alamofire macOS Tests.xctest */ = {
			isa = PBXReferenceProxy;
			fileType = wrapper.cfbundle;
			path = "Alamofire macOS Tests.xctest";
			remoteRef = 3485E80121A58984002248B7 /* PBXContainerItemProxy */;
			sourceTree = BUILT_PRODUCTS_DIR;
		};
		3485E80421A58984002248B7 /* Alamofire.framework */ = {
			isa = PBXReferenceProxy;
			fileType = wrapper.framework;
			path = Alamofire.framework;
			remoteRef = 3485E80321A58984002248B7 /* PBXContainerItemProxy */;
			sourceTree = BUILT_PRODUCTS_DIR;
		};
		3485E80621A58984002248B7 /* Alamofire tvOS Tests.xctest */ = {
			isa = PBXReferenceProxy;
			fileType = wrapper.cfbundle;
			path = "Alamofire tvOS Tests.xctest";
			remoteRef = 3485E80521A58984002248B7 /* PBXContainerItemProxy */;
			sourceTree = BUILT_PRODUCTS_DIR;
		};
		3485E80821A58984002248B7 /* Alamofire.framework */ = {
			isa = PBXReferenceProxy;
			fileType = wrapper.framework;
			path = Alamofire.framework;
			remoteRef = 3485E80721A58984002248B7 /* PBXContainerItemProxy */;
			sourceTree = BUILT_PRODUCTS_DIR;
		};
/* End PBXReferenceProxy section */

/* Begin PBXResourcesBuildPhase section */
		3485E78721A55E05002248B7 /* Resources */ = {
			isa = PBXResourcesBuildPhase;
			buildActionMask = 2147483647;
			files = (
				3485E79A21A55E07002248B7 /* LaunchScreen.storyboard in Resources */,
				3487742321A6AC32001675D3 /* Localizable.strings in Resources */,
				3485E79721A55E07002248B7 /* Assets.xcassets in Resources */,
				3485E81221A59358002248B7 /* person.json in Resources */,
				3485E79221A55E05002248B7 /* Main.storyboard in Resources */,
				3485E82A21A5B0D9002248B7 /* environments.plist in Resources */,
			);
			runOnlyForDeploymentPostprocessing = 0;
		};
		3485E79E21A55E07002248B7 /* Resources */ = {
			isa = PBXResourcesBuildPhase;
			buildActionMask = 2147483647;
			files = (
			);
			runOnlyForDeploymentPostprocessing = 0;
		};
		3485E7A921A55E07002248B7 /* Resources */ = {
			isa = PBXResourcesBuildPhase;
			buildActionMask = 2147483647;
			files = (
			);
			runOnlyForDeploymentPostprocessing = 0;
		};
/* End PBXResourcesBuildPhase section */

/* Begin PBXSourcesBuildPhase section */
		3485E78521A55E05002248B7 /* Sources */ = {
			isa = PBXSourcesBuildPhase;
			buildActionMask = 2147483647;
			files = (
				3485E80E21A58A5C002248B7 /* PersonDTO.swift in Sources */,
				3485E82D21A5B1F0002248B7 /* Environment.swift in Sources */,
				3485E81A21A5A716002248B7 /* Configuration.swift in Sources */,
				3485E79521A55E05002248B7 /* iOS_Boilerplate.xcdatamodeld in Sources */,
				3485E78F21A55E05002248B7 /* ViewController.swift in Sources */,
				3485E78D21A55E05002248B7 /* AppDelegate.swift in Sources */,
			);
			runOnlyForDeploymentPostprocessing = 0;
		};
		3485E79C21A55E07002248B7 /* Sources */ = {
			isa = PBXSourcesBuildPhase;
			buildActionMask = 2147483647;
			files = (
				3485E83021A5B5FB002248B7 /* ConfigurationTest.swift in Sources */,
				3485E81021A59083002248B7 /* PersonDTOTests.swift in Sources */,
				3485E7A521A55E07002248B7 /* iOS_BoilerplateTests.swift in Sources */,
			);
			runOnlyForDeploymentPostprocessing = 0;
		};
		3485E7A721A55E07002248B7 /* Sources */ = {
			isa = PBXSourcesBuildPhase;
			buildActionMask = 2147483647;
			files = (
				3485E7B021A55E07002248B7 /* iOS_BoilerplateUITests.swift in Sources */,
			);
			runOnlyForDeploymentPostprocessing = 0;
		};
/* End PBXSourcesBuildPhase section */

/* Begin PBXTargetDependency section */
		3485E7A221A55E07002248B7 /* PBXTargetDependency */ = {
			isa = PBXTargetDependency;
			target = 3485E78821A55E05002248B7 /* iOS-Boilerplate */;
			targetProxy = 3485E7A121A55E07002248B7 /* PBXContainerItemProxy */;
		};
		3485E7AD21A55E07002248B7 /* PBXTargetDependency */ = {
			isa = PBXTargetDependency;
			target = 3485E78821A55E05002248B7 /* iOS-Boilerplate */;
			targetProxy = 3485E7AC21A55E07002248B7 /* PBXContainerItemProxy */;
		};
		3485E80C21A5899F002248B7 /* PBXTargetDependency */ = {
			isa = PBXTargetDependency;
			name = "Alamofire iOS";
			targetProxy = 3485E80B21A5899F002248B7 /* PBXContainerItemProxy */;
		};
/* End PBXTargetDependency section */

/* Begin PBXVariantGroup section */
		3485E79021A55E05002248B7 /* Main.storyboard */ = {
			isa = PBXVariantGroup;
			children = (
				3485E79121A55E05002248B7 /* Base */,
			);
			name = Main.storyboard;
			sourceTree = "<group>";
		};
		3485E79821A55E07002248B7 /* LaunchScreen.storyboard */ = {
			isa = PBXVariantGroup;
			children = (
				3485E79921A55E07002248B7 /* Base */,
			);
			name = LaunchScreen.storyboard;
			sourceTree = "<group>";
		};
		3487742121A6AC32001675D3 /* Localizable.strings */ = {
			isa = PBXVariantGroup;
			children = (
				3487742221A6AC32001675D3 /* Base */,
				3487742421A6AC4F001675D3 /* en */,
				3487742721A6AC74001675D3 /* es */,
			);
			name = Localizable.strings;
			sourceTree = "<group>";
		};
/* End PBXVariantGroup section */

/* Begin XCBuildConfiguration section */
		3485E7B221A55E07002248B7 /* Debug */ = {
			isa = XCBuildConfiguration;
			baseConfigurationReference = 3485E82121A5ABA0002248B7 /* Debug.xcconfig */;
			buildSettings = {
				ALWAYS_SEARCH_USER_PATHS = NO;
				CLANG_ANALYZER_LOCALIZABILITY_NONLOCALIZED = YES;
				CLANG_ANALYZER_NONNULL = YES;
				CLANG_ANALYZER_NUMBER_OBJECT_CONVERSION = YES_AGGRESSIVE;
				CLANG_CXX_LANGUAGE_STANDARD = "gnu++14";
				CLANG_CXX_LIBRARY = "libc++";
				CLANG_ENABLE_MODULES = YES;
				CLANG_ENABLE_OBJC_ARC = YES;
				CLANG_ENABLE_OBJC_WEAK = YES;
				CLANG_WARN_BLOCK_CAPTURE_AUTORELEASING = YES;
				CLANG_WARN_BOOL_CONVERSION = YES;
				CLANG_WARN_COMMA = YES;
				CLANG_WARN_CONSTANT_CONVERSION = YES;
				CLANG_WARN_DEPRECATED_OBJC_IMPLEMENTATIONS = YES;
				CLANG_WARN_DIRECT_OBJC_ISA_USAGE = YES_ERROR;
				CLANG_WARN_DOCUMENTATION_COMMENTS = YES;
				CLANG_WARN_EMPTY_BODY = YES;
				CLANG_WARN_ENUM_CONVERSION = YES;
				CLANG_WARN_INFINITE_RECURSION = YES;
				CLANG_WARN_INT_CONVERSION = YES;
				CLANG_WARN_NON_LITERAL_NULL_CONVERSION = YES;
				CLANG_WARN_OBJC_IMPLICIT_RETAIN_SELF = YES;
				CLANG_WARN_OBJC_LITERAL_CONVERSION = YES;
				CLANG_WARN_OBJC_ROOT_CLASS = YES_ERROR;
				CLANG_WARN_RANGE_LOOP_ANALYSIS = YES;
				CLANG_WARN_STRICT_PROTOTYPES = YES;
				CLANG_WARN_SUSPICIOUS_MOVE = YES;
				CLANG_WARN_UNGUARDED_AVAILABILITY = YES_AGGRESSIVE;
				CLANG_WARN_UNREACHABLE_CODE = YES;
				CLANG_WARN__DUPLICATE_METHOD_MATCH = YES;
				CODE_SIGN_IDENTITY = "iPhone Developer";
				COPY_PHASE_STRIP = NO;
				DEBUG_INFORMATION_FORMAT = dwarf;
				ENABLE_STRICT_OBJC_MSGSEND = YES;
				ENABLE_TESTABILITY = YES;
				GCC_C_LANGUAGE_STANDARD = gnu11;
				GCC_DYNAMIC_NO_PIC = NO;
				GCC_NO_COMMON_BLOCKS = YES;
				GCC_OPTIMIZATION_LEVEL = 0;
				GCC_PREPROCESSOR_DEFINITIONS = (
					"DEBUG=1",
					"$(inherited)",
				);
				GCC_WARN_64_TO_32_BIT_CONVERSION = YES;
				GCC_WARN_ABOUT_RETURN_TYPE = YES_ERROR;
				GCC_WARN_UNDECLARED_SELECTOR = YES;
				GCC_WARN_UNINITIALIZED_AUTOS = YES_AGGRESSIVE;
				GCC_WARN_UNUSED_FUNCTION = YES;
				GCC_WARN_UNUSED_VARIABLE = YES;
				IPHONEOS_DEPLOYMENT_TARGET = 10.0;
				MTL_ENABLE_DEBUG_INFO = INCLUDE_SOURCE;
				MTL_FAST_MATH = YES;
				ONLY_ACTIVE_ARCH = YES;
				SDKROOT = iphoneos;
				SWIFT_ACTIVE_COMPILATION_CONDITIONS = DEBUG;
				SWIFT_OPTIMIZATION_LEVEL = "-Onone";
			};
			name = Debug;
		};
		3485E7B321A55E07002248B7 /* Release */ = {
			isa = XCBuildConfiguration;
			baseConfigurationReference = 3485E82321A5AE37002248B7 /* Release.xcconfig */;
			buildSettings = {
				ALWAYS_SEARCH_USER_PATHS = NO;
				CLANG_ANALYZER_LOCALIZABILITY_NONLOCALIZED = YES;
				CLANG_ANALYZER_NONNULL = YES;
				CLANG_ANALYZER_NUMBER_OBJECT_CONVERSION = YES_AGGRESSIVE;
				CLANG_CXX_LANGUAGE_STANDARD = "gnu++14";
				CLANG_CXX_LIBRARY = "libc++";
				CLANG_ENABLE_MODULES = YES;
				CLANG_ENABLE_OBJC_ARC = YES;
				CLANG_ENABLE_OBJC_WEAK = YES;
				CLANG_WARN_BLOCK_CAPTURE_AUTORELEASING = YES;
				CLANG_WARN_BOOL_CONVERSION = YES;
				CLANG_WARN_COMMA = YES;
				CLANG_WARN_CONSTANT_CONVERSION = YES;
				CLANG_WARN_DEPRECATED_OBJC_IMPLEMENTATIONS = YES;
				CLANG_WARN_DIRECT_OBJC_ISA_USAGE = YES_ERROR;
				CLANG_WARN_DOCUMENTATION_COMMENTS = YES;
				CLANG_WARN_EMPTY_BODY = YES;
				CLANG_WARN_ENUM_CONVERSION = YES;
				CLANG_WARN_INFINITE_RECURSION = YES;
				CLANG_WARN_INT_CONVERSION = YES;
				CLANG_WARN_NON_LITERAL_NULL_CONVERSION = YES;
				CLANG_WARN_OBJC_IMPLICIT_RETAIN_SELF = YES;
				CLANG_WARN_OBJC_LITERAL_CONVERSION = YES;
				CLANG_WARN_OBJC_ROOT_CLASS = YES_ERROR;
				CLANG_WARN_RANGE_LOOP_ANALYSIS = YES;
				CLANG_WARN_STRICT_PROTOTYPES = YES;
				CLANG_WARN_SUSPICIOUS_MOVE = YES;
				CLANG_WARN_UNGUARDED_AVAILABILITY = YES_AGGRESSIVE;
				CLANG_WARN_UNREACHABLE_CODE = YES;
				CLANG_WARN__DUPLICATE_METHOD_MATCH = YES;
				CODE_SIGN_IDENTITY = "iPhone Developer";
				COPY_PHASE_STRIP = NO;
				DEBUG_INFORMATION_FORMAT = "dwarf-with-dsym";
				ENABLE_NS_ASSERTIONS = NO;
				ENABLE_STRICT_OBJC_MSGSEND = YES;
				GCC_C_LANGUAGE_STANDARD = gnu11;
				GCC_NO_COMMON_BLOCKS = YES;
				GCC_WARN_64_TO_32_BIT_CONVERSION = YES;
				GCC_WARN_ABOUT_RETURN_TYPE = YES_ERROR;
				GCC_WARN_UNDECLARED_SELECTOR = YES;
				GCC_WARN_UNINITIALIZED_AUTOS = YES_AGGRESSIVE;
				GCC_WARN_UNUSED_FUNCTION = YES;
				GCC_WARN_UNUSED_VARIABLE = YES;
				IPHONEOS_DEPLOYMENT_TARGET = 10.0;
				MTL_ENABLE_DEBUG_INFO = NO;
				MTL_FAST_MATH = YES;
				SDKROOT = iphoneos;
				SWIFT_COMPILATION_MODE = wholemodule;
				SWIFT_OPTIMIZATION_LEVEL = "-O";
				VALIDATE_PRODUCT = YES;
			};
			name = Release;
		};
		3485E7B521A55E07002248B7 /* Debug */ = {
			isa = XCBuildConfiguration;
			baseConfigurationReference = 3485E82121A5ABA0002248B7 /* Debug.xcconfig */;
			buildSettings = {
				ALWAYS_EMBED_SWIFT_STANDARD_LIBRARIES = YES;
				ASSETCATALOG_COMPILER_APPICON_NAME = AppIcon;
				CODE_SIGN_STYLE = Manual;
				DEVELOPMENT_TEAM = "";
				INFOPLIST_FILE = "iOS-Boilerplate/Supporting Files/Info.plist";
				LD_RUNPATH_SEARCH_PATHS = (
					"$(inherited)",
					"@executable_path/Frameworks",
				);
				PRODUCT_BUNDLE_IDENTIFIER = "org.veladan.iOS-Boilerplate";
				PRODUCT_NAME = "$(TARGET_NAME)";
				PROVISIONING_PROFILE_SPECIFIER = "";
				SWIFT_VERSION = 4.2;
				TARGETED_DEVICE_FAMILY = "1,2";
			};
			name = Debug;
		};
		3485E7B621A55E07002248B7 /* Release */ = {
			isa = XCBuildConfiguration;
			baseConfigurationReference = 3485E82321A5AE37002248B7 /* Release.xcconfig */;
			buildSettings = {
				ALWAYS_EMBED_SWIFT_STANDARD_LIBRARIES = YES;
				ASSETCATALOG_COMPILER_APPICON_NAME = AppIcon;
				CODE_SIGN_STYLE = Manual;
				DEVELOPMENT_TEAM = "";
				INFOPLIST_FILE = "iOS-Boilerplate/Supporting Files/Info.plist";
				LD_RUNPATH_SEARCH_PATHS = (
					"$(inherited)",
					"@executable_path/Frameworks",
				);
				PRODUCT_BUNDLE_IDENTIFIER = "org.veladan.iOS-Boilerplate";
				PRODUCT_NAME = "$(TARGET_NAME)";
				PROVISIONING_PROFILE_SPECIFIER = "";
				SWIFT_VERSION = 4.2;
				TARGETED_DEVICE_FAMILY = "1,2";
			};
			name = Release;
		};
		3485E7B821A55E07002248B7 /* Debug */ = {
			isa = XCBuildConfiguration;
			buildSettings = {
				ALWAYS_EMBED_SWIFT_STANDARD_LIBRARIES = YES;
				BUNDLE_LOADER = "$(TEST_HOST)";
				CODE_SIGN_STYLE = Automatic;
				DEVELOPMENT_TEAM = TW65EXAM4U;
				INFOPLIST_FILE = "iOS-BoilerplateTests/Info.plist";
				LD_RUNPATH_SEARCH_PATHS = (
					"$(inherited)",
					"@executable_path/Frameworks",
					"@loader_path/Frameworks",
				);
				PRODUCT_BUNDLE_IDENTIFIER = "org.veladan.iOS-BoilerplateTests";
				PRODUCT_NAME = "$(TARGET_NAME)";
				SWIFT_VERSION = 4.2;
				TARGETED_DEVICE_FAMILY = "1,2";
				TEST_HOST = "$(BUILT_PRODUCTS_DIR)/iOS-Boilerplate.app/iOS-Boilerplate";
			};
			name = Debug;
		};
		3485E7B921A55E07002248B7 /* Release */ = {
			isa = XCBuildConfiguration;
			buildSettings = {
				ALWAYS_EMBED_SWIFT_STANDARD_LIBRARIES = YES;
				BUNDLE_LOADER = "$(TEST_HOST)";
				CODE_SIGN_STYLE = Automatic;
				DEVELOPMENT_TEAM = TW65EXAM4U;
				INFOPLIST_FILE = "iOS-BoilerplateTests/Info.plist";
				LD_RUNPATH_SEARCH_PATHS = (
					"$(inherited)",
					"@executable_path/Frameworks",
					"@loader_path/Frameworks",
				);
				PRODUCT_BUNDLE_IDENTIFIER = "org.veladan.iOS-BoilerplateTests";
				PRODUCT_NAME = "$(TARGET_NAME)";
				SWIFT_VERSION = 4.2;
				TARGETED_DEVICE_FAMILY = "1,2";
				TEST_HOST = "$(BUILT_PRODUCTS_DIR)/iOS-Boilerplate.app/iOS-Boilerplate";
			};
			name = Release;
		};
		3485E7BB21A55E07002248B7 /* Debug */ = {
			isa = XCBuildConfiguration;
			buildSettings = {
				ALWAYS_EMBED_SWIFT_STANDARD_LIBRARIES = YES;
				CODE_SIGN_STYLE = Automatic;
				DEVELOPMENT_TEAM = TW65EXAM4U;
				INFOPLIST_FILE = "iOS-BoilerplateUITests/Info.plist";
				LD_RUNPATH_SEARCH_PATHS = (
					"$(inherited)",
					"@executable_path/Frameworks",
					"@loader_path/Frameworks",
				);
				PRODUCT_BUNDLE_IDENTIFIER = "org.veladan.iOS-BoilerplateUITests";
				PRODUCT_NAME = "$(TARGET_NAME)";
				SWIFT_VERSION = 4.2;
				TARGETED_DEVICE_FAMILY = "1,2";
				TEST_TARGET_NAME = "iOS-Boilerplate";
			};
			name = Debug;
		};
		3485E7BC21A55E07002248B7 /* Release */ = {
			isa = XCBuildConfiguration;
			buildSettings = {
				ALWAYS_EMBED_SWIFT_STANDARD_LIBRARIES = YES;
				CODE_SIGN_STYLE = Automatic;
				DEVELOPMENT_TEAM = TW65EXAM4U;
				INFOPLIST_FILE = "iOS-BoilerplateUITests/Info.plist";
				LD_RUNPATH_SEARCH_PATHS = (
					"$(inherited)",
					"@executable_path/Frameworks",
					"@loader_path/Frameworks",
				);
				PRODUCT_BUNDLE_IDENTIFIER = "org.veladan.iOS-BoilerplateUITests";
				PRODUCT_NAME = "$(TARGET_NAME)";
				SWIFT_VERSION = 4.2;
				TARGETED_DEVICE_FAMILY = "1,2";
				TEST_TARGET_NAME = "iOS-Boilerplate";
			};
			name = Release;
		};
		3485E81D21A5AB0A002248B7 /* Staging */ = {
			isa = XCBuildConfiguration;
			baseConfigurationReference = 3485E82421A5AE39002248B7 /* Staging.xcconfig */;
			buildSettings = {
				ALWAYS_SEARCH_USER_PATHS = NO;
				CLANG_ANALYZER_LOCALIZABILITY_NONLOCALIZED = YES;
				CLANG_ANALYZER_NONNULL = YES;
				CLANG_ANALYZER_NUMBER_OBJECT_CONVERSION = YES_AGGRESSIVE;
				CLANG_CXX_LANGUAGE_STANDARD = "gnu++14";
				CLANG_CXX_LIBRARY = "libc++";
				CLANG_ENABLE_MODULES = YES;
				CLANG_ENABLE_OBJC_ARC = YES;
				CLANG_ENABLE_OBJC_WEAK = YES;
				CLANG_WARN_BLOCK_CAPTURE_AUTORELEASING = YES;
				CLANG_WARN_BOOL_CONVERSION = YES;
				CLANG_WARN_COMMA = YES;
				CLANG_WARN_CONSTANT_CONVERSION = YES;
				CLANG_WARN_DEPRECATED_OBJC_IMPLEMENTATIONS = YES;
				CLANG_WARN_DIRECT_OBJC_ISA_USAGE = YES_ERROR;
				CLANG_WARN_DOCUMENTATION_COMMENTS = YES;
				CLANG_WARN_EMPTY_BODY = YES;
				CLANG_WARN_ENUM_CONVERSION = YES;
				CLANG_WARN_INFINITE_RECURSION = YES;
				CLANG_WARN_INT_CONVERSION = YES;
				CLANG_WARN_NON_LITERAL_NULL_CONVERSION = YES;
				CLANG_WARN_OBJC_IMPLICIT_RETAIN_SELF = YES;
				CLANG_WARN_OBJC_LITERAL_CONVERSION = YES;
				CLANG_WARN_OBJC_ROOT_CLASS = YES_ERROR;
				CLANG_WARN_RANGE_LOOP_ANALYSIS = YES;
				CLANG_WARN_STRICT_PROTOTYPES = YES;
				CLANG_WARN_SUSPICIOUS_MOVE = YES;
				CLANG_WARN_UNGUARDED_AVAILABILITY = YES_AGGRESSIVE;
				CLANG_WARN_UNREACHABLE_CODE = YES;
				CLANG_WARN__DUPLICATE_METHOD_MATCH = YES;
				CODE_SIGN_IDENTITY = "iPhone Developer";
				COPY_PHASE_STRIP = NO;
				DEBUG_INFORMATION_FORMAT = "dwarf-with-dsym";
				ENABLE_NS_ASSERTIONS = NO;
				ENABLE_STRICT_OBJC_MSGSEND = YES;
				GCC_C_LANGUAGE_STANDARD = gnu11;
				GCC_NO_COMMON_BLOCKS = YES;
				GCC_WARN_64_TO_32_BIT_CONVERSION = YES;
				GCC_WARN_ABOUT_RETURN_TYPE = YES_ERROR;
				GCC_WARN_UNDECLARED_SELECTOR = YES;
				GCC_WARN_UNINITIALIZED_AUTOS = YES_AGGRESSIVE;
				GCC_WARN_UNUSED_FUNCTION = YES;
				GCC_WARN_UNUSED_VARIABLE = YES;
				IPHONEOS_DEPLOYMENT_TARGET = 10.0;
				MTL_ENABLE_DEBUG_INFO = NO;
				MTL_FAST_MATH = YES;
				SDKROOT = iphoneos;
				SWIFT_COMPILATION_MODE = wholemodule;
				SWIFT_OPTIMIZATION_LEVEL = "-O";
				VALIDATE_PRODUCT = YES;
			};
			name = Staging;
		};
		3485E81E21A5AB0A002248B7 /* Staging */ = {
			isa = XCBuildConfiguration;
			baseConfigurationReference = 3485E82421A5AE39002248B7 /* Staging.xcconfig */;
			buildSettings = {
				ALWAYS_EMBED_SWIFT_STANDARD_LIBRARIES = YES;
				ASSETCATALOG_COMPILER_APPICON_NAME = AppIcon;
				CODE_SIGN_STYLE = Manual;
				DEVELOPMENT_TEAM = "";
				INFOPLIST_FILE = "iOS-Boilerplate/Supporting Files/Info.plist";
				LD_RUNPATH_SEARCH_PATHS = (
					"$(inherited)",
					"@executable_path/Frameworks",
				);
				PRODUCT_BUNDLE_IDENTIFIER = "org.veladan.iOS-Boilerplate";
				PRODUCT_NAME = "$(TARGET_NAME)";
				PROVISIONING_PROFILE_SPECIFIER = "";
				SWIFT_VERSION = 4.2;
				TARGETED_DEVICE_FAMILY = "1,2";
			};
			name = Staging;
		};
		3485E81F21A5AB0A002248B7 /* Staging */ = {
			isa = XCBuildConfiguration;
			buildSettings = {
				ALWAYS_EMBED_SWIFT_STANDARD_LIBRARIES = YES;
				BUNDLE_LOADER = "$(TEST_HOST)";
				CODE_SIGN_STYLE = Automatic;
				DEVELOPMENT_TEAM = TW65EXAM4U;
				INFOPLIST_FILE = "iOS-BoilerplateTests/Info.plist";
				LD_RUNPATH_SEARCH_PATHS = (
					"$(inherited)",
					"@executable_path/Frameworks",
					"@loader_path/Frameworks",
				);
				PRODUCT_BUNDLE_IDENTIFIER = "org.veladan.iOS-BoilerplateTests";
				PRODUCT_NAME = "$(TARGET_NAME)";
				SWIFT_VERSION = 4.2;
				TARGETED_DEVICE_FAMILY = "1,2";
				TEST_HOST = "$(BUILT_PRODUCTS_DIR)/iOS-Boilerplate.app/iOS-Boilerplate";
			};
			name = Staging;
		};
		3485E82021A5AB0A002248B7 /* Staging */ = {
			isa = XCBuildConfiguration;
			buildSettings = {
				ALWAYS_EMBED_SWIFT_STANDARD_LIBRARIES = YES;
				CODE_SIGN_STYLE = Automatic;
				DEVELOPMENT_TEAM = TW65EXAM4U;
				INFOPLIST_FILE = "iOS-BoilerplateUITests/Info.plist";
				LD_RUNPATH_SEARCH_PATHS = (
					"$(inherited)",
					"@executable_path/Frameworks",
					"@loader_path/Frameworks",
				);
				PRODUCT_BUNDLE_IDENTIFIER = "org.veladan.iOS-BoilerplateUITests";
				PRODUCT_NAME = "$(TARGET_NAME)";
				SWIFT_VERSION = 4.2;
				TARGETED_DEVICE_FAMILY = "1,2";
				TEST_TARGET_NAME = "iOS-Boilerplate";
			};
			name = Staging;
		};
/* End XCBuildConfiguration section */

/* Begin XCConfigurationList section */
		3485E78421A55E05002248B7 /* Build configuration list for PBXProject "iOS-Boilerplate" */ = {
			isa = XCConfigurationList;
			buildConfigurations = (
				3485E7B221A55E07002248B7 /* Debug */,
				3485E7B321A55E07002248B7 /* Release */,
				3485E81D21A5AB0A002248B7 /* Staging */,
			);
			defaultConfigurationIsVisible = 0;
			defaultConfigurationName = Release;
		};
		3485E7B421A55E07002248B7 /* Build configuration list for PBXNativeTarget "iOS-Boilerplate" */ = {
			isa = XCConfigurationList;
			buildConfigurations = (
				3485E7B521A55E07002248B7 /* Debug */,
				3485E7B621A55E07002248B7 /* Release */,
				3485E81E21A5AB0A002248B7 /* Staging */,
			);
			defaultConfigurationIsVisible = 0;
			defaultConfigurationName = Release;
		};
		3485E7B721A55E07002248B7 /* Build configuration list for PBXNativeTarget "iOS-BoilerplateTests" */ = {
			isa = XCConfigurationList;
			buildConfigurations = (
				3485E7B821A55E07002248B7 /* Debug */,
				3485E7B921A55E07002248B7 /* Release */,
				3485E81F21A5AB0A002248B7 /* Staging */,
			);
			defaultConfigurationIsVisible = 0;
			defaultConfigurationName = Release;
		};
		3485E7BA21A55E07002248B7 /* Build configuration list for PBXNativeTarget "iOS-BoilerplateUITests" */ = {
			isa = XCConfigurationList;
			buildConfigurations = (
				3485E7BB21A55E07002248B7 /* Debug */,
				3485E7BC21A55E07002248B7 /* Release */,
				3485E82021A5AB0A002248B7 /* Staging */,
			);
			defaultConfigurationIsVisible = 0;
			defaultConfigurationName = Release;
		};
/* End XCConfigurationList section */

/* Begin XCVersionGroup section */
		3485E79321A55E05002248B7 /* iOS_Boilerplate.xcdatamodeld */ = {
			isa = XCVersionGroup;
			children = (
				3485E79421A55E05002248B7 /* iOS_Boilerplate.xcdatamodel */,
			);
			currentVersion = 3485E79421A55E05002248B7 /* iOS_Boilerplate.xcdatamodel */;
			path = iOS_Boilerplate.xcdatamodeld;
			sourceTree = "<group>";
			versionGroupType = wrapper.xcdatamodel;
		};
/* End XCVersionGroup section */
	};
	rootObject = 3485E78121A55E05002248B7 /* Project object */;
}
