// !$*UTF8*$!
{
	archiveVersion = 1;
	classes = {
	};
	objectVersion = 50;
	objects = {

/* Begin PBXBuildFile section */
		340088D821A81AB00072B1F0 /* CoreDataStack.swift in Sources */ = {isa = PBXBuildFile; fileRef = 340088D721A81AB00072B1F0 /* CoreDataStack.swift */; };
		340088DC21A81E5C0072B1F0 /* UIResponder+ChangeRootController.swift in Sources */ = {isa = PBXBuildFile; fileRef = 340088DB21A81E5C0072B1F0 /* UIResponder+ChangeRootController.swift */; };
		340088DE21A81E8E0072B1F0 /* UrlHelper.swift in Sources */ = {isa = PBXBuildFile; fileRef = 340088DD21A81E8E0072B1F0 /* UrlHelper.swift */; };
		340088E021A81F4C0072B1F0 /* PropertyListHelper.swift in Sources */ = {isa = PBXBuildFile; fileRef = 340088DF21A81F4C0072B1F0 /* PropertyListHelper.swift */; };
		340088E821A81F930072B1F0 /* Date+JSON.swift in Sources */ = {isa = PBXBuildFile; fileRef = 340088E221A81F930072B1F0 /* Date+JSON.swift */; };
		340088E921A81F930072B1F0 /* OSEmailValidator.swift in Sources */ = {isa = PBXBuildFile; fileRef = 340088E321A81F930072B1F0 /* OSEmailValidator.swift */; };
		340088EA21A81F930072B1F0 /* Serializator.swift in Sources */ = {isa = PBXBuildFile; fileRef = 340088E421A81F930072B1F0 /* Serializator.swift */; };
		340088EB21A81F930072B1F0 /* String+subscript.swift in Sources */ = {isa = PBXBuildFile; fileRef = 340088E521A81F930072B1F0 /* String+subscript.swift */; };
		340088EC21A81F930072B1F0 /* String+urlEncode.swift in Sources */ = {isa = PBXBuildFile; fileRef = 340088E621A81F930072B1F0 /* String+urlEncode.swift */; };
		340088ED21A81F930072B1F0 /* OSDNIValidator.swift in Sources */ = {isa = PBXBuildFile; fileRef = 340088E721A81F930072B1F0 /* OSDNIValidator.swift */; };
		340088F421A820640072B1F0 /* UIViewController+imageBackground.swift in Sources */ = {isa = PBXBuildFile; fileRef = 340088EF21A820630072B1F0 /* UIViewController+imageBackground.swift */; };
		340088F521A820640072B1F0 /* UIViewController+navigationItem.swift in Sources */ = {isa = PBXBuildFile; fileRef = 340088F021A820630072B1F0 /* UIViewController+navigationItem.swift */; };
		340088F621A820640072B1F0 /* UIView+border.swift in Sources */ = {isa = PBXBuildFile; fileRef = 340088F121A820630072B1F0 /* UIView+border.swift */; };
		340088F721A820640072B1F0 /* CALayer+XibConfiguration.swift in Sources */ = {isa = PBXBuildFile; fileRef = 340088F221A820630072B1F0 /* CALayer+XibConfiguration.swift */; };
		340088F821A820640072B1F0 /* UIViewController+showAlert.swift in Sources */ = {isa = PBXBuildFile; fileRef = 340088F321A820640072B1F0 /* UIViewController+showAlert.swift */; };
		340088FC21A822940072B1F0 /* AppInfo.swift in Sources */ = {isa = PBXBuildFile; fileRef = 340088FA21A822940072B1F0 /* AppInfo.swift */; };
		340088FD21A822940072B1F0 /* System.swift in Sources */ = {isa = PBXBuildFile; fileRef = 340088FB21A822940072B1F0 /* System.swift */; };
		341810B121B7CE9B00BC9E1C /* Nimble.framework in Frameworks */ = {isa = PBXBuildFile; fileRef = 341C206721B662FE007227E2 /* Nimble.framework */; };
		341810B221B7CEA100BC9E1C /* Quick.framework in Frameworks */ = {isa = PBXBuildFile; fileRef = 341C208721B662FE007227E2 /* Quick.framework */; };
		341810B321B7CEAF00BC9E1C /* Quick.framework in Frameworks */ = {isa = PBXBuildFile; fileRef = 341C208721B662FE007227E2 /* Quick.framework */; };
		341810B421B7CEB600BC9E1C /* Nimble.framework in Frameworks */ = {isa = PBXBuildFile; fileRef = 341C206721B662FE007227E2 /* Nimble.framework */; };
		341810B521B7D9B400BC9E1C /* Person.json in Resources */ = {isa = PBXBuildFile; fileRef = 3485E81121A59358002248B7 /* Person.json */; };
		341810BF21B7E28900BC9E1C /* FLEX.framework in Frameworks */ = {isa = PBXBuildFile; fileRef = 341810BC21B7E26400BC9E1C /* FLEX.framework */; settings = {ATTRIBUTES = (Weak, ); }; };
		341810C021B7E28900BC9E1C /* FLEX.framework in Embed Frameworks */ = {isa = PBXBuildFile; fileRef = 341810BC21B7E26400BC9E1C /* FLEX.framework */; settings = {ATTRIBUTES = (CodeSignOnCopy, RemoveHeadersOnCopy, ); }; };
		341810C421B80BF100BC9E1C /* Decodable+Codable.swift in Sources */ = {isa = PBXBuildFile; fileRef = 341810C321B80BF100BC9E1C /* Decodable+Codable.swift */; };
		341810C621B8152400BC9E1C /* NetworkingInjector.swift in Sources */ = {isa = PBXBuildFile; fileRef = 341810C521B8152400BC9E1C /* NetworkingInjector.swift */; };
		341810C921B8316400BC9E1C /* MockServicesTests.swift in Sources */ = {isa = PBXBuildFile; fileRef = 341810C821B8316400BC9E1C /* MockServicesTests.swift */; };
		341810CB21B8321400BC9E1C /* MockAPIClient.swift in Sources */ = {isa = PBXBuildFile; fileRef = 341810CA21B8321400BC9E1C /* MockAPIClient.swift */; };
		341C20AF21B6635D007227E2 /* Masonry.framework in Frameworks */ = {isa = PBXBuildFile; fileRef = 341C202721B662FE007227E2 /* Masonry.framework */; };
		341C20B021B6635D007227E2 /* Masonry.framework in Embed Frameworks */ = {isa = PBXBuildFile; fileRef = 341C202721B662FE007227E2 /* Masonry.framework */; settings = {ATTRIBUTES = (CodeSignOnCopy, RemoveHeadersOnCopy, ); }; };
		341C20B421B66881007227E2 /* ServiceTests.swift in Sources */ = {isa = PBXBuildFile; fileRef = 34BE875D21B57AE300B4FD22 /* ServiceTests.swift */; };
		3420DF6121AFDCD40004C59F /* FakeProtocol.swift in Sources */ = {isa = PBXBuildFile; fileRef = 3420DF6021AFDCD40004C59F /* FakeProtocol.swift */; };
		3420DF6321AFDF0D0004C59F /* AutoEquatable.stencil in Resources */ = {isa = PBXBuildFile; fileRef = 3420DF6221AFDF0D0004C59F /* AutoEquatable.stencil */; };
		3420DF6921AFDFE70004C59F /* AutoEquatable.generated.swift in Sources */ = {isa = PBXBuildFile; fileRef = 3420DF6721AFDFE60004C59F /* AutoEquatable.generated.swift */; };
		3420DF6A21AFDFEB0004C59F /* AutoMock.generated.swift in Sources */ = {isa = PBXBuildFile; fileRef = 3420DF6621AFDFE60004C59F /* AutoMock.generated.swift */; };
		3420DF6B21AFE0730004C59F /* FakeProtocol.swift in Sources */ = {isa = PBXBuildFile; fileRef = 3420DF6021AFDCD40004C59F /* FakeProtocol.swift */; };
		3420DF8721AFECA20004C59F /* ImageIO.framework in Frameworks */ = {isa = PBXBuildFile; fileRef = 3420DF8621AFECA20004C59F /* ImageIO.framework */; };
		3420DFE621B03ADA0004C59F /* DetailViewController.swift in Sources */ = {isa = PBXBuildFile; fileRef = 3420DFE521B03ADA0004C59F /* DetailViewController.swift */; };
		34306A2B21B12335005B0A84 /* EventTests.swift in Sources */ = {isa = PBXBuildFile; fileRef = 34306A2A21B12335005B0A84 /* EventTests.swift */; };
		34306A2D21B12367005B0A84 /* ModelHelper.swift in Sources */ = {isa = PBXBuildFile; fileRef = 34306A2C21B12367005B0A84 /* ModelHelper.swift */; };
		34306A3021B1259A005B0A84 /* Event.json in Resources */ = {isa = PBXBuildFile; fileRef = 34306A2F21B1259A005B0A84 /* Event.json */; };
		34306A3321B135C0005B0A84 /* AutoEquatable.swift in Sources */ = {isa = PBXBuildFile; fileRef = 34306A3221B135C0005B0A84 /* AutoEquatable.swift */; };
		34306A3521B135D6005B0A84 /* AutoMockable.swift in Sources */ = {isa = PBXBuildFile; fileRef = 34306A3421B135D6005B0A84 /* AutoMockable.swift */; };
		34306A4021B13DD6005B0A84 /* EventDTO.swift in Sources */ = {isa = PBXBuildFile; fileRef = 34306A3F21B13DD6005B0A84 /* EventDTO.swift */; };
		34306A4121B148DF005B0A84 /* AutoEquatable.swift in Sources */ = {isa = PBXBuildFile; fileRef = 34306A3221B135C0005B0A84 /* AutoEquatable.swift */; };
		34306A4221B148E2005B0A84 /* AutoMockable.swift in Sources */ = {isa = PBXBuildFile; fileRef = 34306A3421B135D6005B0A84 /* AutoMockable.swift */; };
		3440F5E521BE55620092CAF9 /* AlamofireNetworkActivityIndicator.framework in Frameworks */ = {isa = PBXBuildFile; fileRef = 3440F5E221BE55480092CAF9 /* AlamofireNetworkActivityIndicator.framework */; };
		3440F5E621BE55620092CAF9 /* AlamofireNetworkActivityIndicator.framework in Embed Frameworks */ = {isa = PBXBuildFile; fileRef = 3440F5E221BE55480092CAF9 /* AlamofireNetworkActivityIndicator.framework */; settings = {ATTRIBUTES = (CodeSignOnCopy, RemoveHeadersOnCopy, ); }; };
		3440F60521BE55C80092CAF9 /* AlamofireImage.framework in Frameworks */ = {isa = PBXBuildFile; fileRef = 3440F5F621BE55BC0092CAF9 /* AlamofireImage.framework */; };
		3440F60621BE55C80092CAF9 /* AlamofireImage.framework in Embed Frameworks */ = {isa = PBXBuildFile; fileRef = 3440F5F621BE55BC0092CAF9 /* AlamofireImage.framework */; settings = {ATTRIBUTES = (CodeSignOnCopy, RemoveHeadersOnCopy, ); }; };
		3485E78D21A55E05002248B7 /* AppDelegate.swift in Sources */ = {isa = PBXBuildFile; fileRef = 3485E78C21A55E05002248B7 /* AppDelegate.swift */; };
		3485E78F21A55E05002248B7 /* ViewController.swift in Sources */ = {isa = PBXBuildFile; fileRef = 3485E78E21A55E05002248B7 /* ViewController.swift */; };
		3485E79521A55E05002248B7 /* iOS_Boilerplate.xcdatamodeld in Sources */ = {isa = PBXBuildFile; fileRef = 3485E79321A55E05002248B7 /* iOS_Boilerplate.xcdatamodeld */; };
		3485E79721A55E07002248B7 /* Assets.xcassets in Resources */ = {isa = PBXBuildFile; fileRef = 3485E79621A55E07002248B7 /* Assets.xcassets */; };
		3485E7A521A55E07002248B7 /* BoilerplateTests.swift in Sources */ = {isa = PBXBuildFile; fileRef = 3485E7A421A55E07002248B7 /* BoilerplateTests.swift */; };
		3485E7B021A55E07002248B7 /* BoilerplateUITests.swift in Sources */ = {isa = PBXBuildFile; fileRef = 3485E7AF21A55E07002248B7 /* BoilerplateUITests.swift */; };
		3485E80E21A58A5C002248B7 /* PersonDTO.swift in Sources */ = {isa = PBXBuildFile; fileRef = 3485E80D21A58A5C002248B7 /* PersonDTO.swift */; };
		3485E81021A59083002248B7 /* PersonDTOTests.swift in Sources */ = {isa = PBXBuildFile; fileRef = 3485E80F21A59083002248B7 /* PersonDTOTests.swift */; };
		3485E81A21A5A716002248B7 /* Configuration.swift in Sources */ = {isa = PBXBuildFile; fileRef = 3485E81921A5A716002248B7 /* Configuration.swift */; };
		3485E82A21A5B0D9002248B7 /* environments.plist in Resources */ = {isa = PBXBuildFile; fileRef = 3485E82721A5B0D9002248B7 /* environments.plist */; };
		3485E82D21A5B1F0002248B7 /* Environment.swift in Sources */ = {isa = PBXBuildFile; fileRef = 3485E82C21A5B1EF002248B7 /* Environment.swift */; };
		3485E83021A5B5FB002248B7 /* ConfigurationTest.swift in Sources */ = {isa = PBXBuildFile; fileRef = 3485E82E21A5B496002248B7 /* ConfigurationTest.swift */; };
		3487742321A6AC32001675D3 /* Localizable.strings in Resources */ = {isa = PBXBuildFile; fileRef = 3487742121A6AC32001675D3 /* Localizable.strings */; };
		3487744821A6C004001675D3 /* LaunchScreen.storyboard in Resources */ = {isa = PBXBuildFile; fileRef = 3485E79821A55E07002248B7 /* LaunchScreen.storyboard */; };
		3487744921A6C011001675D3 /* Main.storyboard in Resources */ = {isa = PBXBuildFile; fileRef = 3485E79021A55E05002248B7 /* Main.storyboard */; };
		34BE876521B590D100B4FD22 /* API.swift in Sources */ = {isa = PBXBuildFile; fileRef = 34BE876421B590D100B4FD22 /* API.swift */; };
		34BE878821B5928200B4FD22 /* Client.swift in Sources */ = {isa = PBXBuildFile; fileRef = 34BE878721B5928200B4FD22 /* Client.swift */; };
		34F7641E21A6E4E400E68956 /* Http.swift in Sources */ = {isa = PBXBuildFile; fileRef = 3487742B21A6BD43001675D3 /* Http.swift */; };
		34F7642021A6E94100E68956 /* BookNomadsService.swift in Sources */ = {isa = PBXBuildFile; fileRef = 34F7641F21A6E94100E68956 /* BookNomadsService.swift */; };
		34F7642521A6ECF100E68956 /* BookNomadsServiceTests.swift in Sources */ = {isa = PBXBuildFile; fileRef = 34F7642421A6ECF100E68956 /* BookNomadsServiceTests.swift */; };
		34F7642721A6F64B00E68956 /* BookDTO.swift in Sources */ = {isa = PBXBuildFile; fileRef = 34F7642621A6F64B00E68956 /* BookDTO.swift */; };
/* End PBXBuildFile section */

/* Begin PBXContainerItemProxy section */
		341810A921B7CE5E00BC9E1C /* PBXContainerItemProxy */ = {
			isa = PBXContainerItemProxy;
			containerPortal = 341C205821B662FE007227E2 /* Nimble.xcodeproj */;
			proxyType = 1;
			remoteGlobalIDString = 1F1A74281940169200FFFC47;
			remoteInfo = "Nimble-iOS";
		};
		341810AB21B7CE6800BC9E1C /* PBXContainerItemProxy */ = {
			isa = PBXContainerItemProxy;
			containerPortal = 341C206E21B662FE007227E2 /* Quick.xcodeproj */;
			proxyType = 1;
			remoteGlobalIDString = 5A5D117B19473F2100F6D13D;
			remoteInfo = "Quick-iOS";
		};
		341810AD21B7CE7B00BC9E1C /* PBXContainerItemProxy */ = {
			isa = PBXContainerItemProxy;
			containerPortal = 341C205821B662FE007227E2 /* Nimble.xcodeproj */;
			proxyType = 1;
			remoteGlobalIDString = 1F1A74281940169200FFFC47;
			remoteInfo = "Nimble-iOS";
		};
		341810AF21B7CE8400BC9E1C /* PBXContainerItemProxy */ = {
			isa = PBXContainerItemProxy;
			containerPortal = 341C206E21B662FE007227E2 /* Quick.xcodeproj */;
			proxyType = 1;
			remoteGlobalIDString = 5A5D117B19473F2100F6D13D;
			remoteInfo = "Quick-iOS";
		};
		341810BB21B7E26400BC9E1C /* PBXContainerItemProxy */ = {
			isa = PBXContainerItemProxy;
			containerPortal = 341810B621B7E26400BC9E1C /* FLEX.xcodeproj */;
			proxyType = 2;
			remoteGlobalIDString = 3A4C941F1B5B20570088C3F2;
			remoteInfo = FLEX;
		};
		341810BD21B7E26400BC9E1C /* PBXContainerItemProxy */ = {
			isa = PBXContainerItemProxy;
			containerPortal = 341810B621B7E26400BC9E1C /* FLEX.xcodeproj */;
			proxyType = 2;
			remoteGlobalIDString = 1C27A8B61F0E5A0300F0D02D;
			remoteInfo = FLEXTestsMethodsList;
		};
		341810C121B7E28900BC9E1C /* PBXContainerItemProxy */ = {
			isa = PBXContainerItemProxy;
			containerPortal = 341810B621B7E26400BC9E1C /* FLEX.xcodeproj */;
			proxyType = 1;
			remoteGlobalIDString = 3A4C941E1B5B20570088C3F2;
			remoteInfo = FLEX;
		};
		341C202621B662FE007227E2 /* PBXContainerItemProxy */ = {
			isa = PBXContainerItemProxy;
			containerPortal = 341C202121B662FE007227E2 /* Masonry.xcodeproj */;
			proxyType = 2;
			remoteGlobalIDString = 3AED05B71AD59FD40053CC65;
			remoteInfo = "Masonry iOS";
		};
		341C202821B662FE007227E2 /* PBXContainerItemProxy */ = {
			isa = PBXContainerItemProxy;
			containerPortal = 341C202121B662FE007227E2 /* Masonry.xcodeproj */;
			proxyType = 2;
			remoteGlobalIDString = 3AED06271AD5A1400053CC65;
			remoteInfo = "Masonry OSX";
		};
		341C204A21B662FE007227E2 /* PBXContainerItemProxy */ = {
			isa = PBXContainerItemProxy;
			containerPortal = 341C203F21B662FE007227E2 /* Alamofire.xcodeproj */;
			proxyType = 2;
			remoteGlobalIDString = F8111E3319A95C8B0040E7D1;
			remoteInfo = "Alamofire iOS";
		};
		341C204C21B662FE007227E2 /* PBXContainerItemProxy */ = {
			isa = PBXContainerItemProxy;
			containerPortal = 341C203F21B662FE007227E2 /* Alamofire.xcodeproj */;
			proxyType = 2;
			remoteGlobalIDString = F8111E3E19A95C8B0040E7D1;
			remoteInfo = "Alamofire iOS Tests";
		};
		341C204E21B662FE007227E2 /* PBXContainerItemProxy */ = {
			isa = PBXContainerItemProxy;
			containerPortal = 341C203F21B662FE007227E2 /* Alamofire.xcodeproj */;
			proxyType = 2;
			remoteGlobalIDString = 4DD67C0B1A5C55C900ED2280;
			remoteInfo = "Alamofire macOS";
		};
		341C205021B662FE007227E2 /* PBXContainerItemProxy */ = {
			isa = PBXContainerItemProxy;
			containerPortal = 341C203F21B662FE007227E2 /* Alamofire.xcodeproj */;
			proxyType = 2;
			remoteGlobalIDString = F829C6B21A7A94F100A2CD59;
			remoteInfo = "Alamofire macOS Tests";
		};
		341C205221B662FE007227E2 /* PBXContainerItemProxy */ = {
			isa = PBXContainerItemProxy;
			containerPortal = 341C203F21B662FE007227E2 /* Alamofire.xcodeproj */;
			proxyType = 2;
			remoteGlobalIDString = 4CF626EF1BA7CB3E0011A099;
			remoteInfo = "Alamofire tvOS";
		};
		341C205421B662FE007227E2 /* PBXContainerItemProxy */ = {
			isa = PBXContainerItemProxy;
			containerPortal = 341C203F21B662FE007227E2 /* Alamofire.xcodeproj */;
			proxyType = 2;
			remoteGlobalIDString = 4CF626F81BA7CB3E0011A099;
			remoteInfo = "Alamofire tvOS Tests";
		};
		341C205621B662FE007227E2 /* PBXContainerItemProxy */ = {
			isa = PBXContainerItemProxy;
			containerPortal = 341C203F21B662FE007227E2 /* Alamofire.xcodeproj */;
			proxyType = 2;
			remoteGlobalIDString = E4202FE01B667AA100C997FB;
			remoteInfo = "Alamofire watchOS";
		};
		341C206221B662FE007227E2 /* PBXContainerItemProxy */ = {
			isa = PBXContainerItemProxy;
			containerPortal = 341C205821B662FE007227E2 /* Nimble.xcodeproj */;
			proxyType = 2;
			remoteGlobalIDString = 1F925EAD195C0D6300ED456B;
			remoteInfo = "Nimble-macOS";
		};
		341C206421B662FE007227E2 /* PBXContainerItemProxy */ = {
			isa = PBXContainerItemProxy;
			containerPortal = 341C205821B662FE007227E2 /* Nimble.xcodeproj */;
			proxyType = 2;
			remoteGlobalIDString = 1F925EB7195C0D6300ED456B;
			remoteInfo = "Nimble-macOSTests";
		};
		341C206621B662FE007227E2 /* PBXContainerItemProxy */ = {
			isa = PBXContainerItemProxy;
			containerPortal = 341C205821B662FE007227E2 /* Nimble.xcodeproj */;
			proxyType = 2;
			remoteGlobalIDString = 1F1A74291940169200FFFC47;
			remoteInfo = "Nimble-iOS";
		};
		341C206821B662FE007227E2 /* PBXContainerItemProxy */ = {
			isa = PBXContainerItemProxy;
			containerPortal = 341C205821B662FE007227E2 /* Nimble.xcodeproj */;
			proxyType = 2;
			remoteGlobalIDString = 1F1A74341940169200FFFC47;
			remoteInfo = "Nimble-iOSTests";
		};
		341C206A21B662FE007227E2 /* PBXContainerItemProxy */ = {
			isa = PBXContainerItemProxy;
			containerPortal = 341C205821B662FE007227E2 /* Nimble.xcodeproj */;
			proxyType = 2;
			remoteGlobalIDString = 1F5DF1551BDCA0CE00C3A531;
			remoteInfo = "Nimble-tvOS";
		};
		341C206C21B662FE007227E2 /* PBXContainerItemProxy */ = {
			isa = PBXContainerItemProxy;
			containerPortal = 341C205821B662FE007227E2 /* Nimble.xcodeproj */;
			proxyType = 2;
			remoteGlobalIDString = 1F5DF15E1BDCA0CE00C3A531;
			remoteInfo = "Nimble-tvOSTests";
		};
		341C207E21B662FE007227E2 /* PBXContainerItemProxy */ = {
			isa = PBXContainerItemProxy;
			containerPortal = 341C206E21B662FE007227E2 /* Quick.xcodeproj */;
			proxyType = 2;
			remoteGlobalIDString = DAEB6B8E1943873100289F44;
			remoteInfo = "Quick-macOS";
		};
		341C208021B662FE007227E2 /* PBXContainerItemProxy */ = {
			isa = PBXContainerItemProxy;
			containerPortal = 341C206E21B662FE007227E2 /* Quick.xcodeproj */;
			proxyType = 2;
			remoteGlobalIDString = DAEB6B991943873100289F44;
			remoteInfo = "Quick - macOSTests";
		};
		341C208221B662FE007227E2 /* PBXContainerItemProxy */ = {
			isa = PBXContainerItemProxy;
			containerPortal = 341C206E21B662FE007227E2 /* Quick.xcodeproj */;
			proxyType = 2;
			remoteGlobalIDString = DA5663E81A4C8D8500193C88;
			remoteInfo = "QuickFocused - macOSTests";
		};
		341C208421B662FE007227E2 /* PBXContainerItemProxy */ = {
			isa = PBXContainerItemProxy;
			containerPortal = 341C206E21B662FE007227E2 /* Quick.xcodeproj */;
			proxyType = 2;
			remoteGlobalIDString = 64076CF51D6D7C2000E2B499;
			remoteInfo = "QuickAfterSuite - macOSTests";
		};
		341C208621B662FE007227E2 /* PBXContainerItemProxy */ = {
			isa = PBXContainerItemProxy;
			containerPortal = 341C206E21B662FE007227E2 /* Quick.xcodeproj */;
			proxyType = 2;
			remoteGlobalIDString = 5A5D117C19473F2100F6D13D;
			remoteInfo = "Quick-iOS";
		};
		341C208821B662FE007227E2 /* PBXContainerItemProxy */ = {
			isa = PBXContainerItemProxy;
			containerPortal = 341C206E21B662FE007227E2 /* Quick.xcodeproj */;
			proxyType = 2;
			remoteGlobalIDString = 5A5D118619473F2100F6D13D;
			remoteInfo = "Quick - iOSTests";
		};
		341C208A21B662FE007227E2 /* PBXContainerItemProxy */ = {
			isa = PBXContainerItemProxy;
			containerPortal = 341C206E21B662FE007227E2 /* Quick.xcodeproj */;
			proxyType = 2;
			remoteGlobalIDString = DA9876B21A4C70EB0004AA17;
			remoteInfo = "QuickFocused - iOSTests";
		};
		341C208C21B662FE007227E2 /* PBXContainerItemProxy */ = {
			isa = PBXContainerItemProxy;
			containerPortal = 341C206E21B662FE007227E2 /* Quick.xcodeproj */;
			proxyType = 2;
			remoteGlobalIDString = 64076D081D6D7CD600E2B499;
			remoteInfo = "QuickAfterSuite - iOSTests";
		};
		341C208E21B662FE007227E2 /* PBXContainerItemProxy */ = {
			isa = PBXContainerItemProxy;
			containerPortal = 341C206E21B662FE007227E2 /* Quick.xcodeproj */;
			proxyType = 2;
			remoteGlobalIDString = 1F118CD51BDCA4AB005013A2;
			remoteInfo = "Quick-tvOS";
		};
		341C209021B662FE007227E2 /* PBXContainerItemProxy */ = {
			isa = PBXContainerItemProxy;
			containerPortal = 341C206E21B662FE007227E2 /* Quick.xcodeproj */;
			proxyType = 2;
			remoteGlobalIDString = 1F118CDE1BDCA4AB005013A2;
			remoteInfo = "Quick - tvOSTests";
		};
		341C209221B662FE007227E2 /* PBXContainerItemProxy */ = {
			isa = PBXContainerItemProxy;
			containerPortal = 341C206E21B662FE007227E2 /* Quick.xcodeproj */;
			proxyType = 2;
			remoteGlobalIDString = 1F118CF01BDCA4BB005013A2;
			remoteInfo = "QuickFocused - tvOSTests";
		};
		341C209421B662FE007227E2 /* PBXContainerItemProxy */ = {
			isa = PBXContainerItemProxy;
			containerPortal = 341C206E21B662FE007227E2 /* Quick.xcodeproj */;
			proxyType = 2;
			remoteGlobalIDString = 64076D1A1D6D7CEA00E2B499;
			remoteInfo = "QuickAfterSuite - tvOSTests";
		};
		341C20B121B6635D007227E2 /* PBXContainerItemProxy */ = {
			isa = PBXContainerItemProxy;
			containerPortal = 341C202121B662FE007227E2 /* Masonry.xcodeproj */;
			proxyType = 1;
			remoteGlobalIDString = 3AED05B61AD59FD40053CC65;
			remoteInfo = "Masonry iOS";
		};
		3440F5E121BE55480092CAF9 /* PBXContainerItemProxy */ = {
			isa = PBXContainerItemProxy;
			containerPortal = 3440F5D921BE55480092CAF9 /* AlamofireNetworkActivityIndicator.xcodeproj */;
			proxyType = 2;
			remoteGlobalIDString = 4CB928391C66E1A600CE5F08;
			remoteInfo = AlamofireNetworkActivityIndicator;
		};
		3440F5E321BE55480092CAF9 /* PBXContainerItemProxy */ = {
			isa = PBXContainerItemProxy;
			containerPortal = 3440F5D921BE55480092CAF9 /* AlamofireNetworkActivityIndicator.xcodeproj */;
			proxyType = 2;
			remoteGlobalIDString = 4CB928431C66E1A700CE5F08;
			remoteInfo = AlamofireNetworkActivityIndicatorTests;
		};
		3440F5E721BE55620092CAF9 /* PBXContainerItemProxy */ = {
			isa = PBXContainerItemProxy;
			containerPortal = 3440F5D921BE55480092CAF9 /* AlamofireNetworkActivityIndicator.xcodeproj */;
			proxyType = 1;
			remoteGlobalIDString = 4CB928381C66E1A600CE5F08;
			remoteInfo = AlamofireNetworkActivityIndicator;
		};
		3440F5F521BE55BC0092CAF9 /* PBXContainerItemProxy */ = {
			isa = PBXContainerItemProxy;
			containerPortal = 3440F5E921BE55BC0092CAF9 /* AlamofireImage.xcodeproj */;
			proxyType = 2;
			remoteGlobalIDString = 4C9043771AABBFC5001B4E60;
			remoteInfo = "AlamofireImage iOS";
		};
		3440F5F721BE55BC0092CAF9 /* PBXContainerItemProxy */ = {
			isa = PBXContainerItemProxy;
			containerPortal = 3440F5E921BE55BC0092CAF9 /* AlamofireImage.xcodeproj */;
			proxyType = 2;
			remoteGlobalIDString = 4C9043821AABBFC5001B4E60;
			remoteInfo = "AlamofireImage iOS Tests";
		};
		3440F5F921BE55BC0092CAF9 /* PBXContainerItemProxy */ = {
			isa = PBXContainerItemProxy;
			containerPortal = 3440F5E921BE55BC0092CAF9 /* AlamofireImage.xcodeproj */;
			proxyType = 2;
			remoteGlobalIDString = 4CE611321AABC24E00D35044;
			remoteInfo = "AlamofireImage macOS";
		};
		3440F5FB21BE55BC0092CAF9 /* PBXContainerItemProxy */ = {
			isa = PBXContainerItemProxy;
			containerPortal = 3440F5E921BE55BC0092CAF9 /* AlamofireImage.xcodeproj */;
			proxyType = 2;
			remoteGlobalIDString = 4CE611471AABC5C900D35044;
			remoteInfo = "AlamofireImage macOS Tests";
		};
		3440F5FD21BE55BC0092CAF9 /* PBXContainerItemProxy */ = {
			isa = PBXContainerItemProxy;
			containerPortal = 3440F5E921BE55BC0092CAF9 /* AlamofireImage.xcodeproj */;
			proxyType = 2;
			remoteGlobalIDString = 4C16B37D1BA9399500A66EF0;
			remoteInfo = "AlamofireImage tvOS";
		};
		3440F5FF21BE55BC0092CAF9 /* PBXContainerItemProxy */ = {
			isa = PBXContainerItemProxy;
			containerPortal = 3440F5E921BE55BC0092CAF9 /* AlamofireImage.xcodeproj */;
			proxyType = 2;
			remoteGlobalIDString = 4C16B3861BA9399500A66EF0;
			remoteInfo = "AlamofireImage tvOS Tests";
		};
		3440F60121BE55BC0092CAF9 /* PBXContainerItemProxy */ = {
			isa = PBXContainerItemProxy;
			containerPortal = 3440F5E921BE55BC0092CAF9 /* AlamofireImage.xcodeproj */;
			proxyType = 2;
			remoteGlobalIDString = 4C4D4EC11B92976900C96855;
			remoteInfo = "AlamofireImage watchOS";
		};
		3440F60321BE55BC0092CAF9 /* PBXContainerItemProxy */ = {
			isa = PBXContainerItemProxy;
			containerPortal = 3440F5E921BE55BC0092CAF9 /* AlamofireImage.xcodeproj */;
			proxyType = 2;
			remoteGlobalIDString = 4C11830B2150517E007A8298;
			remoteInfo = "iOS Example";
		};
		3440F60721BE55C80092CAF9 /* PBXContainerItemProxy */ = {
			isa = PBXContainerItemProxy;
			containerPortal = 3440F5E921BE55BC0092CAF9 /* AlamofireImage.xcodeproj */;
			proxyType = 1;
			remoteGlobalIDString = 4C9043761AABBFC5001B4E60;
			remoteInfo = "AlamofireImage iOS";
		};
		3485E7A121A55E07002248B7 /* PBXContainerItemProxy */ = {
			isa = PBXContainerItemProxy;
			containerPortal = 3485E78121A55E05002248B7 /* Project object */;
			proxyType = 1;
			remoteGlobalIDString = 3485E78821A55E05002248B7;
			remoteInfo = "iOS-Boilerplate";
		};
		3485E7AC21A55E07002248B7 /* PBXContainerItemProxy */ = {
			isa = PBXContainerItemProxy;
			containerPortal = 3485E78121A55E05002248B7 /* Project object */;
			proxyType = 1;
			remoteGlobalIDString = 3485E78821A55E05002248B7;
			remoteInfo = "iOS-Boilerplate";
		};
/* End PBXContainerItemProxy section */

/* Begin PBXCopyFilesBuildPhase section */
		34F7638121A6C99100E68956 /* Embed Frameworks */ = {
			isa = PBXCopyFilesBuildPhase;
			buildActionMask = 2147483647;
			dstPath = "";
			dstSubfolderSpec = 10;
			files = (
				341C20B021B6635D007227E2 /* Masonry.framework in Embed Frameworks */,
				3440F60621BE55C80092CAF9 /* AlamofireImage.framework in Embed Frameworks */,
				341810C021B7E28900BC9E1C /* FLEX.framework in Embed Frameworks */,
				3440F5E621BE55620092CAF9 /* AlamofireNetworkActivityIndicator.framework in Embed Frameworks */,
			);
			name = "Embed Frameworks";
			runOnlyForDeploymentPostprocessing = 0;
		};
/* End PBXCopyFilesBuildPhase section */

/* Begin PBXFileReference section */
		340088D721A81AB00072B1F0 /* CoreDataStack.swift */ = {isa = PBXFileReference; lastKnownFileType = sourcecode.swift; path = CoreDataStack.swift; sourceTree = "<group>"; };
		340088DB21A81E5C0072B1F0 /* UIResponder+ChangeRootController.swift */ = {isa = PBXFileReference; fileEncoding = 4; lastKnownFileType = sourcecode.swift; path = "UIResponder+ChangeRootController.swift"; sourceTree = "<group>"; };
		340088DD21A81E8E0072B1F0 /* UrlHelper.swift */ = {isa = PBXFileReference; fileEncoding = 4; lastKnownFileType = sourcecode.swift; path = UrlHelper.swift; sourceTree = "<group>"; };
		340088DF21A81F4C0072B1F0 /* PropertyListHelper.swift */ = {isa = PBXFileReference; fileEncoding = 4; lastKnownFileType = sourcecode.swift; path = PropertyListHelper.swift; sourceTree = "<group>"; };
		340088E221A81F930072B1F0 /* Date+JSON.swift */ = {isa = PBXFileReference; fileEncoding = 4; lastKnownFileType = sourcecode.swift; path = "Date+JSON.swift"; sourceTree = "<group>"; };
		340088E321A81F930072B1F0 /* OSEmailValidator.swift */ = {isa = PBXFileReference; fileEncoding = 4; lastKnownFileType = sourcecode.swift; path = OSEmailValidator.swift; sourceTree = "<group>"; };
		340088E421A81F930072B1F0 /* Serializator.swift */ = {isa = PBXFileReference; fileEncoding = 4; lastKnownFileType = sourcecode.swift; path = Serializator.swift; sourceTree = "<group>"; };
		340088E521A81F930072B1F0 /* String+subscript.swift */ = {isa = PBXFileReference; fileEncoding = 4; lastKnownFileType = sourcecode.swift; path = "String+subscript.swift"; sourceTree = "<group>"; };
		340088E621A81F930072B1F0 /* String+urlEncode.swift */ = {isa = PBXFileReference; fileEncoding = 4; lastKnownFileType = sourcecode.swift; path = "String+urlEncode.swift"; sourceTree = "<group>"; };
		340088E721A81F930072B1F0 /* OSDNIValidator.swift */ = {isa = PBXFileReference; fileEncoding = 4; lastKnownFileType = sourcecode.swift; path = OSDNIValidator.swift; sourceTree = "<group>"; };
		340088EF21A820630072B1F0 /* UIViewController+imageBackground.swift */ = {isa = PBXFileReference; fileEncoding = 4; lastKnownFileType = sourcecode.swift; path = "UIViewController+imageBackground.swift"; sourceTree = "<group>"; };
		340088F021A820630072B1F0 /* UIViewController+navigationItem.swift */ = {isa = PBXFileReference; fileEncoding = 4; lastKnownFileType = sourcecode.swift; path = "UIViewController+navigationItem.swift"; sourceTree = "<group>"; };
		340088F121A820630072B1F0 /* UIView+border.swift */ = {isa = PBXFileReference; fileEncoding = 4; lastKnownFileType = sourcecode.swift; path = "UIView+border.swift"; sourceTree = "<group>"; };
		340088F221A820630072B1F0 /* CALayer+XibConfiguration.swift */ = {isa = PBXFileReference; fileEncoding = 4; lastKnownFileType = sourcecode.swift; path = "CALayer+XibConfiguration.swift"; sourceTree = "<group>"; };
		340088F321A820640072B1F0 /* UIViewController+showAlert.swift */ = {isa = PBXFileReference; fileEncoding = 4; lastKnownFileType = sourcecode.swift; path = "UIViewController+showAlert.swift"; sourceTree = "<group>"; };
		340088FA21A822940072B1F0 /* AppInfo.swift */ = {isa = PBXFileReference; fileEncoding = 4; lastKnownFileType = sourcecode.swift; path = AppInfo.swift; sourceTree = "<group>"; };
		340088FB21A822940072B1F0 /* System.swift */ = {isa = PBXFileReference; fileEncoding = 4; lastKnownFileType = sourcecode.swift; path = System.swift; sourceTree = "<group>"; };
		340C8C5221A8385500D7178F /* iOS-Boilerplate.entitlements */ = {isa = PBXFileReference; lastKnownFileType = text.plist.entitlements; path = "iOS-Boilerplate.entitlements"; sourceTree = "<group>"; };
		341810B621B7E26400BC9E1C /* FLEX.xcodeproj */ = {isa = PBXFileReference; lastKnownFileType = "wrapper.pb-project"; name = FLEX.xcodeproj; path = Frameworks/FLEX/FLEX.xcodeproj; sourceTree = SOURCE_ROOT; };
		341810C321B80BF100BC9E1C /* Decodable+Codable.swift */ = {isa = PBXFileReference; lastKnownFileType = sourcecode.swift; path = "Decodable+Codable.swift"; sourceTree = "<group>"; };
		341810C521B8152400BC9E1C /* NetworkingInjector.swift */ = {isa = PBXFileReference; lastKnownFileType = sourcecode.swift; path = NetworkingInjector.swift; sourceTree = "<group>"; };
		341810C821B8316400BC9E1C /* MockServicesTests.swift */ = {isa = PBXFileReference; lastKnownFileType = sourcecode.swift; path = MockServicesTests.swift; sourceTree = "<group>"; };
		341810CA21B8321400BC9E1C /* MockAPIClient.swift */ = {isa = PBXFileReference; lastKnownFileType = sourcecode.swift; path = MockAPIClient.swift; sourceTree = "<group>"; };
		341C202121B662FE007227E2 /* Masonry.xcodeproj */ = {isa = PBXFileReference; lastKnownFileType = "wrapper.pb-project"; name = Masonry.xcodeproj; path = Frameworks/Masonry/Masonry.xcodeproj; sourceTree = SOURCE_ROOT; };
		341C203F21B662FE007227E2 /* Alamofire.xcodeproj */ = {isa = PBXFileReference; lastKnownFileType = "wrapper.pb-project"; name = Alamofire.xcodeproj; path = Frameworks/Alamofire/Alamofire.xcodeproj; sourceTree = SOURCE_ROOT; };
		341C205821B662FE007227E2 /* Nimble.xcodeproj */ = {isa = PBXFileReference; lastKnownFileType = "wrapper.pb-project"; name = Nimble.xcodeproj; path = Frameworks/Nimble/Nimble.xcodeproj; sourceTree = SOURCE_ROOT; };
		341C206E21B662FE007227E2 /* Quick.xcodeproj */ = {isa = PBXFileReference; lastKnownFileType = "wrapper.pb-project"; name = Quick.xcodeproj; path = Frameworks/Quick/Quick.xcodeproj; sourceTree = SOURCE_ROOT; };
		3420DF5F21AFDBB90004C59F /* AutoMock.stencil */ = {isa = PBXFileReference; lastKnownFileType = text; path = AutoMock.stencil; sourceTree = "<group>"; };
		3420DF6021AFDCD40004C59F /* FakeProtocol.swift */ = {isa = PBXFileReference; lastKnownFileType = sourcecode.swift; path = FakeProtocol.swift; sourceTree = "<group>"; };
		3420DF6221AFDF0D0004C59F /* AutoEquatable.stencil */ = {isa = PBXFileReference; lastKnownFileType = text; path = AutoEquatable.stencil; sourceTree = "<group>"; };
		3420DF6621AFDFE60004C59F /* AutoMock.generated.swift */ = {isa = PBXFileReference; fileEncoding = 4; lastKnownFileType = sourcecode.swift; path = AutoMock.generated.swift; sourceTree = "<group>"; };
		3420DF6721AFDFE60004C59F /* AutoEquatable.generated.swift */ = {isa = PBXFileReference; fileEncoding = 4; lastKnownFileType = sourcecode.swift; path = AutoEquatable.generated.swift; sourceTree = "<group>"; };
		3420DF8621AFECA20004C59F /* ImageIO.framework */ = {isa = PBXFileReference; lastKnownFileType = wrapper.framework; name = ImageIO.framework; path = System/Library/Frameworks/ImageIO.framework; sourceTree = SDKROOT; };
		3420DFE521B03ADA0004C59F /* DetailViewController.swift */ = {isa = PBXFileReference; lastKnownFileType = sourcecode.swift; path = DetailViewController.swift; sourceTree = "<group>"; };
		34306A2A21B12335005B0A84 /* EventTests.swift */ = {isa = PBXFileReference; lastKnownFileType = sourcecode.swift; path = EventTests.swift; sourceTree = "<group>"; };
		34306A2C21B12367005B0A84 /* ModelHelper.swift */ = {isa = PBXFileReference; lastKnownFileType = sourcecode.swift; path = ModelHelper.swift; sourceTree = "<group>"; };
		34306A2F21B1259A005B0A84 /* Event.json */ = {isa = PBXFileReference; lastKnownFileType = text.json; path = Event.json; sourceTree = "<group>"; };
		34306A3221B135C0005B0A84 /* AutoEquatable.swift */ = {isa = PBXFileReference; lastKnownFileType = sourcecode.swift; path = AutoEquatable.swift; sourceTree = "<group>"; };
		34306A3421B135D6005B0A84 /* AutoMockable.swift */ = {isa = PBXFileReference; lastKnownFileType = sourcecode.swift; path = AutoMockable.swift; sourceTree = "<group>"; };
		34306A3F21B13DD6005B0A84 /* EventDTO.swift */ = {isa = PBXFileReference; lastKnownFileType = sourcecode.swift; path = EventDTO.swift; sourceTree = "<group>"; };
		3440F5D921BE55480092CAF9 /* AlamofireNetworkActivityIndicator.xcodeproj */ = {isa = PBXFileReference; lastKnownFileType = "wrapper.pb-project"; name = AlamofireNetworkActivityIndicator.xcodeproj; path = Frameworks/AlamofireNetworkActivityIndicator/AlamofireNetworkActivityIndicator.xcodeproj; sourceTree = SOURCE_ROOT; };
		3440F5E921BE55BC0092CAF9 /* AlamofireImage.xcodeproj */ = {isa = PBXFileReference; lastKnownFileType = "wrapper.pb-project"; name = AlamofireImage.xcodeproj; path = Frameworks/AlamofireImage/AlamofireImage.xcodeproj; sourceTree = SOURCE_ROOT; };
		3485E78921A55E05002248B7 /* iOS-Boilerplate.app */ = {isa = PBXFileReference; explicitFileType = wrapper.application; includeInIndex = 0; path = "iOS-Boilerplate.app"; sourceTree = BUILT_PRODUCTS_DIR; };
		3485E78C21A55E05002248B7 /* AppDelegate.swift */ = {isa = PBXFileReference; lastKnownFileType = sourcecode.swift; path = AppDelegate.swift; sourceTree = "<group>"; };
		3485E78E21A55E05002248B7 /* ViewController.swift */ = {isa = PBXFileReference; lastKnownFileType = sourcecode.swift; path = ViewController.swift; sourceTree = "<group>"; };
		3485E79121A55E05002248B7 /* Base */ = {isa = PBXFileReference; lastKnownFileType = file.storyboard; name = Base; path = Base.lproj/Main.storyboard; sourceTree = "<group>"; };
		3485E79421A55E05002248B7 /* iOS_Boilerplate.xcdatamodel */ = {isa = PBXFileReference; lastKnownFileType = wrapper.xcdatamodel; path = iOS_Boilerplate.xcdatamodel; sourceTree = "<group>"; };
		3485E79621A55E07002248B7 /* Assets.xcassets */ = {isa = PBXFileReference; lastKnownFileType = folder.assetcatalog; path = Assets.xcassets; sourceTree = "<group>"; };
		3485E79921A55E07002248B7 /* Base */ = {isa = PBXFileReference; lastKnownFileType = file.storyboard; name = Base; path = Base.lproj/LaunchScreen.storyboard; sourceTree = "<group>"; };
		3485E79B21A55E07002248B7 /* Info.plist */ = {isa = PBXFileReference; lastKnownFileType = text.plist.xml; path = Info.plist; sourceTree = "<group>"; };
		3485E7A021A55E07002248B7 /* iOS-BoilerplateTests.xctest */ = {isa = PBXFileReference; explicitFileType = wrapper.cfbundle; includeInIndex = 0; path = "iOS-BoilerplateTests.xctest"; sourceTree = BUILT_PRODUCTS_DIR; };
		3485E7A421A55E07002248B7 /* BoilerplateTests.swift */ = {isa = PBXFileReference; lastKnownFileType = sourcecode.swift; path = BoilerplateTests.swift; sourceTree = "<group>"; };
		3485E7A621A55E07002248B7 /* Info.plist */ = {isa = PBXFileReference; lastKnownFileType = text.plist.xml; path = Info.plist; sourceTree = "<group>"; };
		3485E7AB21A55E07002248B7 /* iOS-BoilerplateUITests.xctest */ = {isa = PBXFileReference; explicitFileType = wrapper.cfbundle; includeInIndex = 0; path = "iOS-BoilerplateUITests.xctest"; sourceTree = BUILT_PRODUCTS_DIR; };
		3485E7AF21A55E07002248B7 /* BoilerplateUITests.swift */ = {isa = PBXFileReference; lastKnownFileType = sourcecode.swift; path = BoilerplateUITests.swift; sourceTree = "<group>"; };
		3485E7B121A55E07002248B7 /* Info.plist */ = {isa = PBXFileReference; lastKnownFileType = text.plist.xml; path = Info.plist; sourceTree = "<group>"; };
		3485E80D21A58A5C002248B7 /* PersonDTO.swift */ = {isa = PBXFileReference; lastKnownFileType = sourcecode.swift; path = PersonDTO.swift; sourceTree = "<group>"; };
		3485E80F21A59083002248B7 /* PersonDTOTests.swift */ = {isa = PBXFileReference; lastKnownFileType = sourcecode.swift; path = PersonDTOTests.swift; sourceTree = "<group>"; };
		3485E81121A59358002248B7 /* Person.json */ = {isa = PBXFileReference; lastKnownFileType = text.json; path = Person.json; sourceTree = "<group>"; };
		3485E81921A5A716002248B7 /* Configuration.swift */ = {isa = PBXFileReference; lastKnownFileType = sourcecode.swift; path = Configuration.swift; sourceTree = "<group>"; };
		3485E82721A5B0D9002248B7 /* environments.plist */ = {isa = PBXFileReference; fileEncoding = 4; lastKnownFileType = text.plist.xml; path = environments.plist; sourceTree = "<group>"; };
		3485E82C21A5B1EF002248B7 /* Environment.swift */ = {isa = PBXFileReference; fileEncoding = 4; lastKnownFileType = sourcecode.swift; path = Environment.swift; sourceTree = "<group>"; };
		3485E82E21A5B496002248B7 /* ConfigurationTest.swift */ = {isa = PBXFileReference; lastKnownFileType = sourcecode.swift; path = ConfigurationTest.swift; sourceTree = "<group>"; };
		3487742221A6AC32001675D3 /* Base */ = {isa = PBXFileReference; lastKnownFileType = text.plist.strings; name = Base; path = "iOS-Boilerplate/Base.lproj/Localizable.strings"; sourceTree = SOURCE_ROOT; };
		3487742421A6AC4F001675D3 /* en */ = {isa = PBXFileReference; lastKnownFileType = text.plist.strings; name = en; path = ../../en.lproj/Localizable.strings; sourceTree = "<group>"; };
		3487742721A6AC74001675D3 /* es */ = {isa = PBXFileReference; lastKnownFileType = text.plist.strings; name = es; path = ../../es.lproj/Localizable.strings; sourceTree = "<group>"; };
		3487742B21A6BD43001675D3 /* Http.swift */ = {isa = PBXFileReference; lastKnownFileType = sourcecode.swift; path = Http.swift; sourceTree = "<group>"; };
		34BE875D21B57AE300B4FD22 /* ServiceTests.swift */ = {isa = PBXFileReference; lastKnownFileType = sourcecode.swift; path = ServiceTests.swift; sourceTree = "<group>"; };
		34BE876421B590D100B4FD22 /* API.swift */ = {isa = PBXFileReference; lastKnownFileType = sourcecode.swift; path = API.swift; sourceTree = "<group>"; };
		34BE878721B5928200B4FD22 /* Client.swift */ = {isa = PBXFileReference; lastKnownFileType = sourcecode.swift; path = Client.swift; sourceTree = "<group>"; };
		34F7641F21A6E94100E68956 /* BookNomadsService.swift */ = {isa = PBXFileReference; lastKnownFileType = sourcecode.swift; path = BookNomadsService.swift; sourceTree = "<group>"; };
		34F7642421A6ECF100E68956 /* BookNomadsServiceTests.swift */ = {isa = PBXFileReference; lastKnownFileType = sourcecode.swift; path = BookNomadsServiceTests.swift; sourceTree = "<group>"; };
		34F7642621A6F64B00E68956 /* BookDTO.swift */ = {isa = PBXFileReference; lastKnownFileType = sourcecode.swift; path = BookDTO.swift; sourceTree = "<group>"; };
/* End PBXFileReference section */

/* Begin PBXFrameworksBuildPhase section */
		3485E78621A55E05002248B7 /* Frameworks */ = {
			isa = PBXFrameworksBuildPhase;
			buildActionMask = 2147483647;
			files = (
				3420DF8721AFECA20004C59F /* ImageIO.framework in Frameworks */,
				341C20AF21B6635D007227E2 /* Masonry.framework in Frameworks */,
				3440F5E521BE55620092CAF9 /* AlamofireNetworkActivityIndicator.framework in Frameworks */,
				3440F60521BE55C80092CAF9 /* AlamofireImage.framework in Frameworks */,
				341810BF21B7E28900BC9E1C /* FLEX.framework in Frameworks */,
			);
			runOnlyForDeploymentPostprocessing = 0;
		};
		3485E79D21A55E07002248B7 /* Frameworks */ = {
			isa = PBXFrameworksBuildPhase;
			buildActionMask = 2147483647;
			files = (
				341810B221B7CEA100BC9E1C /* Quick.framework in Frameworks */,
				341810B121B7CE9B00BC9E1C /* Nimble.framework in Frameworks */,
			);
			runOnlyForDeploymentPostprocessing = 0;
		};
		3485E7A821A55E07002248B7 /* Frameworks */ = {
			isa = PBXFrameworksBuildPhase;
			buildActionMask = 2147483647;
			files = (
				341810B421B7CEB600BC9E1C /* Nimble.framework in Frameworks */,
				341810B321B7CEAF00BC9E1C /* Quick.framework in Frameworks */,
			);
			runOnlyForDeploymentPostprocessing = 0;
		};
/* End PBXFrameworksBuildPhase section */

/* Begin PBXGroup section */
		340088CE21A81A7E0072B1F0 /* DTO */ = {
			isa = PBXGroup;
			children = (
				34306A3F21B13DD6005B0A84 /* EventDTO.swift */,
				3485E80D21A58A5C002248B7 /* PersonDTO.swift */,
				34F7642621A6F64B00E68956 /* BookDTO.swift */,
			);
			path = DTO;
			sourceTree = "<group>";
		};
		340088DA21A81E330072B1F0 /* Util */ = {
			isa = PBXGroup;
			children = (
				340088F921A822860072B1F0 /* System */,
				340088EE21A820530072B1F0 /* View */,
				340088E121A81F870072B1F0 /* Formats */,
				340088DB21A81E5C0072B1F0 /* UIResponder+ChangeRootController.swift */,
				340088DD21A81E8E0072B1F0 /* UrlHelper.swift */,
				340088DF21A81F4C0072B1F0 /* PropertyListHelper.swift */,
			);
			path = Util;
			sourceTree = "<group>";
		};
		340088E121A81F870072B1F0 /* Formats */ = {
			isa = PBXGroup;
			children = (
				340088E221A81F930072B1F0 /* Date+JSON.swift */,
				340088E721A81F930072B1F0 /* OSDNIValidator.swift */,
				340088E321A81F930072B1F0 /* OSEmailValidator.swift */,
				340088E421A81F930072B1F0 /* Serializator.swift */,
				340088E521A81F930072B1F0 /* String+subscript.swift */,
				340088E621A81F930072B1F0 /* String+urlEncode.swift */,
			);
			path = Formats;
			sourceTree = "<group>";
		};
		340088EE21A820530072B1F0 /* View */ = {
			isa = PBXGroup;
			children = (
				340088F221A820630072B1F0 /* CALayer+XibConfiguration.swift */,
				340088F121A820630072B1F0 /* UIView+border.swift */,
				340088EF21A820630072B1F0 /* UIViewController+imageBackground.swift */,
				340088F021A820630072B1F0 /* UIViewController+navigationItem.swift */,
				340088F321A820640072B1F0 /* UIViewController+showAlert.swift */,
			);
			path = View;
			sourceTree = "<group>";
		};
		340088F921A822860072B1F0 /* System */ = {
			isa = PBXGroup;
			children = (
				340088FA21A822940072B1F0 /* AppInfo.swift */,
				340088FB21A822940072B1F0 /* System.swift */,
			);
			path = System;
			sourceTree = "<group>";
		};
		341810B721B7E26400BC9E1C /* Products */ = {
			isa = PBXGroup;
			children = (
				341810BC21B7E26400BC9E1C /* FLEX.framework */,
				341810BE21B7E26400BC9E1C /* FLEXTestsMethodsList.xctest */,
			);
			name = Products;
			sourceTree = "<group>";
		};
		341810C721B8312A00BC9E1C /* MockServices */ = {
			isa = PBXGroup;
			children = (
				341810C821B8316400BC9E1C /* MockServicesTests.swift */,
				341810CA21B8321400BC9E1C /* MockAPIClient.swift */,
			);
			path = MockServices;
			sourceTree = "<group>";
		};
		341C1FFF21B662F2007227E2 /* Submodules */ = {
			isa = PBXGroup;
			children = (
				341C203F21B662FE007227E2 /* Alamofire.xcodeproj */,
				3440F5D921BE55480092CAF9 /* AlamofireNetworkActivityIndicator.xcodeproj */,
				3440F5E921BE55BC0092CAF9 /* AlamofireImage.xcodeproj */,
				341810B621B7E26400BC9E1C /* FLEX.xcodeproj */,
				341C202121B662FE007227E2 /* Masonry.xcodeproj */,
				341C205821B662FE007227E2 /* Nimble.xcodeproj */,
				341C206E21B662FE007227E2 /* Quick.xcodeproj */,
			);
			path = Submodules;
			sourceTree = "<group>";
		};
		341C202221B662FE007227E2 /* Products */ = {
			isa = PBXGroup;
			children = (
				341C202721B662FE007227E2 /* Masonry.framework */,
				341C202921B662FE007227E2 /* Masonry.framework */,
			);
			name = Products;
			sourceTree = "<group>";
		};
		341C204021B662FE007227E2 /* Products */ = {
			isa = PBXGroup;
			children = (
				341C204B21B662FE007227E2 /* Alamofire.framework */,
				341C204D21B662FE007227E2 /* Alamofire iOS Tests.xctest */,
				341C204F21B662FE007227E2 /* Alamofire.framework */,
				341C205121B662FE007227E2 /* Alamofire macOS Tests.xctest */,
				341C205321B662FE007227E2 /* Alamofire.framework */,
				341C205521B662FE007227E2 /* Alamofire tvOS Tests.xctest */,
				341C205721B662FE007227E2 /* Alamofire.framework */,
			);
			name = Products;
			sourceTree = "<group>";
		};
		341C205921B662FE007227E2 /* Products */ = {
			isa = PBXGroup;
			children = (
				341C206321B662FE007227E2 /* Nimble.framework */,
				341C206521B662FE007227E2 /* NimbleTests.xctest */,
				341C206721B662FE007227E2 /* Nimble.framework */,
				341C206921B662FE007227E2 /* NimbleTests.xctest */,
				341C206B21B662FE007227E2 /* Nimble.framework */,
				341C206D21B662FE007227E2 /* NimbleTests.xctest */,
			);
			name = Products;
			sourceTree = "<group>";
		};
		341C206F21B662FE007227E2 /* Products */ = {
			isa = PBXGroup;
			children = (
				341C207F21B662FE007227E2 /* Quick.framework */,
				341C208121B662FE007227E2 /* Quick - macOSTests.xctest */,
				341C208321B662FE007227E2 /* QuickFocused - macOSTests.xctest */,
				341C208521B662FE007227E2 /* QuickAfterSuite - macOSTests.xctest */,
				341C208721B662FE007227E2 /* Quick.framework */,
				341C208921B662FE007227E2 /* Quick - iOSTests.xctest */,
				341C208B21B662FE007227E2 /* QuickFocused - iOSTests.xctest */,
				341C208D21B662FE007227E2 /* QuickAfterSuite - iOSTests.xctest */,
				341C208F21B662FE007227E2 /* Quick.framework */,
				341C209121B662FE007227E2 /* Quick - tvOSTests.xctest */,
				341C209321B662FE007227E2 /* QuickFocused - tvOSTests.xctest */,
				341C209521B662FE007227E2 /* QuickAfterSuite - tvOSTests.xctest */,
			);
			name = Products;
			sourceTree = "<group>";
		};
		3420DF5721AFDB220004C59F /* Sourcery */ = {
			isa = PBXGroup;
			children = (
				34306A3121B13570005B0A84 /* Markers */,
				3420DF6521AFDFA30004C59F /* Outputs */,
				3420DF6421AFDF980004C59F /* Templates */,
			);
			path = Sourcery;
			sourceTree = "<group>";
		};
		3420DF6421AFDF980004C59F /* Templates */ = {
			isa = PBXGroup;
			children = (
				3420DF6221AFDF0D0004C59F /* AutoEquatable.stencil */,
				3420DF5F21AFDBB90004C59F /* AutoMock.stencil */,
			);
			path = Templates;
			sourceTree = "<group>";
		};
		3420DF6521AFDFA30004C59F /* Outputs */ = {
			isa = PBXGroup;
			children = (
				3420DF6721AFDFE60004C59F /* AutoEquatable.generated.swift */,
				3420DF6621AFDFE60004C59F /* AutoMock.generated.swift */,
			);
			path = Outputs;
			sourceTree = "<group>";
		};
		3420DF8521AFECA20004C59F /* Frameworks */ = {
			isa = PBXGroup;
			children = (
				3420DF8621AFECA20004C59F /* ImageIO.framework */,
			);
			name = Frameworks;
			sourceTree = "<group>";
		};
		3420DFF421B03B870004C59F /* Entities */ = {
			isa = PBXGroup;
			children = (
			);
			path = Entities;
			sourceTree = "<group>";
		};
		34306A1C21B12308005B0A84 /* ModelTests */ = {
			isa = PBXGroup;
			children = (
				34306A2C21B12367005B0A84 /* ModelHelper.swift */,
				34306A2A21B12335005B0A84 /* EventTests.swift */,
			);
			path = ModelTests;
			sourceTree = "<group>";
		};
		34306A2E21B12587005B0A84 /* Fixtures */ = {
			isa = PBXGroup;
			children = (
				34306A2F21B1259A005B0A84 /* Event.json */,
				3485E81121A59358002248B7 /* Person.json */,
			);
			path = Fixtures;
			sourceTree = "<group>";
		};
		34306A3121B13570005B0A84 /* Markers */ = {
			isa = PBXGroup;
			children = (
				34306A3221B135C0005B0A84 /* AutoEquatable.swift */,
				34306A3421B135D6005B0A84 /* AutoMockable.swift */,
			);
			path = Markers;
			sourceTree = "<group>";
		};
		3440F5DA21BE55480092CAF9 /* Products */ = {
			isa = PBXGroup;
			children = (
				3440F5E221BE55480092CAF9 /* AlamofireNetworkActivityIndicator.framework */,
				3440F5E421BE55480092CAF9 /* AlamofireNetworkActivityIndicatorTests.xctest */,
			);
			name = Products;
			sourceTree = "<group>";
		};
		3440F5EA21BE55BC0092CAF9 /* Products */ = {
			isa = PBXGroup;
			children = (
				3440F5F621BE55BC0092CAF9 /* AlamofireImage.framework */,
				3440F5F821BE55BC0092CAF9 /* AlamofireImage iOS Tests.xctest */,
				3440F5FA21BE55BC0092CAF9 /* AlamofireImage.framework */,
				3440F5FC21BE55BC0092CAF9 /* AlamofireImage macOS Tests.xctest */,
				3440F5FE21BE55BC0092CAF9 /* AlamofireImage.framework */,
				3440F60021BE55BC0092CAF9 /* AlamofireImage tvOS Tests.xctest */,
				3440F60221BE55BC0092CAF9 /* AlamofireImage.framework */,
				3440F60421BE55BC0092CAF9 /* iOS Example.app */,
			);
			name = Products;
			sourceTree = "<group>";
		};
		3485E78021A55E05002248B7 = {
			isa = PBXGroup;
			children = (
				341C1FFF21B662F2007227E2 /* Submodules */,
				3420DF5721AFDB220004C59F /* Sourcery */,
				3485E78B21A55E05002248B7 /* iOS-Boilerplate */,
				3485E7A321A55E07002248B7 /* iOS-BoilerplateTests */,
				3485E7AE21A55E07002248B7 /* iOS-BoilerplateUITests */,
				3485E78A21A55E05002248B7 /* Products */,
				3420DF8521AFECA20004C59F /* Frameworks */,
			);
			sourceTree = "<group>";
		};
		3485E78A21A55E05002248B7 /* Products */ = {
			isa = PBXGroup;
			children = (
				3485E78921A55E05002248B7 /* iOS-Boilerplate.app */,
				3485E7A021A55E07002248B7 /* iOS-BoilerplateTests.xctest */,
				3485E7AB21A55E07002248B7 /* iOS-BoilerplateUITests.xctest */,
			);
			name = Products;
			sourceTree = "<group>";
		};
		3485E78B21A55E05002248B7 /* iOS-Boilerplate */ = {
			isa = PBXGroup;
			children = (
				340C8C5221A8385500D7178F /* iOS-Boilerplate.entitlements */,
				3485E7C021A5639E002248B7 /* Startup */,
				3485E7C221A57F4F002248B7 /* Feature001 */,
				3485E7C321A57F7F002248B7 /* Library */,
				3485E7C821A58014002248B7 /* Resources */,
				3485E79621A55E07002248B7 /* Assets.xcassets */,
				3485E7CE21A58095002248B7 /* Supporting Files */,
			);
			path = "iOS-Boilerplate";
			sourceTree = "<group>";
		};
		3485E7A321A55E07002248B7 /* iOS-BoilerplateTests */ = {
			isa = PBXGroup;
			children = (
				341810C721B8312A00BC9E1C /* MockServices */,
				34BE873B21B57ABE00B4FD22 /* ServiceTests */,
				34306A2E21B12587005B0A84 /* Fixtures */,
				34306A1C21B12308005B0A84 /* ModelTests */,
				3485E7D021A58115002248B7 /* Feature001 */,
				3485E7A621A55E07002248B7 /* Info.plist */,
				3485E80F21A59083002248B7 /* PersonDTOTests.swift */,
				3485E82E21A5B496002248B7 /* ConfigurationTest.swift */,
			);
			path = "iOS-BoilerplateTests";
			sourceTree = "<group>";
		};
		3485E7AE21A55E07002248B7 /* iOS-BoilerplateUITests */ = {
			isa = PBXGroup;
			children = (
				3485E7D121A58122002248B7 /* Feature001 */,
				3485E7B121A55E07002248B7 /* Info.plist */,
			);
			path = "iOS-BoilerplateUITests";
			sourceTree = "<group>";
		};
		3485E7C021A5639E002248B7 /* Startup */ = {
			isa = PBXGroup;
			children = (
				3485E78C21A55E05002248B7 /* AppDelegate.swift */,
				3485E78E21A55E05002248B7 /* ViewController.swift */,
				3420DFE521B03ADA0004C59F /* DetailViewController.swift */,
				3485E79821A55E07002248B7 /* LaunchScreen.storyboard */,
				3485E79021A55E05002248B7 /* Main.storyboard */,
				3485E7C121A56513002248B7 /* Migration */,
			);
			path = Startup;
			sourceTree = "<group>";
		};
		3485E7C121A56513002248B7 /* Migration */ = {
			isa = PBXGroup;
			children = (
			);
			path = Migration;
			sourceTree = "<group>";
		};
		3485E7C221A57F4F002248B7 /* Feature001 */ = {
			isa = PBXGroup;
			children = (
			);
			path = Feature001;
			sourceTree = "<group>";
		};
		3485E7C321A57F7F002248B7 /* Library */ = {
			isa = PBXGroup;
			children = (
				3485E81821A5A6A6002248B7 /* Configuration */,
				3485E7C621A57FE1002248B7 /* Extensions */,
				3485E7C521A57FD4002248B7 /* Feed */,
				3485E7C421A57FA2002248B7 /* Model */,
				3485E7C721A57FF3002248B7 /* Services */,
				340088DA21A81E330072B1F0 /* Util */,
			);
			path = Library;
			sourceTree = "<group>";
		};
		3485E7C421A57FA2002248B7 /* Model */ = {
			isa = PBXGroup;
			children = (
				3420DFF421B03B870004C59F /* Entities */,
				340088CE21A81A7E0072B1F0 /* DTO */,
				3485E79321A55E05002248B7 /* iOS_Boilerplate.xcdatamodeld */,
				340088D721A81AB00072B1F0 /* CoreDataStack.swift */,
			);
			path = Model;
			sourceTree = "<group>";
		};
		3485E7C521A57FD4002248B7 /* Feed */ = {
			isa = PBXGroup;
			children = (
			);
			path = Feed;
			sourceTree = "<group>";
		};
		3485E7C621A57FE1002248B7 /* Extensions */ = {
			isa = PBXGroup;
			children = (
				3420DF6021AFDCD40004C59F /* FakeProtocol.swift */,
				341810C321B80BF100BC9E1C /* Decodable+Codable.swift */,
			);
			path = Extensions;
			sourceTree = "<group>";
		};
		3485E7C721A57FF3002248B7 /* Services */ = {
			isa = PBXGroup;
			children = (
				3487742B21A6BD43001675D3 /* Http.swift */,
				34BE876421B590D100B4FD22 /* API.swift */,
				34BE878721B5928200B4FD22 /* Client.swift */,
				341810C521B8152400BC9E1C /* NetworkingInjector.swift */,
				34F7641F21A6E94100E68956 /* BookNomadsService.swift */,
			);
			path = Services;
			sourceTree = "<group>";
		};
		3485E7C821A58014002248B7 /* Resources */ = {
			isa = PBXGroup;
			children = (
				3485E81321A5A246002248B7 /* Environments */,
				3485E7CA21A5802C002248B7 /* Certificates */,
				3485E7CB21A58035002248B7 /* Html */,
				3485E7CC21A58041002248B7 /* Json */,
				3485E7C921A58025002248B7 /* PDF */,
				3487741E21A6AB77001675D3 /* Strings */,
				3485E7CD21A58048002248B7 /* Video */,
			);
			path = Resources;
			sourceTree = "<group>";
		};
		3485E7C921A58025002248B7 /* PDF */ = {
			isa = PBXGroup;
			children = (
			);
			path = PDF;
			sourceTree = "<group>";
		};
		3485E7CA21A5802C002248B7 /* Certificates */ = {
			isa = PBXGroup;
			children = (
			);
			path = Certificates;
			sourceTree = "<group>";
		};
		3485E7CB21A58035002248B7 /* Html */ = {
			isa = PBXGroup;
			children = (
			);
			path = Html;
			sourceTree = "<group>";
		};
		3485E7CC21A58041002248B7 /* Json */ = {
			isa = PBXGroup;
			children = (
			);
			path = Json;
			sourceTree = "<group>";
		};
		3485E7CD21A58048002248B7 /* Video */ = {
			isa = PBXGroup;
			children = (
			);
			path = Video;
			sourceTree = "<group>";
		};
		3485E7CE21A58095002248B7 /* Supporting Files */ = {
			isa = PBXGroup;
			children = (
				3485E79B21A55E07002248B7 /* Info.plist */,
			);
			path = "Supporting Files";
			sourceTree = "<group>";
		};
		3485E7D021A58115002248B7 /* Feature001 */ = {
			isa = PBXGroup;
			children = (
				3485E7A421A55E07002248B7 /* BoilerplateTests.swift */,
			);
			path = Feature001;
			sourceTree = "<group>";
		};
		3485E7D121A58122002248B7 /* Feature001 */ = {
			isa = PBXGroup;
			children = (
				3485E7AF21A55E07002248B7 /* BoilerplateUITests.swift */,
			);
			path = Feature001;
			sourceTree = "<group>";
		};
		3485E81321A5A246002248B7 /* Environments */ = {
			isa = PBXGroup;
			children = (
				3485E82721A5B0D9002248B7 /* environments.plist */,
			);
			path = Environments;
			sourceTree = "<group>";
		};
		3485E81821A5A6A6002248B7 /* Configuration */ = {
			isa = PBXGroup;
			children = (
				3485E81921A5A716002248B7 /* Configuration.swift */,
				3485E82C21A5B1EF002248B7 /* Environment.swift */,
			);
			path = Configuration;
			sourceTree = "<group>";
		};
		3487741E21A6AB77001675D3 /* Strings */ = {
			isa = PBXGroup;
			children = (
				3487742121A6AC32001675D3 /* Localizable.strings */,
			);
			path = Strings;
			sourceTree = "<group>";
		};
		34BE873B21B57ABE00B4FD22 /* ServiceTests */ = {
			isa = PBXGroup;
			children = (
				34BE875D21B57AE300B4FD22 /* ServiceTests.swift */,
				34F7642421A6ECF100E68956 /* BookNomadsServiceTests.swift */,
			);
			path = ServiceTests;
			sourceTree = "<group>";
		};
/* End PBXGroup section */

/* Begin PBXNativeTarget section */
		3485E78821A55E05002248B7 /* iOS-Boilerplate */ = {
			isa = PBXNativeTarget;
			buildConfigurationList = 3485E7B421A55E07002248B7 /* Build configuration list for PBXNativeTarget "iOS-Boilerplate" */;
			buildPhases = (
				3485E78521A55E05002248B7 /* Sources */,
				34F7642821A7092800E68956 /* ShellScript */,
				3485E78621A55E05002248B7 /* Frameworks */,
				3440F63D21BE88D60092CAF9 /* ShellScript */,
				3440F63E21BE89160092CAF9 /* ShellScript */,
				3485E78721A55E05002248B7 /* Resources */,
				34F7638121A6C99100E68956 /* Embed Frameworks */,
			);
			buildRules = (
			);
			dependencies = (
				341C20B221B6635D007227E2 /* PBXTargetDependency */,
				341810C221B7E28900BC9E1C /* PBXTargetDependency */,
				3440F5E821BE55620092CAF9 /* PBXTargetDependency */,
				3440F60821BE55C80092CAF9 /* PBXTargetDependency */,
			);
			name = "iOS-Boilerplate";
			productName = "iOS-Boilerplate";
			productReference = 3485E78921A55E05002248B7 /* iOS-Boilerplate.app */;
			productType = "com.apple.product-type.application";
		};
		3485E79F21A55E07002248B7 /* iOS-BoilerplateTests */ = {
			isa = PBXNativeTarget;
			buildConfigurationList = 3485E7B721A55E07002248B7 /* Build configuration list for PBXNativeTarget "iOS-BoilerplateTests" */;
			buildPhases = (
				3485E79C21A55E07002248B7 /* Sources */,
				3485E79D21A55E07002248B7 /* Frameworks */,
				3485E79E21A55E07002248B7 /* Resources */,
			);
			buildRules = (
			);
			dependencies = (
				341810AC21B7CE6800BC9E1C /* PBXTargetDependency */,
				341810AA21B7CE5E00BC9E1C /* PBXTargetDependency */,
				3485E7A221A55E07002248B7 /* PBXTargetDependency */,
			);
			name = "iOS-BoilerplateTests";
			productName = "iOS-BoilerplateTests";
			productReference = 3485E7A021A55E07002248B7 /* iOS-BoilerplateTests.xctest */;
			productType = "com.apple.product-type.bundle.unit-test";
		};
		3485E7AA21A55E07002248B7 /* iOS-BoilerplateUITests */ = {
			isa = PBXNativeTarget;
			buildConfigurationList = 3485E7BA21A55E07002248B7 /* Build configuration list for PBXNativeTarget "iOS-BoilerplateUITests" */;
			buildPhases = (
				3485E7A721A55E07002248B7 /* Sources */,
				3485E7A821A55E07002248B7 /* Frameworks */,
				3485E7A921A55E07002248B7 /* Resources */,
			);
			buildRules = (
			);
			dependencies = (
				341810B021B7CE8400BC9E1C /* PBXTargetDependency */,
				341810AE21B7CE7B00BC9E1C /* PBXTargetDependency */,
				3485E7AD21A55E07002248B7 /* PBXTargetDependency */,
			);
			name = "iOS-BoilerplateUITests";
			productName = "iOS-BoilerplateUITests";
			productReference = 3485E7AB21A55E07002248B7 /* iOS-BoilerplateUITests.xctest */;
			productType = "com.apple.product-type.bundle.ui-testing";
		};
/* End PBXNativeTarget section */

/* Begin PBXProject section */
		3485E78121A55E05002248B7 /* Project object */ = {
			isa = PBXProject;
			attributes = {
				LastSwiftUpdateCheck = 1000;
				LastUpgradeCheck = 1000;
				ORGANIZATIONNAME = veladan;
				TargetAttributes = {
					3485E78821A55E05002248B7 = {
						CreatedOnToolsVersion = 10.0;
						SystemCapabilities = {
							com.apple.iCloud = {
								enabled = 0;
							};
						};
					};
					3485E79F21A55E07002248B7 = {
						CreatedOnToolsVersion = 10.0;
						TestTargetID = 3485E78821A55E05002248B7;
					};
					3485E7AA21A55E07002248B7 = {
						CreatedOnToolsVersion = 10.0;
						TestTargetID = 3485E78821A55E05002248B7;
					};
				};
			};
			buildConfigurationList = 3485E78421A55E05002248B7 /* Build configuration list for PBXProject "iOS-Boilerplate" */;
			compatibilityVersion = "Xcode 9.3";
			developmentRegion = en;
			hasScannedForEncodings = 0;
			knownRegions = (
				en,
				Base,
				es,
			);
			mainGroup = 3485E78021A55E05002248B7;
			productRefGroup = 3485E78A21A55E05002248B7 /* Products */;
			projectDirPath = "";
			projectReferences = (
				{
					ProductGroup = 341C204021B662FE007227E2 /* Products */;
					ProjectRef = 341C203F21B662FE007227E2 /* Alamofire.xcodeproj */;
				},
				{
					ProductGroup = 3440F5EA21BE55BC0092CAF9 /* Products */;
					ProjectRef = 3440F5E921BE55BC0092CAF9 /* AlamofireImage.xcodeproj */;
				},
				{
					ProductGroup = 3440F5DA21BE55480092CAF9 /* Products */;
					ProjectRef = 3440F5D921BE55480092CAF9 /* AlamofireNetworkActivityIndicator.xcodeproj */;
				},
				{
					ProductGroup = 341810B721B7E26400BC9E1C /* Products */;
					ProjectRef = 341810B621B7E26400BC9E1C /* FLEX.xcodeproj */;
				},
				{
					ProductGroup = 341C202221B662FE007227E2 /* Products */;
					ProjectRef = 341C202121B662FE007227E2 /* Masonry.xcodeproj */;
				},
				{
					ProductGroup = 341C205921B662FE007227E2 /* Products */;
					ProjectRef = 341C205821B662FE007227E2 /* Nimble.xcodeproj */;
				},
				{
					ProductGroup = 341C206F21B662FE007227E2 /* Products */;
					ProjectRef = 341C206E21B662FE007227E2 /* Quick.xcodeproj */;
				},
			);
			projectRoot = "";
			targets = (
				3485E78821A55E05002248B7 /* iOS-Boilerplate */,
				3485E79F21A55E07002248B7 /* iOS-BoilerplateTests */,
				3485E7AA21A55E07002248B7 /* iOS-BoilerplateUITests */,
			);
		};
/* End PBXProject section */

/* Begin PBXReferenceProxy section */
		341810BC21B7E26400BC9E1C /* FLEX.framework */ = {
			isa = PBXReferenceProxy;
			fileType = wrapper.framework;
			path = FLEX.framework;
			remoteRef = 341810BB21B7E26400BC9E1C /* PBXContainerItemProxy */;
			sourceTree = BUILT_PRODUCTS_DIR;
		};
		341810BE21B7E26400BC9E1C /* FLEXTestsMethodsList.xctest */ = {
			isa = PBXReferenceProxy;
			fileType = wrapper.cfbundle;
			path = FLEXTestsMethodsList.xctest;
			remoteRef = 341810BD21B7E26400BC9E1C /* PBXContainerItemProxy */;
			sourceTree = BUILT_PRODUCTS_DIR;
		};
		341C202721B662FE007227E2 /* Masonry.framework */ = {
			isa = PBXReferenceProxy;
			fileType = wrapper.framework;
			path = Masonry.framework;
			remoteRef = 341C202621B662FE007227E2 /* PBXContainerItemProxy */;
			sourceTree = BUILT_PRODUCTS_DIR;
		};
		341C202921B662FE007227E2 /* Masonry.framework */ = {
			isa = PBXReferenceProxy;
			fileType = wrapper.framework;
			path = Masonry.framework;
			remoteRef = 341C202821B662FE007227E2 /* PBXContainerItemProxy */;
			sourceTree = BUILT_PRODUCTS_DIR;
		};
		341C204B21B662FE007227E2 /* Alamofire.framework */ = {
			isa = PBXReferenceProxy;
			fileType = wrapper.framework;
			path = Alamofire.framework;
			remoteRef = 341C204A21B662FE007227E2 /* PBXContainerItemProxy */;
			sourceTree = BUILT_PRODUCTS_DIR;
		};
		341C204D21B662FE007227E2 /* Alamofire iOS Tests.xctest */ = {
			isa = PBXReferenceProxy;
			fileType = wrapper.cfbundle;
			path = "Alamofire iOS Tests.xctest";
			remoteRef = 341C204C21B662FE007227E2 /* PBXContainerItemProxy */;
			sourceTree = BUILT_PRODUCTS_DIR;
		};
		341C204F21B662FE007227E2 /* Alamofire.framework */ = {
			isa = PBXReferenceProxy;
			fileType = wrapper.framework;
			path = Alamofire.framework;
			remoteRef = 341C204E21B662FE007227E2 /* PBXContainerItemProxy */;
			sourceTree = BUILT_PRODUCTS_DIR;
		};
		341C205121B662FE007227E2 /* Alamofire macOS Tests.xctest */ = {
			isa = PBXReferenceProxy;
			fileType = wrapper.cfbundle;
			path = "Alamofire macOS Tests.xctest";
			remoteRef = 341C205021B662FE007227E2 /* PBXContainerItemProxy */;
			sourceTree = BUILT_PRODUCTS_DIR;
		};
		341C205321B662FE007227E2 /* Alamofire.framework */ = {
			isa = PBXReferenceProxy;
			fileType = wrapper.framework;
			path = Alamofire.framework;
			remoteRef = 341C205221B662FE007227E2 /* PBXContainerItemProxy */;
			sourceTree = BUILT_PRODUCTS_DIR;
		};
		341C205521B662FE007227E2 /* Alamofire tvOS Tests.xctest */ = {
			isa = PBXReferenceProxy;
			fileType = wrapper.cfbundle;
			path = "Alamofire tvOS Tests.xctest";
			remoteRef = 341C205421B662FE007227E2 /* PBXContainerItemProxy */;
			sourceTree = BUILT_PRODUCTS_DIR;
		};
		341C205721B662FE007227E2 /* Alamofire.framework */ = {
			isa = PBXReferenceProxy;
			fileType = wrapper.framework;
			path = Alamofire.framework;
			remoteRef = 341C205621B662FE007227E2 /* PBXContainerItemProxy */;
			sourceTree = BUILT_PRODUCTS_DIR;
		};
		341C206321B662FE007227E2 /* Nimble.framework */ = {
			isa = PBXReferenceProxy;
			fileType = wrapper.framework;
			path = Nimble.framework;
			remoteRef = 341C206221B662FE007227E2 /* PBXContainerItemProxy */;
			sourceTree = BUILT_PRODUCTS_DIR;
		};
		341C206521B662FE007227E2 /* NimbleTests.xctest */ = {
			isa = PBXReferenceProxy;
			fileType = wrapper.cfbundle;
			path = NimbleTests.xctest;
			remoteRef = 341C206421B662FE007227E2 /* PBXContainerItemProxy */;
			sourceTree = BUILT_PRODUCTS_DIR;
		};
		341C206721B662FE007227E2 /* Nimble.framework */ = {
			isa = PBXReferenceProxy;
			fileType = wrapper.framework;
			path = Nimble.framework;
			remoteRef = 341C206621B662FE007227E2 /* PBXContainerItemProxy */;
			sourceTree = BUILT_PRODUCTS_DIR;
		};
		341C206921B662FE007227E2 /* NimbleTests.xctest */ = {
			isa = PBXReferenceProxy;
			fileType = wrapper.cfbundle;
			path = NimbleTests.xctest;
			remoteRef = 341C206821B662FE007227E2 /* PBXContainerItemProxy */;
			sourceTree = BUILT_PRODUCTS_DIR;
		};
		341C206B21B662FE007227E2 /* Nimble.framework */ = {
			isa = PBXReferenceProxy;
			fileType = wrapper.framework;
			path = Nimble.framework;
			remoteRef = 341C206A21B662FE007227E2 /* PBXContainerItemProxy */;
			sourceTree = BUILT_PRODUCTS_DIR;
		};
		341C206D21B662FE007227E2 /* NimbleTests.xctest */ = {
			isa = PBXReferenceProxy;
			fileType = wrapper.cfbundle;
			path = NimbleTests.xctest;
			remoteRef = 341C206C21B662FE007227E2 /* PBXContainerItemProxy */;
			sourceTree = BUILT_PRODUCTS_DIR;
		};
		341C207F21B662FE007227E2 /* Quick.framework */ = {
			isa = PBXReferenceProxy;
			fileType = wrapper.framework;
			path = Quick.framework;
			remoteRef = 341C207E21B662FE007227E2 /* PBXContainerItemProxy */;
			sourceTree = BUILT_PRODUCTS_DIR;
		};
		341C208121B662FE007227E2 /* Quick - macOSTests.xctest */ = {
			isa = PBXReferenceProxy;
			fileType = wrapper.cfbundle;
			path = "Quick - macOSTests.xctest";
			remoteRef = 341C208021B662FE007227E2 /* PBXContainerItemProxy */;
			sourceTree = BUILT_PRODUCTS_DIR;
		};
		341C208321B662FE007227E2 /* QuickFocused - macOSTests.xctest */ = {
			isa = PBXReferenceProxy;
			fileType = wrapper.cfbundle;
			path = "QuickFocused - macOSTests.xctest";
			remoteRef = 341C208221B662FE007227E2 /* PBXContainerItemProxy */;
			sourceTree = BUILT_PRODUCTS_DIR;
		};
		341C208521B662FE007227E2 /* QuickAfterSuite - macOSTests.xctest */ = {
			isa = PBXReferenceProxy;
			fileType = wrapper.cfbundle;
			path = "QuickAfterSuite - macOSTests.xctest";
			remoteRef = 341C208421B662FE007227E2 /* PBXContainerItemProxy */;
			sourceTree = BUILT_PRODUCTS_DIR;
		};
		341C208721B662FE007227E2 /* Quick.framework */ = {
			isa = PBXReferenceProxy;
			fileType = wrapper.framework;
			path = Quick.framework;
			remoteRef = 341C208621B662FE007227E2 /* PBXContainerItemProxy */;
			sourceTree = BUILT_PRODUCTS_DIR;
		};
		341C208921B662FE007227E2 /* Quick - iOSTests.xctest */ = {
			isa = PBXReferenceProxy;
			fileType = wrapper.cfbundle;
			path = "Quick - iOSTests.xctest";
			remoteRef = 341C208821B662FE007227E2 /* PBXContainerItemProxy */;
			sourceTree = BUILT_PRODUCTS_DIR;
		};
		341C208B21B662FE007227E2 /* QuickFocused - iOSTests.xctest */ = {
			isa = PBXReferenceProxy;
			fileType = wrapper.cfbundle;
			path = "QuickFocused - iOSTests.xctest";
			remoteRef = 341C208A21B662FE007227E2 /* PBXContainerItemProxy */;
			sourceTree = BUILT_PRODUCTS_DIR;
		};
		341C208D21B662FE007227E2 /* QuickAfterSuite - iOSTests.xctest */ = {
			isa = PBXReferenceProxy;
			fileType = wrapper.cfbundle;
			path = "QuickAfterSuite - iOSTests.xctest";
			remoteRef = 341C208C21B662FE007227E2 /* PBXContainerItemProxy */;
			sourceTree = BUILT_PRODUCTS_DIR;
		};
		341C208F21B662FE007227E2 /* Quick.framework */ = {
			isa = PBXReferenceProxy;
			fileType = wrapper.framework;
			path = Quick.framework;
			remoteRef = 341C208E21B662FE007227E2 /* PBXContainerItemProxy */;
			sourceTree = BUILT_PRODUCTS_DIR;
		};
		341C209121B662FE007227E2 /* Quick - tvOSTests.xctest */ = {
			isa = PBXReferenceProxy;
			fileType = wrapper.cfbundle;
			path = "Quick - tvOSTests.xctest";
			remoteRef = 341C209021B662FE007227E2 /* PBXContainerItemProxy */;
			sourceTree = BUILT_PRODUCTS_DIR;
		};
		341C209321B662FE007227E2 /* QuickFocused - tvOSTests.xctest */ = {
			isa = PBXReferenceProxy;
			fileType = wrapper.cfbundle;
			path = "QuickFocused - tvOSTests.xctest";
			remoteRef = 341C209221B662FE007227E2 /* PBXContainerItemProxy */;
			sourceTree = BUILT_PRODUCTS_DIR;
		};
		341C209521B662FE007227E2 /* QuickAfterSuite - tvOSTests.xctest */ = {
			isa = PBXReferenceProxy;
			fileType = wrapper.cfbundle;
			path = "QuickAfterSuite - tvOSTests.xctest";
			remoteRef = 341C209421B662FE007227E2 /* PBXContainerItemProxy */;
			sourceTree = BUILT_PRODUCTS_DIR;
		};
		3440F5E221BE55480092CAF9 /* AlamofireNetworkActivityIndicator.framework */ = {
			isa = PBXReferenceProxy;
			fileType = wrapper.framework;
			path = AlamofireNetworkActivityIndicator.framework;
			remoteRef = 3440F5E121BE55480092CAF9 /* PBXContainerItemProxy */;
			sourceTree = BUILT_PRODUCTS_DIR;
		};
		3440F5E421BE55480092CAF9 /* AlamofireNetworkActivityIndicatorTests.xctest */ = {
			isa = PBXReferenceProxy;
			fileType = wrapper.cfbundle;
			path = AlamofireNetworkActivityIndicatorTests.xctest;
			remoteRef = 3440F5E321BE55480092CAF9 /* PBXContainerItemProxy */;
			sourceTree = BUILT_PRODUCTS_DIR;
		};
		3440F5F621BE55BC0092CAF9 /* AlamofireImage.framework */ = {
			isa = PBXReferenceProxy;
			fileType = wrapper.framework;
			path = AlamofireImage.framework;
			remoteRef = 3440F5F521BE55BC0092CAF9 /* PBXContainerItemProxy */;
			sourceTree = BUILT_PRODUCTS_DIR;
		};
		3440F5F821BE55BC0092CAF9 /* AlamofireImage iOS Tests.xctest */ = {
			isa = PBXReferenceProxy;
			fileType = wrapper.cfbundle;
			path = "AlamofireImage iOS Tests.xctest";
			remoteRef = 3440F5F721BE55BC0092CAF9 /* PBXContainerItemProxy */;
			sourceTree = BUILT_PRODUCTS_DIR;
		};
		3440F5FA21BE55BC0092CAF9 /* AlamofireImage.framework */ = {
			isa = PBXReferenceProxy;
			fileType = wrapper.framework;
			path = AlamofireImage.framework;
			remoteRef = 3440F5F921BE55BC0092CAF9 /* PBXContainerItemProxy */;
			sourceTree = BUILT_PRODUCTS_DIR;
		};
		3440F5FC21BE55BC0092CAF9 /* AlamofireImage macOS Tests.xctest */ = {
			isa = PBXReferenceProxy;
			fileType = wrapper.cfbundle;
			path = "AlamofireImage macOS Tests.xctest";
			remoteRef = 3440F5FB21BE55BC0092CAF9 /* PBXContainerItemProxy */;
			sourceTree = BUILT_PRODUCTS_DIR;
		};
		3440F5FE21BE55BC0092CAF9 /* AlamofireImage.framework */ = {
			isa = PBXReferenceProxy;
			fileType = wrapper.framework;
			path = AlamofireImage.framework;
			remoteRef = 3440F5FD21BE55BC0092CAF9 /* PBXContainerItemProxy */;
			sourceTree = BUILT_PRODUCTS_DIR;
		};
		3440F60021BE55BC0092CAF9 /* AlamofireImage tvOS Tests.xctest */ = {
			isa = PBXReferenceProxy;
			fileType = wrapper.cfbundle;
			path = "AlamofireImage tvOS Tests.xctest";
			remoteRef = 3440F5FF21BE55BC0092CAF9 /* PBXContainerItemProxy */;
			sourceTree = BUILT_PRODUCTS_DIR;
		};
		3440F60221BE55BC0092CAF9 /* AlamofireImage.framework */ = {
			isa = PBXReferenceProxy;
			fileType = wrapper.framework;
			path = AlamofireImage.framework;
			remoteRef = 3440F60121BE55BC0092CAF9 /* PBXContainerItemProxy */;
			sourceTree = BUILT_PRODUCTS_DIR;
		};
		3440F60421BE55BC0092CAF9 /* iOS Example.app */ = {
			isa = PBXReferenceProxy;
			fileType = wrapper.application;
			path = "iOS Example.app";
			remoteRef = 3440F60321BE55BC0092CAF9 /* PBXContainerItemProxy */;
			sourceTree = BUILT_PRODUCTS_DIR;
		};
/* End PBXReferenceProxy section */

/* Begin PBXResourcesBuildPhase section */
		3485E78721A55E05002248B7 /* Resources */ = {
			isa = PBXResourcesBuildPhase;
			buildActionMask = 2147483647;
			files = (
				3487744921A6C011001675D3 /* Main.storyboard in Resources */,
				3420DF6321AFDF0D0004C59F /* AutoEquatable.stencil in Resources */,
				3487744821A6C004001675D3 /* LaunchScreen.storyboard in Resources */,
				3487742321A6AC32001675D3 /* Localizable.strings in Resources */,
				3485E79721A55E07002248B7 /* Assets.xcassets in Resources */,
				3485E82A21A5B0D9002248B7 /* environments.plist in Resources */,
			);
			runOnlyForDeploymentPostprocessing = 0;
		};
		3485E79E21A55E07002248B7 /* Resources */ = {
			isa = PBXResourcesBuildPhase;
			buildActionMask = 2147483647;
			files = (
				341810B521B7D9B400BC9E1C /* Person.json in Resources */,
				34306A3021B1259A005B0A84 /* Event.json in Resources */,
			);
			runOnlyForDeploymentPostprocessing = 0;
		};
		3485E7A921A55E07002248B7 /* Resources */ = {
			isa = PBXResourcesBuildPhase;
			buildActionMask = 2147483647;
			files = (
			);
			runOnlyForDeploymentPostprocessing = 0;
		};
/* End PBXResourcesBuildPhase section */

/* Begin PBXShellScriptBuildPhase section */
		3440F63D21BE88D60092CAF9 /* ShellScript */ = {
			isa = PBXShellScriptBuildPhase;
			buildActionMask = 2147483647;
			files = (
			);
			inputFileListPaths = (
			);
			inputPaths = (
			);
			outputFileListPaths = (
			);
			outputPaths = (
			);
			runOnlyForDeploymentPostprocessing = 0;
			shellPath = /bin/sh;
			shellScript = "# xcode-build-bump.sh\n# @desc Auto-increment the build number every time the project is run. \n# @usage\n# 1. Select: your Target in Xcode\n# 2. Select: Build Phases Tab\n# 3. Select: Add Build Phase -> Add Run Script\n# 4. Paste code below in to new \"Run Script\" section\n# 5. Drag the \"Run Script\" below \"Link Binaries With Libraries\"\n# 6. Insure that your starting build number is set to a whole integer and not a float (e.g. 1, not 1.0)\n\nbuildNumber=$(/usr/libexec/PlistBuddy -c \"Print CFBundleVersion\" \"${PROJECT_DIR}/${INFOPLIST_FILE}\")\nbuildNumber=$(($buildNumber + 1))\n/usr/libexec/PlistBuddy -c \"Set :CFBundleVersion $buildNumber\" \"${PROJECT_DIR}/${INFOPLIST_FILE}\"\n";
		};
		3440F63E21BE89160092CAF9 /* ShellScript */ = {
			isa = PBXShellScriptBuildPhase;
			buildActionMask = 8;
			files = (
			);
			inputFileListPaths = (
			);
			inputPaths = (
			);
			outputFileListPaths = (
			);
			outputPaths = (
			);
			runOnlyForDeploymentPostprocessing = 1;
			shellPath = /bin/sh;
			shellScript = "# xcode-version-bump.sh\n# @desc Auto-increment the version number (only) when a project is archived for export. \n# @usage\n# 1. Select: your Target in Xcode\n# 2. Select: Build Phases Tab\n# 3. Select: Add Build Phase -> Add Run Script\n# 4. Paste code below in to new \"Run Script\" section\n# 5. Check the checkbox \"Run script only when installing\"\n# 6. Drag the \"Run Script\" below \"Link Binaries With Libraries\"\n# 7. Insure your starting version number is in SemVer format (e.g. 1.0.0)\n\n# This splits a two-decimal version string, such as \"0.45.123\", allowing us to increment the third position.\nVERSIONNUM=$(/usr/libexec/PlistBuddy -c \"Print CFBundleShortVersionString\" \"${PROJECT_DIR}/${INFOPLIST_FILE}\")\nNEWSUBVERSION=`echo $VERSIONNUM | awk -F \".\" '{print $3}'`\nNEWSUBVERSION=$(($NEWSUBVERSION + 1))\nNEWVERSIONSTRING=`echo $VERSIONNUM | awk -F \".\" '{print $1 \".\" $2 \".'$NEWSUBVERSION'\" }'`\n/usr/libexec/PlistBuddy -c \"Set :CFBundleShortVersionString $NEWVERSIONSTRING\" \"${PROJECT_DIR}/${INFOPLIST_FILE}\"\n";
		};
		34F7642821A7092800E68956 /* ShellScript */ = {
			isa = PBXShellScriptBuildPhase;
			buildActionMask = 2147483647;
			files = (
			);
			inputFileListPaths = (
			);
			inputPaths = (
			);
			outputFileListPaths = (
			);
			outputPaths = (
			);
			runOnlyForDeploymentPostprocessing = 0;
			shellPath = /bin/sh;
			shellScript = "if which swiftlint >/dev/null; then\nswiftlint lint --config .swiftlint.yml\nelse\necho \"warning: SwiftLint not installed, download from https://github.com/realm/SwiftLint\"\nfi\n\n";
		};
/* End PBXShellScriptBuildPhase section */

/* Begin PBXSourcesBuildPhase section */
		3485E78521A55E05002248B7 /* Sources */ = {
			isa = PBXSourcesBuildPhase;
			buildActionMask = 2147483647;
			files = (
				340088F521A820640072B1F0 /* UIViewController+navigationItem.swift in Sources */,
				340088DC21A81E5C0072B1F0 /* UIResponder+ChangeRootController.swift in Sources */,
				3485E80E21A58A5C002248B7 /* PersonDTO.swift in Sources */,
				340088EC21A81F930072B1F0 /* String+urlEncode.swift in Sources */,
				3485E82D21A5B1F0002248B7 /* Environment.swift in Sources */,
				3485E81A21A5A716002248B7 /* Configuration.swift in Sources */,
				3420DF6921AFDFE70004C59F /* AutoEquatable.generated.swift in Sources */,
				34F7642021A6E94100E68956 /* BookNomadsService.swift in Sources */,
				34BE878821B5928200B4FD22 /* Client.swift in Sources */,
				340088E021A81F4C0072B1F0 /* PropertyListHelper.swift in Sources */,
				3420DFE621B03ADA0004C59F /* DetailViewController.swift in Sources */,
				340088F821A820640072B1F0 /* UIViewController+showAlert.swift in Sources */,
				340088EA21A81F930072B1F0 /* Serializator.swift in Sources */,
				34306A3521B135D6005B0A84 /* AutoMockable.swift in Sources */,
				341810C421B80BF100BC9E1C /* Decodable+Codable.swift in Sources */,
				340088FD21A822940072B1F0 /* System.swift in Sources */,
				3485E79521A55E05002248B7 /* iOS_Boilerplate.xcdatamodeld in Sources */,
				340088F621A820640072B1F0 /* UIView+border.swift in Sources */,
				34306A4021B13DD6005B0A84 /* EventDTO.swift in Sources */,
				34306A3321B135C0005B0A84 /* AutoEquatable.swift in Sources */,
				340088D821A81AB00072B1F0 /* CoreDataStack.swift in Sources */,
				3485E78F21A55E05002248B7 /* ViewController.swift in Sources */,
				340088EB21A81F930072B1F0 /* String+subscript.swift in Sources */,
				340088F421A820640072B1F0 /* UIViewController+imageBackground.swift in Sources */,
				34F7641E21A6E4E400E68956 /* Http.swift in Sources */,
				3420DF6121AFDCD40004C59F /* FakeProtocol.swift in Sources */,
				340088E821A81F930072B1F0 /* Date+JSON.swift in Sources */,
				340088DE21A81E8E0072B1F0 /* UrlHelper.swift in Sources */,
				3485E78D21A55E05002248B7 /* AppDelegate.swift in Sources */,
				340088E921A81F930072B1F0 /* OSEmailValidator.swift in Sources */,
				34F7642721A6F64B00E68956 /* BookDTO.swift in Sources */,
				340088F721A820640072B1F0 /* CALayer+XibConfiguration.swift in Sources */,
				341810C621B8152400BC9E1C /* NetworkingInjector.swift in Sources */,
				340088ED21A81F930072B1F0 /* OSDNIValidator.swift in Sources */,
				34BE876521B590D100B4FD22 /* API.swift in Sources */,
				340088FC21A822940072B1F0 /* AppInfo.swift in Sources */,
			);
			runOnlyForDeploymentPostprocessing = 0;
		};
		3485E79C21A55E07002248B7 /* Sources */ = {
			isa = PBXSourcesBuildPhase;
			buildActionMask = 2147483647;
			files = (
				3420DF6B21AFE0730004C59F /* FakeProtocol.swift in Sources */,
				34F7642521A6ECF100E68956 /* BookNomadsServiceTests.swift in Sources */,
				3485E83021A5B5FB002248B7 /* ConfigurationTest.swift in Sources */,
				34306A2B21B12335005B0A84 /* EventTests.swift in Sources */,
				3485E81021A59083002248B7 /* PersonDTOTests.swift in Sources */,
				34306A2D21B12367005B0A84 /* ModelHelper.swift in Sources */,
				34306A4121B148DF005B0A84 /* AutoEquatable.swift in Sources */,
				3420DF6A21AFDFEB0004C59F /* AutoMock.generated.swift in Sources */,
				341C20B421B66881007227E2 /* ServiceTests.swift in Sources */,
				34306A4221B148E2005B0A84 /* AutoMockable.swift in Sources */,
				3485E7A521A55E07002248B7 /* BoilerplateTests.swift in Sources */,
				341810CB21B8321400BC9E1C /* MockAPIClient.swift in Sources */,
				341810C921B8316400BC9E1C /* MockServicesTests.swift in Sources */,
			);
			runOnlyForDeploymentPostprocessing = 0;
		};
		3485E7A721A55E07002248B7 /* Sources */ = {
			isa = PBXSourcesBuildPhase;
			buildActionMask = 2147483647;
			files = (
				3485E7B021A55E07002248B7 /* BoilerplateUITests.swift in Sources */,
			);
			runOnlyForDeploymentPostprocessing = 0;
		};
/* End PBXSourcesBuildPhase section */

/* Begin PBXTargetDependency section */
		341810AA21B7CE5E00BC9E1C /* PBXTargetDependency */ = {
			isa = PBXTargetDependency;
			name = "Nimble-iOS";
			targetProxy = 341810A921B7CE5E00BC9E1C /* PBXContainerItemProxy */;
		};
		341810AC21B7CE6800BC9E1C /* PBXTargetDependency */ = {
			isa = PBXTargetDependency;
			name = "Quick-iOS";
			targetProxy = 341810AB21B7CE6800BC9E1C /* PBXContainerItemProxy */;
		};
		341810AE21B7CE7B00BC9E1C /* PBXTargetDependency */ = {
			isa = PBXTargetDependency;
			name = "Nimble-iOS";
			targetProxy = 341810AD21B7CE7B00BC9E1C /* PBXContainerItemProxy */;
		};
		341810B021B7CE8400BC9E1C /* PBXTargetDependency */ = {
			isa = PBXTargetDependency;
			name = "Quick-iOS";
			targetProxy = 341810AF21B7CE8400BC9E1C /* PBXContainerItemProxy */;
		};
		341810C221B7E28900BC9E1C /* PBXTargetDependency */ = {
			isa = PBXTargetDependency;
			name = FLEX;
			targetProxy = 341810C121B7E28900BC9E1C /* PBXContainerItemProxy */;
		};
		341C20B221B6635D007227E2 /* PBXTargetDependency */ = {
			isa = PBXTargetDependency;
			name = "Masonry iOS";
			targetProxy = 341C20B121B6635D007227E2 /* PBXContainerItemProxy */;
		};
		3440F5E821BE55620092CAF9 /* PBXTargetDependency */ = {
			isa = PBXTargetDependency;
			name = AlamofireNetworkActivityIndicator;
			targetProxy = 3440F5E721BE55620092CAF9 /* PBXContainerItemProxy */;
		};
		3440F60821BE55C80092CAF9 /* PBXTargetDependency */ = {
			isa = PBXTargetDependency;
			name = "AlamofireImage iOS";
			targetProxy = 3440F60721BE55C80092CAF9 /* PBXContainerItemProxy */;
		};
		3485E7A221A55E07002248B7 /* PBXTargetDependency */ = {
			isa = PBXTargetDependency;
			target = 3485E78821A55E05002248B7 /* iOS-Boilerplate */;
			targetProxy = 3485E7A121A55E07002248B7 /* PBXContainerItemProxy */;
		};
		3485E7AD21A55E07002248B7 /* PBXTargetDependency */ = {
			isa = PBXTargetDependency;
			target = 3485E78821A55E05002248B7 /* iOS-Boilerplate */;
			targetProxy = 3485E7AC21A55E07002248B7 /* PBXContainerItemProxy */;
		};
/* End PBXTargetDependency section */

/* Begin PBXVariantGroup section */
		3485E79021A55E05002248B7 /* Main.storyboard */ = {
			isa = PBXVariantGroup;
			children = (
				3485E79121A55E05002248B7 /* Base */,
			);
			name = Main.storyboard;
			sourceTree = "<group>";
		};
		3485E79821A55E07002248B7 /* LaunchScreen.storyboard */ = {
			isa = PBXVariantGroup;
			children = (
				3485E79921A55E07002248B7 /* Base */,
			);
			name = LaunchScreen.storyboard;
			sourceTree = "<group>";
		};
		3487742121A6AC32001675D3 /* Localizable.strings */ = {
			isa = PBXVariantGroup;
			children = (
				3487742221A6AC32001675D3 /* Base */,
				3487742421A6AC4F001675D3 /* en */,
				3487742721A6AC74001675D3 /* es */,
			);
			name = Localizable.strings;
			sourceTree = "<group>";
		};
/* End PBXVariantGroup section */

/* Begin XCBuildConfiguration section */
		3485E7B221A55E07002248B7 /* Debug */ = {
			isa = XCBuildConfiguration;
			buildSettings = {
				ALWAYS_SEARCH_USER_PATHS = NO;
				CLANG_ANALYZER_LOCALIZABILITY_NONLOCALIZED = YES;
				CLANG_ANALYZER_NONNULL = YES;
				CLANG_ANALYZER_NUMBER_OBJECT_CONVERSION = YES_AGGRESSIVE;
				CLANG_CXX_LANGUAGE_STANDARD = "gnu++14";
				CLANG_CXX_LIBRARY = "libc++";
				CLANG_ENABLE_MODULES = YES;
				CLANG_ENABLE_OBJC_ARC = YES;
				CLANG_ENABLE_OBJC_WEAK = YES;
				CLANG_WARN_BLOCK_CAPTURE_AUTORELEASING = YES;
				CLANG_WARN_BOOL_CONVERSION = YES;
				CLANG_WARN_COMMA = YES;
				CLANG_WARN_CONSTANT_CONVERSION = YES;
				CLANG_WARN_DEPRECATED_OBJC_IMPLEMENTATIONS = YES;
				CLANG_WARN_DIRECT_OBJC_ISA_USAGE = YES_ERROR;
				CLANG_WARN_DOCUMENTATION_COMMENTS = YES;
				CLANG_WARN_EMPTY_BODY = YES;
				CLANG_WARN_ENUM_CONVERSION = YES;
				CLANG_WARN_INFINITE_RECURSION = YES;
				CLANG_WARN_INT_CONVERSION = YES;
				CLANG_WARN_NON_LITERAL_NULL_CONVERSION = YES;
				CLANG_WARN_OBJC_IMPLICIT_RETAIN_SELF = YES;
				CLANG_WARN_OBJC_LITERAL_CONVERSION = YES;
				CLANG_WARN_OBJC_ROOT_CLASS = YES_ERROR;
				CLANG_WARN_RANGE_LOOP_ANALYSIS = YES;
				CLANG_WARN_STRICT_PROTOTYPES = YES;
				CLANG_WARN_SUSPICIOUS_MOVE = YES;
				CLANG_WARN_UNGUARDED_AVAILABILITY = YES_AGGRESSIVE;
				CLANG_WARN_UNREACHABLE_CODE = YES;
				CLANG_WARN__DUPLICATE_METHOD_MATCH = YES;
				CODE_SIGN_IDENTITY = "iPhone Developer";
				COPY_PHASE_STRIP = NO;
				DEBUG_INFORMATION_FORMAT = dwarf;
				ENABLE_STRICT_OBJC_MSGSEND = YES;
				ENABLE_TESTABILITY = YES;
				GCC_C_LANGUAGE_STANDARD = gnu11;
				GCC_DYNAMIC_NO_PIC = NO;
				GCC_NO_COMMON_BLOCKS = YES;
				GCC_OPTIMIZATION_LEVEL = 0;
				GCC_PREPROCESSOR_DEFINITIONS = (
					"DEBUG=1",
					"$(inherited)",
				);
				GCC_WARN_64_TO_32_BIT_CONVERSION = YES;
				GCC_WARN_ABOUT_RETURN_TYPE = YES_ERROR;
				GCC_WARN_UNDECLARED_SELECTOR = YES;
				GCC_WARN_UNINITIALIZED_AUTOS = YES_AGGRESSIVE;
				GCC_WARN_UNUSED_FUNCTION = YES;
				GCC_WARN_UNUSED_VARIABLE = YES;
				IPHONEOS_DEPLOYMENT_TARGET = 10.0;
				MTL_ENABLE_DEBUG_INFO = INCLUDE_SOURCE;
				MTL_FAST_MATH = YES;
				ONLY_ACTIVE_ARCH = YES;
				OTHER_LDFLAGS = "-ObjC";
				SDKROOT = iphoneos;
				SWIFT_ACTIVE_COMPILATION_CONDITIONS = DEBUG;
				SWIFT_OPTIMIZATION_LEVEL = "-Onone";
			};
			name = Debug;
		};
		3485E7B321A55E07002248B7 /* Release */ = {
			isa = XCBuildConfiguration;
			buildSettings = {
				ALWAYS_SEARCH_USER_PATHS = NO;
				CLANG_ANALYZER_LOCALIZABILITY_NONLOCALIZED = YES;
				CLANG_ANALYZER_NONNULL = YES;
				CLANG_ANALYZER_NUMBER_OBJECT_CONVERSION = YES_AGGRESSIVE;
				CLANG_CXX_LANGUAGE_STANDARD = "gnu++14";
				CLANG_CXX_LIBRARY = "libc++";
				CLANG_ENABLE_MODULES = YES;
				CLANG_ENABLE_OBJC_ARC = YES;
				CLANG_ENABLE_OBJC_WEAK = YES;
				CLANG_WARN_BLOCK_CAPTURE_AUTORELEASING = YES;
				CLANG_WARN_BOOL_CONVERSION = YES;
				CLANG_WARN_COMMA = YES;
				CLANG_WARN_CONSTANT_CONVERSION = YES;
				CLANG_WARN_DEPRECATED_OBJC_IMPLEMENTATIONS = YES;
				CLANG_WARN_DIRECT_OBJC_ISA_USAGE = YES_ERROR;
				CLANG_WARN_DOCUMENTATION_COMMENTS = YES;
				CLANG_WARN_EMPTY_BODY = YES;
				CLANG_WARN_ENUM_CONVERSION = YES;
				CLANG_WARN_INFINITE_RECURSION = YES;
				CLANG_WARN_INT_CONVERSION = YES;
				CLANG_WARN_NON_LITERAL_NULL_CONVERSION = YES;
				CLANG_WARN_OBJC_IMPLICIT_RETAIN_SELF = YES;
				CLANG_WARN_OBJC_LITERAL_CONVERSION = YES;
				CLANG_WARN_OBJC_ROOT_CLASS = YES_ERROR;
				CLANG_WARN_RANGE_LOOP_ANALYSIS = YES;
				CLANG_WARN_STRICT_PROTOTYPES = YES;
				CLANG_WARN_SUSPICIOUS_MOVE = YES;
				CLANG_WARN_UNGUARDED_AVAILABILITY = YES_AGGRESSIVE;
				CLANG_WARN_UNREACHABLE_CODE = YES;
				CLANG_WARN__DUPLICATE_METHOD_MATCH = YES;
				CODE_SIGN_IDENTITY = "iPhone Developer";
				COPY_PHASE_STRIP = NO;
				DEBUG_INFORMATION_FORMAT = "dwarf-with-dsym";
				ENABLE_NS_ASSERTIONS = NO;
				ENABLE_STRICT_OBJC_MSGSEND = YES;
				GCC_C_LANGUAGE_STANDARD = gnu11;
				GCC_NO_COMMON_BLOCKS = YES;
				GCC_WARN_64_TO_32_BIT_CONVERSION = YES;
				GCC_WARN_ABOUT_RETURN_TYPE = YES_ERROR;
				GCC_WARN_UNDECLARED_SELECTOR = YES;
				GCC_WARN_UNINITIALIZED_AUTOS = YES_AGGRESSIVE;
				GCC_WARN_UNUSED_FUNCTION = YES;
				GCC_WARN_UNUSED_VARIABLE = YES;
				IPHONEOS_DEPLOYMENT_TARGET = 10.0;
				MTL_ENABLE_DEBUG_INFO = NO;
				MTL_FAST_MATH = YES;
				OTHER_LDFLAGS = "-ObjC";
				SDKROOT = iphoneos;
				SWIFT_COMPILATION_MODE = wholemodule;
				SWIFT_OPTIMIZATION_LEVEL = "-O";
				VALIDATE_PRODUCT = YES;
			};
			name = Release;
		};
		3485E7B521A55E07002248B7 /* Debug */ = {
			isa = XCBuildConfiguration;
			buildSettings = {
				ALWAYS_EMBED_SWIFT_STANDARD_LIBRARIES = YES;
				ASSETCATALOG_COMPILER_APPICON_NAME = AppIcon;
				CODE_SIGN_STYLE = Automatic;
				DEVELOPMENT_TEAM = TW65EXAM4U;
				INFOPLIST_FILE = "iOS-Boilerplate/Supporting Files/Info.plist";
				IPHONEOS_DEPLOYMENT_TARGET = 10.0;
				LD_RUNPATH_SEARCH_PATHS = (
					"$(inherited)",
					"@executable_path/Frameworks",
					"$(SYMROOT)/Debug$(EFFECTIVE_PLATFORM_NAME)",
				);
				PRODUCT_BUNDLE_IDENTIFIER = "org.veladan.iOS-Boilerplate";
				PRODUCT_NAME = "$(TARGET_NAME)";
				PROVISIONING_PROFILE_SPECIFIER = "";
				SWIFT_VERSION = 4.2;
				TARGETED_DEVICE_FAMILY = "1,2";
			};
			name = Debug;
		};
		3485E7B621A55E07002248B7 /* Release */ = {
			isa = XCBuildConfiguration;
			buildSettings = {
				ALWAYS_EMBED_SWIFT_STANDARD_LIBRARIES = YES;
				ASSETCATALOG_COMPILER_APPICON_NAME = AppIcon;
				CODE_SIGN_STYLE = Automatic;
				DEVELOPMENT_TEAM = TW65EXAM4U;
				INFOPLIST_FILE = "iOS-Boilerplate/Supporting Files/Info.plist";
				IPHONEOS_DEPLOYMENT_TARGET = 10.0;
				LD_RUNPATH_SEARCH_PATHS = (
					"$(inherited)",
					"@executable_path/Frameworks",
					"$(SYMROOT)/Debug$(EFFECTIVE_PLATFORM_NAME)",
				);
				PRODUCT_BUNDLE_IDENTIFIER = "org.veladan.iOS-Boilerplate";
				PRODUCT_NAME = "$(TARGET_NAME)";
				PROVISIONING_PROFILE_SPECIFIER = "";
				SWIFT_VERSION = 4.2;
				TARGETED_DEVICE_FAMILY = "1,2";
			};
			name = Release;
		};
		3485E7B821A55E07002248B7 /* Debug */ = {
			isa = XCBuildConfiguration;
			buildSettings = {
				ALWAYS_EMBED_SWIFT_STANDARD_LIBRARIES = YES;
				BUNDLE_LOADER = "$(TEST_HOST)";
				CODE_SIGN_STYLE = Automatic;
				DEVELOPMENT_TEAM = TW65EXAM4U;
				INFOPLIST_FILE = "iOS-BoilerplateTests/Info.plist";
				LD_RUNPATH_SEARCH_PATHS = (
					"$(inherited)",
					"@executable_path/Frameworks",
					"@loader_path/Frameworks",
				);
				PRODUCT_BUNDLE_IDENTIFIER = "org.veladan.iOS-BoilerplateTests";
				PRODUCT_NAME = "$(TARGET_NAME)";
				SWIFT_VERSION = 4.2;
				TARGETED_DEVICE_FAMILY = "1,2";
				TEST_HOST = "$(BUILT_PRODUCTS_DIR)/iOS-Boilerplate.app/iOS-Boilerplate";
			};
			name = Debug;
		};
		3485E7B921A55E07002248B7 /* Release */ = {
			isa = XCBuildConfiguration;
			buildSettings = {
				ALWAYS_EMBED_SWIFT_STANDARD_LIBRARIES = YES;
				BUNDLE_LOADER = "$(TEST_HOST)";
				CODE_SIGN_STYLE = Automatic;
				DEVELOPMENT_TEAM = TW65EXAM4U;
				INFOPLIST_FILE = "iOS-BoilerplateTests/Info.plist";
				LD_RUNPATH_SEARCH_PATHS = (
					"$(inherited)",
					"@executable_path/Frameworks",
					"@loader_path/Frameworks",
				);
				PRODUCT_BUNDLE_IDENTIFIER = "org.veladan.iOS-BoilerplateTests";
				PRODUCT_NAME = "$(TARGET_NAME)";
				SWIFT_VERSION = 4.2;
				TARGETED_DEVICE_FAMILY = "1,2";
				TEST_HOST = "$(BUILT_PRODUCTS_DIR)/iOS-Boilerplate.app/iOS-Boilerplate";
			};
			name = Release;
		};
		3485E7BB21A55E07002248B7 /* Debug */ = {
			isa = XCBuildConfiguration;
			buildSettings = {
				ALWAYS_EMBED_SWIFT_STANDARD_LIBRARIES = YES;
				CODE_SIGN_STYLE = Automatic;
				DEVELOPMENT_TEAM = TW65EXAM4U;
				INFOPLIST_FILE = "iOS-BoilerplateUITests/Info.plist";
				LD_RUNPATH_SEARCH_PATHS = (
					"$(inherited)",
					"@executable_path/Frameworks",
					"@loader_path/Frameworks",
				);
				PRODUCT_BUNDLE_IDENTIFIER = "org.veladan.iOS-BoilerplateUITests";
				PRODUCT_NAME = "$(TARGET_NAME)";
				SWIFT_VERSION = 4.2;
				TARGETED_DEVICE_FAMILY = "1,2";
				TEST_TARGET_NAME = "iOS-Boilerplate";
			};
			name = Debug;
		};
		3485E7BC21A55E07002248B7 /* Release */ = {
			isa = XCBuildConfiguration;
			buildSettings = {
				ALWAYS_EMBED_SWIFT_STANDARD_LIBRARIES = YES;
				CODE_SIGN_STYLE = Automatic;
				DEVELOPMENT_TEAM = TW65EXAM4U;
				INFOPLIST_FILE = "iOS-BoilerplateUITests/Info.plist";
				LD_RUNPATH_SEARCH_PATHS = (
					"$(inherited)",
					"@executable_path/Frameworks",
					"@loader_path/Frameworks",
				);
				PRODUCT_BUNDLE_IDENTIFIER = "org.veladan.iOS-BoilerplateUITests";
				PRODUCT_NAME = "$(TARGET_NAME)";
				SWIFT_VERSION = 4.2;
				TARGETED_DEVICE_FAMILY = "1,2";
				TEST_TARGET_NAME = "iOS-Boilerplate";
			};
			name = Release;
		};
/* End XCBuildConfiguration section */

/* Begin XCConfigurationList section */
		3485E78421A55E05002248B7 /* Build configuration list for PBXProject "iOS-Boilerplate" */ = {
			isa = XCConfigurationList;
			buildConfigurations = (
				3485E7B221A55E07002248B7 /* Debug */,
				3485E7B321A55E07002248B7 /* Release */,
			);
			defaultConfigurationIsVisible = 0;
			defaultConfigurationName = Release;
		};
		3485E7B421A55E07002248B7 /* Build configuration list for PBXNativeTarget "iOS-Boilerplate" */ = {
			isa = XCConfigurationList;
			buildConfigurations = (
				3485E7B521A55E07002248B7 /* Debug */,
				3485E7B621A55E07002248B7 /* Release */,
			);
			defaultConfigurationIsVisible = 0;
			defaultConfigurationName = Release;
		};
		3485E7B721A55E07002248B7 /* Build configuration list for PBXNativeTarget "iOS-BoilerplateTests" */ = {
			isa = XCConfigurationList;
			buildConfigurations = (
				3485E7B821A55E07002248B7 /* Debug */,
				3485E7B921A55E07002248B7 /* Release */,
			);
			defaultConfigurationIsVisible = 0;
			defaultConfigurationName = Release;
		};
		3485E7BA21A55E07002248B7 /* Build configuration list for PBXNativeTarget "iOS-BoilerplateUITests" */ = {
			isa = XCConfigurationList;
			buildConfigurations = (
				3485E7BB21A55E07002248B7 /* Debug */,
				3485E7BC21A55E07002248B7 /* Release */,
			);
			defaultConfigurationIsVisible = 0;
			defaultConfigurationName = Release;
		};
/* End XCConfigurationList section */

/* Begin XCVersionGroup section */
		3485E79321A55E05002248B7 /* iOS_Boilerplate.xcdatamodeld */ = {
			isa = XCVersionGroup;
			children = (
				3485E79421A55E05002248B7 /* iOS_Boilerplate.xcdatamodel */,
			);
			currentVersion = 3485E79421A55E05002248B7 /* iOS_Boilerplate.xcdatamodel */;
			path = iOS_Boilerplate.xcdatamodeld;
			sourceTree = "<group>";
			versionGroupType = wrapper.xcdatamodel;
		};
/* End XCVersionGroup section */
	};
	rootObject = 3485E78121A55E05002248B7 /* Project object */;
}
