// !$*UTF8*$!
{
	archiveVersion = 1;
	classes = {
	};
	objectVersion = 50;
	objects = {

/* Begin PBXBuildFile section */
		340088D821A81AB00072B1F0 /* CoreDataStack.swift in Sources */ = {isa = PBXBuildFile; fileRef = 340088D721A81AB00072B1F0 /* CoreDataStack.swift */; };
		340088DC21A81E5C0072B1F0 /* UIResponder+ChangeRootController.swift in Sources */ = {isa = PBXBuildFile; fileRef = 340088DB21A81E5C0072B1F0 /* UIResponder+ChangeRootController.swift */; };
		340088DE21A81E8E0072B1F0 /* UrlHelper.swift in Sources */ = {isa = PBXBuildFile; fileRef = 340088DD21A81E8E0072B1F0 /* UrlHelper.swift */; };
		340088E021A81F4C0072B1F0 /* PropertyListHelper.swift in Sources */ = {isa = PBXBuildFile; fileRef = 340088DF21A81F4C0072B1F0 /* PropertyListHelper.swift */; };
		340088E821A81F930072B1F0 /* Date+JSON.swift in Sources */ = {isa = PBXBuildFile; fileRef = 340088E221A81F930072B1F0 /* Date+JSON.swift */; };
		340088E921A81F930072B1F0 /* OSEmailValidator.swift in Sources */ = {isa = PBXBuildFile; fileRef = 340088E321A81F930072B1F0 /* OSEmailValidator.swift */; };
		340088EA21A81F930072B1F0 /* Serializator.swift in Sources */ = {isa = PBXBuildFile; fileRef = 340088E421A81F930072B1F0 /* Serializator.swift */; };
		340088EB21A81F930072B1F0 /* String+subscript.swift in Sources */ = {isa = PBXBuildFile; fileRef = 340088E521A81F930072B1F0 /* String+subscript.swift */; };
		340088EC21A81F930072B1F0 /* String+urlEncode.swift in Sources */ = {isa = PBXBuildFile; fileRef = 340088E621A81F930072B1F0 /* String+urlEncode.swift */; };
		340088ED21A81F930072B1F0 /* OSDNIValidator.swift in Sources */ = {isa = PBXBuildFile; fileRef = 340088E721A81F930072B1F0 /* OSDNIValidator.swift */; };
		340088F421A820640072B1F0 /* UIViewController+imageBackground.swift in Sources */ = {isa = PBXBuildFile; fileRef = 340088EF21A820630072B1F0 /* UIViewController+imageBackground.swift */; };
		340088F521A820640072B1F0 /* UIViewController+navigationItem.swift in Sources */ = {isa = PBXBuildFile; fileRef = 340088F021A820630072B1F0 /* UIViewController+navigationItem.swift */; };
		340088F621A820640072B1F0 /* UIView+border.swift in Sources */ = {isa = PBXBuildFile; fileRef = 340088F121A820630072B1F0 /* UIView+border.swift */; };
		340088F721A820640072B1F0 /* CALayer+XibConfiguration.swift in Sources */ = {isa = PBXBuildFile; fileRef = 340088F221A820630072B1F0 /* CALayer+XibConfiguration.swift */; };
		340088F821A820640072B1F0 /* UIViewController+showAlert.swift in Sources */ = {isa = PBXBuildFile; fileRef = 340088F321A820640072B1F0 /* UIViewController+showAlert.swift */; };
		340088FC21A822940072B1F0 /* AppInfo.swift in Sources */ = {isa = PBXBuildFile; fileRef = 340088FA21A822940072B1F0 /* AppInfo.swift */; };
		340088FD21A822940072B1F0 /* System.swift in Sources */ = {isa = PBXBuildFile; fileRef = 340088FB21A822940072B1F0 /* System.swift */; };
		340088FE21A82E760072B1F0 /* Alamofire.framework in Frameworks */ = {isa = PBXBuildFile; fileRef = 34F7641121A6E4A800E68956 /* Alamofire.framework */; };
		340088FF21A82E760072B1F0 /* Alamofire.framework in Embed Frameworks */ = {isa = PBXBuildFile; fileRef = 34F7641121A6E4A800E68956 /* Alamofire.framework */; settings = {ATTRIBUTES = (CodeSignOnCopy, RemoveHeadersOnCopy, ); }; };
		3420DF6121AFDCD40004C59F /* FakeProtocol.swift in Sources */ = {isa = PBXBuildFile; fileRef = 3420DF6021AFDCD40004C59F /* FakeProtocol.swift */; };
		3420DF6321AFDF0D0004C59F /* AutoEquatable.stencil in Resources */ = {isa = PBXBuildFile; fileRef = 3420DF6221AFDF0D0004C59F /* AutoEquatable.stencil */; };
		3420DF6921AFDFE70004C59F /* AutoEquatable.generated.swift in Sources */ = {isa = PBXBuildFile; fileRef = 3420DF6721AFDFE60004C59F /* AutoEquatable.generated.swift */; };
		3420DF6A21AFDFEB0004C59F /* AutoMock.generated.swift in Sources */ = {isa = PBXBuildFile; fileRef = 3420DF6621AFDFE60004C59F /* AutoMock.generated.swift */; };
		3420DF6B21AFE0730004C59F /* FakeProtocol.swift in Sources */ = {isa = PBXBuildFile; fileRef = 3420DF6021AFDCD40004C59F /* FakeProtocol.swift */; };
		3420DF8121AFEC2C0004C59F /* SDWebImage.framework in Frameworks */ = {isa = PBXBuildFile; fileRef = 3420DF7A21AFEC1C0004C59F /* SDWebImage.framework */; };
		3420DF8221AFEC2C0004C59F /* SDWebImage.framework in Embed Frameworks */ = {isa = PBXBuildFile; fileRef = 3420DF7A21AFEC1C0004C59F /* SDWebImage.framework */; settings = {ATTRIBUTES = (CodeSignOnCopy, RemoveHeadersOnCopy, ); }; };
		3420DF8721AFECA20004C59F /* ImageIO.framework in Frameworks */ = {isa = PBXBuildFile; fileRef = 3420DF8621AFECA20004C59F /* ImageIO.framework */; };
		3420DF9121AFEE2B0004C59F /* Masonry.framework in Frameworks */ = {isa = PBXBuildFile; fileRef = 3420DF8E21AFEE1C0004C59F /* Masonry.framework */; };
		3420DF9221AFEE2B0004C59F /* Masonry.framework in Embed Frameworks */ = {isa = PBXBuildFile; fileRef = 3420DF8E21AFEE1C0004C59F /* Masonry.framework */; settings = {ATTRIBUTES = (CodeSignOnCopy, RemoveHeadersOnCopy, ); }; };
		3420DFE621B03ADA0004C59F /* DetailViewController.swift in Sources */ = {isa = PBXBuildFile; fileRef = 3420DFE521B03ADA0004C59F /* DetailViewController.swift */; };
		34306A2B21B12335005B0A84 /* EventTests.swift in Sources */ = {isa = PBXBuildFile; fileRef = 34306A2A21B12335005B0A84 /* EventTests.swift */; };
		34306A2D21B12367005B0A84 /* ModelHelper.swift in Sources */ = {isa = PBXBuildFile; fileRef = 34306A2C21B12367005B0A84 /* ModelHelper.swift */; };
		34306A3021B1259A005B0A84 /* Event.json in Resources */ = {isa = PBXBuildFile; fileRef = 34306A2F21B1259A005B0A84 /* Event.json */; };
		3485E78D21A55E05002248B7 /* AppDelegate.swift in Sources */ = {isa = PBXBuildFile; fileRef = 3485E78C21A55E05002248B7 /* AppDelegate.swift */; };
		3485E78F21A55E05002248B7 /* ViewController.swift in Sources */ = {isa = PBXBuildFile; fileRef = 3485E78E21A55E05002248B7 /* ViewController.swift */; };
		3485E79521A55E05002248B7 /* iOS_Boilerplate.xcdatamodeld in Sources */ = {isa = PBXBuildFile; fileRef = 3485E79321A55E05002248B7 /* iOS_Boilerplate.xcdatamodeld */; };
		3485E79721A55E07002248B7 /* Assets.xcassets in Resources */ = {isa = PBXBuildFile; fileRef = 3485E79621A55E07002248B7 /* Assets.xcassets */; };
		3485E7A521A55E07002248B7 /* BoilerplateTests.swift in Sources */ = {isa = PBXBuildFile; fileRef = 3485E7A421A55E07002248B7 /* BoilerplateTests.swift */; };
		3485E7B021A55E07002248B7 /* BoilerplateUITests.swift in Sources */ = {isa = PBXBuildFile; fileRef = 3485E7AF21A55E07002248B7 /* BoilerplateUITests.swift */; };
		3485E80E21A58A5C002248B7 /* PersonDTO.swift in Sources */ = {isa = PBXBuildFile; fileRef = 3485E80D21A58A5C002248B7 /* PersonDTO.swift */; };
		3485E81021A59083002248B7 /* PersonDTOTests.swift in Sources */ = {isa = PBXBuildFile; fileRef = 3485E80F21A59083002248B7 /* PersonDTOTests.swift */; };
		3485E81221A59358002248B7 /* person.json in Resources */ = {isa = PBXBuildFile; fileRef = 3485E81121A59358002248B7 /* person.json */; };
		3485E81A21A5A716002248B7 /* Configuration.swift in Sources */ = {isa = PBXBuildFile; fileRef = 3485E81921A5A716002248B7 /* Configuration.swift */; };
		3485E82A21A5B0D9002248B7 /* environments.plist in Resources */ = {isa = PBXBuildFile; fileRef = 3485E82721A5B0D9002248B7 /* environments.plist */; };
		3485E82D21A5B1F0002248B7 /* Environment.swift in Sources */ = {isa = PBXBuildFile; fileRef = 3485E82C21A5B1EF002248B7 /* Environment.swift */; };
		3485E83021A5B5FB002248B7 /* ConfigurationTest.swift in Sources */ = {isa = PBXBuildFile; fileRef = 3485E82E21A5B496002248B7 /* ConfigurationTest.swift */; };
		3487742321A6AC32001675D3 /* Localizable.strings in Resources */ = {isa = PBXBuildFile; fileRef = 3487742121A6AC32001675D3 /* Localizable.strings */; };
		3487744821A6C004001675D3 /* LaunchScreen.storyboard in Resources */ = {isa = PBXBuildFile; fileRef = 3485E79821A55E07002248B7 /* LaunchScreen.storyboard */; };
		3487744921A6C011001675D3 /* Main.storyboard in Resources */ = {isa = PBXBuildFile; fileRef = 3485E79021A55E05002248B7 /* Main.storyboard */; };
		34F7641E21A6E4E400E68956 /* HttpRequest.swift in Sources */ = {isa = PBXBuildFile; fileRef = 3487742B21A6BD43001675D3 /* HttpRequest.swift */; };
		34F7642021A6E94100E68956 /* BookNomadsService.swift in Sources */ = {isa = PBXBuildFile; fileRef = 34F7641F21A6E94100E68956 /* BookNomadsService.swift */; };
		34F7642521A6ECF100E68956 /* BookNomadsServiceTests.swift in Sources */ = {isa = PBXBuildFile; fileRef = 34F7642421A6ECF100E68956 /* BookNomadsServiceTests.swift */; };
		34F7642721A6F64B00E68956 /* BookDTO.swift in Sources */ = {isa = PBXBuildFile; fileRef = 34F7642621A6F64B00E68956 /* BookDTO.swift */; };
/* End PBXBuildFile section */

/* Begin PBXContainerItemProxy section */
		3400890021A82E760072B1F0 /* PBXContainerItemProxy */ = {
			isa = PBXContainerItemProxy;
			containerPortal = 34F7640521A6E4A800E68956 /* Alamofire.xcodeproj */;
			proxyType = 1;
			remoteGlobalIDString = F8111E3219A95C8B0040E7D1;
			remoteInfo = "Alamofire iOS";
		};
		3420DF7521AFEC1C0004C59F /* PBXContainerItemProxy */ = {
			isa = PBXContainerItemProxy;
			containerPortal = 3420DF6C21AFEC1C0004C59F /* SDWebImage.xcodeproj */;
			proxyType = 2;
			remoteGlobalIDString = 53761325155AD0D5005750A4;
			remoteInfo = "SDWebImage iOS static";
		};
		3420DF7721AFEC1C0004C59F /* PBXContainerItemProxy */ = {
			isa = PBXContainerItemProxy;
			containerPortal = 3420DF6C21AFEC1C0004C59F /* SDWebImage.xcodeproj */;
			proxyType = 2;
			remoteGlobalIDString = 4314D1991D0E0E3B004B36C9;
			remoteInfo = "SDWebImage watchOS static";
		};
		3420DF7921AFEC1C0004C59F /* PBXContainerItemProxy */ = {
			isa = PBXContainerItemProxy;
			containerPortal = 3420DF6C21AFEC1C0004C59F /* SDWebImage.xcodeproj */;
			proxyType = 2;
			remoteGlobalIDString = 4A2CADFF1AB4BB5300B6BC39;
			remoteInfo = "SDWebImage iOS";
		};
		3420DF7B21AFEC1C0004C59F /* PBXContainerItemProxy */ = {
			isa = PBXContainerItemProxy;
			containerPortal = 3420DF6C21AFEC1C0004C59F /* SDWebImage.xcodeproj */;
			proxyType = 2;
			remoteGlobalIDString = 00733A4C1BC487C000A5A117;
			remoteInfo = "SDWebImage tvOS";
		};
		3420DF7D21AFEC1C0004C59F /* PBXContainerItemProxy */ = {
			isa = PBXContainerItemProxy;
			containerPortal = 3420DF6C21AFEC1C0004C59F /* SDWebImage.xcodeproj */;
			proxyType = 2;
			remoteGlobalIDString = 431BB7031D06D2C1006A3455;
			remoteInfo = "SDWebImage watchOS";
		};
		3420DF7F21AFEC1C0004C59F /* PBXContainerItemProxy */ = {
			isa = PBXContainerItemProxy;
			containerPortal = 3420DF6C21AFEC1C0004C59F /* SDWebImage.xcodeproj */;
			proxyType = 2;
			remoteGlobalIDString = 4397D2F21D0DDD8C00BB2784;
			remoteInfo = "SDWebImage OSX";
		};
		3420DF8321AFEC2C0004C59F /* PBXContainerItemProxy */ = {
			isa = PBXContainerItemProxy;
			containerPortal = 3420DF6C21AFEC1C0004C59F /* SDWebImage.xcodeproj */;
			proxyType = 1;
			remoteGlobalIDString = 4A2CADFE1AB4BB5300B6BC39;
			remoteInfo = "SDWebImage iOS";
		};
		3420DF8D21AFEE1C0004C59F /* PBXContainerItemProxy */ = {
			isa = PBXContainerItemProxy;
			containerPortal = 3420DF8821AFEE1C0004C59F /* Masonry.xcodeproj */;
			proxyType = 2;
			remoteGlobalIDString = 3AED05B71AD59FD40053CC65;
			remoteInfo = "Masonry iOS";
		};
		3420DF8F21AFEE1C0004C59F /* PBXContainerItemProxy */ = {
			isa = PBXContainerItemProxy;
			containerPortal = 3420DF8821AFEE1C0004C59F /* Masonry.xcodeproj */;
			proxyType = 2;
			remoteGlobalIDString = 3AED06271AD5A1400053CC65;
			remoteInfo = "Masonry OSX";
		};
		3420DF9321AFEE2B0004C59F /* PBXContainerItemProxy */ = {
			isa = PBXContainerItemProxy;
			containerPortal = 3420DF8821AFEE1C0004C59F /* Masonry.xcodeproj */;
			proxyType = 1;
			remoteGlobalIDString = 3AED05B61AD59FD40053CC65;
			remoteInfo = "Masonry iOS";
		};
		3485E7A121A55E07002248B7 /* PBXContainerItemProxy */ = {
			isa = PBXContainerItemProxy;
			containerPortal = 3485E78121A55E05002248B7 /* Project object */;
			proxyType = 1;
			remoteGlobalIDString = 3485E78821A55E05002248B7;
			remoteInfo = "iOS-Boilerplate";
		};
		3485E7AC21A55E07002248B7 /* PBXContainerItemProxy */ = {
			isa = PBXContainerItemProxy;
			containerPortal = 3485E78121A55E05002248B7 /* Project object */;
			proxyType = 1;
			remoteGlobalIDString = 3485E78821A55E05002248B7;
			remoteInfo = "iOS-Boilerplate";
		};
		34F7641021A6E4A800E68956 /* PBXContainerItemProxy */ = {
			isa = PBXContainerItemProxy;
			containerPortal = 34F7640521A6E4A800E68956 /* Alamofire.xcodeproj */;
			proxyType = 2;
			remoteGlobalIDString = F8111E3319A95C8B0040E7D1;
			remoteInfo = "Alamofire iOS";
		};
		34F7641221A6E4A800E68956 /* PBXContainerItemProxy */ = {
			isa = PBXContainerItemProxy;
			containerPortal = 34F7640521A6E4A800E68956 /* Alamofire.xcodeproj */;
			proxyType = 2;
			remoteGlobalIDString = F8111E3E19A95C8B0040E7D1;
			remoteInfo = "Alamofire iOS Tests";
		};
		34F7641421A6E4A800E68956 /* PBXContainerItemProxy */ = {
			isa = PBXContainerItemProxy;
			containerPortal = 34F7640521A6E4A800E68956 /* Alamofire.xcodeproj */;
			proxyType = 2;
			remoteGlobalIDString = 4DD67C0B1A5C55C900ED2280;
			remoteInfo = "Alamofire macOS";
		};
		34F7641621A6E4A800E68956 /* PBXContainerItemProxy */ = {
			isa = PBXContainerItemProxy;
			containerPortal = 34F7640521A6E4A800E68956 /* Alamofire.xcodeproj */;
			proxyType = 2;
			remoteGlobalIDString = F829C6B21A7A94F100A2CD59;
			remoteInfo = "Alamofire macOS Tests";
		};
		34F7641821A6E4A800E68956 /* PBXContainerItemProxy */ = {
			isa = PBXContainerItemProxy;
			containerPortal = 34F7640521A6E4A800E68956 /* Alamofire.xcodeproj */;
			proxyType = 2;
			remoteGlobalIDString = 4CF626EF1BA7CB3E0011A099;
			remoteInfo = "Alamofire tvOS";
		};
		34F7641A21A6E4A800E68956 /* PBXContainerItemProxy */ = {
			isa = PBXContainerItemProxy;
			containerPortal = 34F7640521A6E4A800E68956 /* Alamofire.xcodeproj */;
			proxyType = 2;
			remoteGlobalIDString = 4CF626F81BA7CB3E0011A099;
			remoteInfo = "Alamofire tvOS Tests";
		};
		34F7641C21A6E4A800E68956 /* PBXContainerItemProxy */ = {
			isa = PBXContainerItemProxy;
			containerPortal = 34F7640521A6E4A800E68956 /* Alamofire.xcodeproj */;
			proxyType = 2;
			remoteGlobalIDString = E4202FE01B667AA100C997FB;
			remoteInfo = "Alamofire watchOS";
		};
/* End PBXContainerItemProxy section */

/* Begin PBXCopyFilesBuildPhase section */
		34F7638121A6C99100E68956 /* Embed Frameworks */ = {
			isa = PBXCopyFilesBuildPhase;
			buildActionMask = 2147483647;
			dstPath = "";
			dstSubfolderSpec = 10;
			files = (
				3420DF8221AFEC2C0004C59F /* SDWebImage.framework in Embed Frameworks */,
				340088FF21A82E760072B1F0 /* Alamofire.framework in Embed Frameworks */,
				3420DF9221AFEE2B0004C59F /* Masonry.framework in Embed Frameworks */,
			);
			name = "Embed Frameworks";
			runOnlyForDeploymentPostprocessing = 0;
		};
/* End PBXCopyFilesBuildPhase section */

/* Begin PBXFileReference section */
		340088D721A81AB00072B1F0 /* CoreDataStack.swift */ = {isa = PBXFileReference; lastKnownFileType = sourcecode.swift; path = CoreDataStack.swift; sourceTree = "<group>"; };
		340088DB21A81E5C0072B1F0 /* UIResponder+ChangeRootController.swift */ = {isa = PBXFileReference; fileEncoding = 4; lastKnownFileType = sourcecode.swift; path = "UIResponder+ChangeRootController.swift"; sourceTree = "<group>"; };
		340088DD21A81E8E0072B1F0 /* UrlHelper.swift */ = {isa = PBXFileReference; fileEncoding = 4; lastKnownFileType = sourcecode.swift; path = UrlHelper.swift; sourceTree = "<group>"; };
		340088DF21A81F4C0072B1F0 /* PropertyListHelper.swift */ = {isa = PBXFileReference; fileEncoding = 4; lastKnownFileType = sourcecode.swift; path = PropertyListHelper.swift; sourceTree = "<group>"; };
		340088E221A81F930072B1F0 /* Date+JSON.swift */ = {isa = PBXFileReference; fileEncoding = 4; lastKnownFileType = sourcecode.swift; path = "Date+JSON.swift"; sourceTree = "<group>"; };
		340088E321A81F930072B1F0 /* OSEmailValidator.swift */ = {isa = PBXFileReference; fileEncoding = 4; lastKnownFileType = sourcecode.swift; path = OSEmailValidator.swift; sourceTree = "<group>"; };
		340088E421A81F930072B1F0 /* Serializator.swift */ = {isa = PBXFileReference; fileEncoding = 4; lastKnownFileType = sourcecode.swift; path = Serializator.swift; sourceTree = "<group>"; };
		340088E521A81F930072B1F0 /* String+subscript.swift */ = {isa = PBXFileReference; fileEncoding = 4; lastKnownFileType = sourcecode.swift; path = "String+subscript.swift"; sourceTree = "<group>"; };
		340088E621A81F930072B1F0 /* String+urlEncode.swift */ = {isa = PBXFileReference; fileEncoding = 4; lastKnownFileType = sourcecode.swift; path = "String+urlEncode.swift"; sourceTree = "<group>"; };
		340088E721A81F930072B1F0 /* OSDNIValidator.swift */ = {isa = PBXFileReference; fileEncoding = 4; lastKnownFileType = sourcecode.swift; path = OSDNIValidator.swift; sourceTree = "<group>"; };
		340088EF21A820630072B1F0 /* UIViewController+imageBackground.swift */ = {isa = PBXFileReference; fileEncoding = 4; lastKnownFileType = sourcecode.swift; path = "UIViewController+imageBackground.swift"; sourceTree = "<group>"; };
		340088F021A820630072B1F0 /* UIViewController+navigationItem.swift */ = {isa = PBXFileReference; fileEncoding = 4; lastKnownFileType = sourcecode.swift; path = "UIViewController+navigationItem.swift"; sourceTree = "<group>"; };
		340088F121A820630072B1F0 /* UIView+border.swift */ = {isa = PBXFileReference; fileEncoding = 4; lastKnownFileType = sourcecode.swift; path = "UIView+border.swift"; sourceTree = "<group>"; };
		340088F221A820630072B1F0 /* CALayer+XibConfiguration.swift */ = {isa = PBXFileReference; fileEncoding = 4; lastKnownFileType = sourcecode.swift; path = "CALayer+XibConfiguration.swift"; sourceTree = "<group>"; };
		340088F321A820640072B1F0 /* UIViewController+showAlert.swift */ = {isa = PBXFileReference; fileEncoding = 4; lastKnownFileType = sourcecode.swift; path = "UIViewController+showAlert.swift"; sourceTree = "<group>"; };
		340088FA21A822940072B1F0 /* AppInfo.swift */ = {isa = PBXFileReference; fileEncoding = 4; lastKnownFileType = sourcecode.swift; path = AppInfo.swift; sourceTree = "<group>"; };
		340088FB21A822940072B1F0 /* System.swift */ = {isa = PBXFileReference; fileEncoding = 4; lastKnownFileType = sourcecode.swift; path = System.swift; sourceTree = "<group>"; };
		340C8C5221A8385500D7178F /* iOS-Boilerplate.entitlements */ = {isa = PBXFileReference; lastKnownFileType = text.plist.entitlements; path = "iOS-Boilerplate.entitlements"; sourceTree = "<group>"; };
		3420DF5F21AFDBB90004C59F /* AutoMock.stencil */ = {isa = PBXFileReference; lastKnownFileType = text; path = AutoMock.stencil; sourceTree = "<group>"; };
		3420DF6021AFDCD40004C59F /* FakeProtocol.swift */ = {isa = PBXFileReference; lastKnownFileType = sourcecode.swift; path = FakeProtocol.swift; sourceTree = "<group>"; };
		3420DF6221AFDF0D0004C59F /* AutoEquatable.stencil */ = {isa = PBXFileReference; lastKnownFileType = text; path = AutoEquatable.stencil; sourceTree = "<group>"; };
		3420DF6621AFDFE60004C59F /* AutoMock.generated.swift */ = {isa = PBXFileReference; fileEncoding = 4; lastKnownFileType = sourcecode.swift; path = AutoMock.generated.swift; sourceTree = "<group>"; };
		3420DF6721AFDFE60004C59F /* AutoEquatable.generated.swift */ = {isa = PBXFileReference; fileEncoding = 4; lastKnownFileType = sourcecode.swift; path = AutoEquatable.generated.swift; sourceTree = "<group>"; };
		3420DF6C21AFEC1C0004C59F /* SDWebImage.xcodeproj */ = {isa = PBXFileReference; lastKnownFileType = "wrapper.pb-project"; name = SDWebImage.xcodeproj; path = Frameworks/SDWebImage/SDWebImage.xcodeproj; sourceTree = "<group>"; };
		3420DF8621AFECA20004C59F /* ImageIO.framework */ = {isa = PBXFileReference; lastKnownFileType = wrapper.framework; name = ImageIO.framework; path = System/Library/Frameworks/ImageIO.framework; sourceTree = SDKROOT; };
		3420DF8821AFEE1C0004C59F /* Masonry.xcodeproj */ = {isa = PBXFileReference; lastKnownFileType = "wrapper.pb-project"; name = Masonry.xcodeproj; path = Frameworks/Masonry/Masonry.xcodeproj; sourceTree = "<group>"; };
		3420DFE521B03ADA0004C59F /* DetailViewController.swift */ = {isa = PBXFileReference; lastKnownFileType = sourcecode.swift; path = DetailViewController.swift; sourceTree = "<group>"; };
		34306A2A21B12335005B0A84 /* EventTests.swift */ = {isa = PBXFileReference; lastKnownFileType = sourcecode.swift; path = EventTests.swift; sourceTree = "<group>"; };
		34306A2C21B12367005B0A84 /* ModelHelper.swift */ = {isa = PBXFileReference; lastKnownFileType = sourcecode.swift; path = ModelHelper.swift; sourceTree = "<group>"; };
		34306A2F21B1259A005B0A84 /* Event.json */ = {isa = PBXFileReference; lastKnownFileType = text.json; path = Event.json; sourceTree = "<group>"; };
		3485E78921A55E05002248B7 /* iOS-Boilerplate.app */ = {isa = PBXFileReference; explicitFileType = wrapper.application; includeInIndex = 0; path = "iOS-Boilerplate.app"; sourceTree = BUILT_PRODUCTS_DIR; };
		3485E78C21A55E05002248B7 /* AppDelegate.swift */ = {isa = PBXFileReference; lastKnownFileType = sourcecode.swift; path = AppDelegate.swift; sourceTree = "<group>"; };
		3485E78E21A55E05002248B7 /* ViewController.swift */ = {isa = PBXFileReference; lastKnownFileType = sourcecode.swift; path = ViewController.swift; sourceTree = "<group>"; };
		3485E79121A55E05002248B7 /* Base */ = {isa = PBXFileReference; lastKnownFileType = file.storyboard; name = Base; path = Base.lproj/Main.storyboard; sourceTree = "<group>"; };
		3485E79421A55E05002248B7 /* iOS_Boilerplate.xcdatamodel */ = {isa = PBXFileReference; lastKnownFileType = wrapper.xcdatamodel; path = iOS_Boilerplate.xcdatamodel; sourceTree = "<group>"; };
		3485E79621A55E07002248B7 /* Assets.xcassets */ = {isa = PBXFileReference; lastKnownFileType = folder.assetcatalog; path = Assets.xcassets; sourceTree = "<group>"; };
		3485E79921A55E07002248B7 /* Base */ = {isa = PBXFileReference; lastKnownFileType = file.storyboard; name = Base; path = Base.lproj/LaunchScreen.storyboard; sourceTree = "<group>"; };
		3485E79B21A55E07002248B7 /* Info.plist */ = {isa = PBXFileReference; lastKnownFileType = text.plist.xml; path = Info.plist; sourceTree = "<group>"; };
		3485E7A021A55E07002248B7 /* iOS-BoilerplateTests.xctest */ = {isa = PBXFileReference; explicitFileType = wrapper.cfbundle; includeInIndex = 0; path = "iOS-BoilerplateTests.xctest"; sourceTree = BUILT_PRODUCTS_DIR; };
		3485E7A421A55E07002248B7 /* BoilerplateTests.swift */ = {isa = PBXFileReference; lastKnownFileType = sourcecode.swift; path = BoilerplateTests.swift; sourceTree = "<group>"; };
		3485E7A621A55E07002248B7 /* Info.plist */ = {isa = PBXFileReference; lastKnownFileType = text.plist.xml; path = Info.plist; sourceTree = "<group>"; };
		3485E7AB21A55E07002248B7 /* iOS-BoilerplateUITests.xctest */ = {isa = PBXFileReference; explicitFileType = wrapper.cfbundle; includeInIndex = 0; path = "iOS-BoilerplateUITests.xctest"; sourceTree = BUILT_PRODUCTS_DIR; };
		3485E7AF21A55E07002248B7 /* BoilerplateUITests.swift */ = {isa = PBXFileReference; lastKnownFileType = sourcecode.swift; path = BoilerplateUITests.swift; sourceTree = "<group>"; };
		3485E7B121A55E07002248B7 /* Info.plist */ = {isa = PBXFileReference; lastKnownFileType = text.plist.xml; path = Info.plist; sourceTree = "<group>"; };
		3485E80D21A58A5C002248B7 /* PersonDTO.swift */ = {isa = PBXFileReference; lastKnownFileType = sourcecode.swift; path = PersonDTO.swift; sourceTree = "<group>"; };
		3485E80F21A59083002248B7 /* PersonDTOTests.swift */ = {isa = PBXFileReference; lastKnownFileType = sourcecode.swift; path = PersonDTOTests.swift; sourceTree = "<group>"; };
		3485E81121A59358002248B7 /* person.json */ = {isa = PBXFileReference; lastKnownFileType = text.json; path = person.json; sourceTree = "<group>"; };
		3485E81921A5A716002248B7 /* Configuration.swift */ = {isa = PBXFileReference; lastKnownFileType = sourcecode.swift; path = Configuration.swift; sourceTree = "<group>"; };
		3485E82721A5B0D9002248B7 /* environments.plist */ = {isa = PBXFileReference; fileEncoding = 4; lastKnownFileType = text.plist.xml; path = environments.plist; sourceTree = "<group>"; };
		3485E82C21A5B1EF002248B7 /* Environment.swift */ = {isa = PBXFileReference; fileEncoding = 4; lastKnownFileType = sourcecode.swift; path = Environment.swift; sourceTree = "<group>"; };
		3485E82E21A5B496002248B7 /* ConfigurationTest.swift */ = {isa = PBXFileReference; lastKnownFileType = sourcecode.swift; path = ConfigurationTest.swift; sourceTree = "<group>"; };
		3487742221A6AC32001675D3 /* Base */ = {isa = PBXFileReference; lastKnownFileType = text.plist.strings; name = Base; path = "iOS-Boilerplate/Base.lproj/Localizable.strings"; sourceTree = SOURCE_ROOT; };
		3487742421A6AC4F001675D3 /* en */ = {isa = PBXFileReference; lastKnownFileType = text.plist.strings; name = en; path = ../../en.lproj/Localizable.strings; sourceTree = "<group>"; };
		3487742721A6AC74001675D3 /* es */ = {isa = PBXFileReference; lastKnownFileType = text.plist.strings; name = es; path = ../../es.lproj/Localizable.strings; sourceTree = "<group>"; };
		3487742B21A6BD43001675D3 /* HttpRequest.swift */ = {isa = PBXFileReference; lastKnownFileType = sourcecode.swift; path = HttpRequest.swift; sourceTree = "<group>"; };
		34F7640521A6E4A800E68956 /* Alamofire.xcodeproj */ = {isa = PBXFileReference; lastKnownFileType = "wrapper.pb-project"; name = Alamofire.xcodeproj; path = Frameworks/Alamofire/Alamofire.xcodeproj; sourceTree = "<group>"; };
		34F7641F21A6E94100E68956 /* BookNomadsService.swift */ = {isa = PBXFileReference; lastKnownFileType = sourcecode.swift; path = BookNomadsService.swift; sourceTree = "<group>"; };
		34F7642421A6ECF100E68956 /* BookNomadsServiceTests.swift */ = {isa = PBXFileReference; lastKnownFileType = sourcecode.swift; path = BookNomadsServiceTests.swift; sourceTree = "<group>"; };
		34F7642621A6F64B00E68956 /* BookDTO.swift */ = {isa = PBXFileReference; lastKnownFileType = sourcecode.swift; path = BookDTO.swift; sourceTree = "<group>"; };
/* End PBXFileReference section */

/* Begin PBXFrameworksBuildPhase section */
		3485E78621A55E05002248B7 /* Frameworks */ = {
			isa = PBXFrameworksBuildPhase;
			buildActionMask = 2147483647;
			files = (
				3420DF8721AFECA20004C59F /* ImageIO.framework in Frameworks */,
				3420DF8121AFEC2C0004C59F /* SDWebImage.framework in Frameworks */,
				3420DF9121AFEE2B0004C59F /* Masonry.framework in Frameworks */,
				340088FE21A82E760072B1F0 /* Alamofire.framework in Frameworks */,
			);
			runOnlyForDeploymentPostprocessing = 0;
		};
		3485E79D21A55E07002248B7 /* Frameworks */ = {
			isa = PBXFrameworksBuildPhase;
			buildActionMask = 2147483647;
			files = (
			);
			runOnlyForDeploymentPostprocessing = 0;
		};
		3485E7A821A55E07002248B7 /* Frameworks */ = {
			isa = PBXFrameworksBuildPhase;
			buildActionMask = 2147483647;
			files = (
			);
			runOnlyForDeploymentPostprocessing = 0;
		};
/* End PBXFrameworksBuildPhase section */

/* Begin PBXGroup section */
		340088CE21A81A7E0072B1F0 /* DTO */ = {
			isa = PBXGroup;
			children = (
				3485E80D21A58A5C002248B7 /* PersonDTO.swift */,
				34F7642621A6F64B00E68956 /* BookDTO.swift */,
			);
			path = DTO;
			sourceTree = "<group>";
		};
		340088DA21A81E330072B1F0 /* Util */ = {
			isa = PBXGroup;
			children = (
				340088F921A822860072B1F0 /* System */,
				340088EE21A820530072B1F0 /* View */,
				340088E121A81F870072B1F0 /* Formats */,
				340088DB21A81E5C0072B1F0 /* UIResponder+ChangeRootController.swift */,
				340088DD21A81E8E0072B1F0 /* UrlHelper.swift */,
				340088DF21A81F4C0072B1F0 /* PropertyListHelper.swift */,
			);
			path = Util;
			sourceTree = "<group>";
		};
		340088E121A81F870072B1F0 /* Formats */ = {
			isa = PBXGroup;
			children = (
				340088E221A81F930072B1F0 /* Date+JSON.swift */,
				340088E721A81F930072B1F0 /* OSDNIValidator.swift */,
				340088E321A81F930072B1F0 /* OSEmailValidator.swift */,
				340088E421A81F930072B1F0 /* Serializator.swift */,
				340088E521A81F930072B1F0 /* String+subscript.swift */,
				340088E621A81F930072B1F0 /* String+urlEncode.swift */,
			);
			path = Formats;
			sourceTree = "<group>";
		};
		340088EE21A820530072B1F0 /* View */ = {
			isa = PBXGroup;
			children = (
				340088F221A820630072B1F0 /* CALayer+XibConfiguration.swift */,
				340088F121A820630072B1F0 /* UIView+border.swift */,
				340088EF21A820630072B1F0 /* UIViewController+imageBackground.swift */,
				340088F021A820630072B1F0 /* UIViewController+navigationItem.swift */,
				340088F321A820640072B1F0 /* UIViewController+showAlert.swift */,
			);
			path = View;
			sourceTree = "<group>";
		};
		340088F921A822860072B1F0 /* System */ = {
			isa = PBXGroup;
			children = (
				340088FA21A822940072B1F0 /* AppInfo.swift */,
				340088FB21A822940072B1F0 /* System.swift */,
			);
			path = System;
			sourceTree = "<group>";
		};
		3420DF5721AFDB220004C59F /* Sourcery */ = {
			isa = PBXGroup;
			children = (
				3420DF6521AFDFA30004C59F /* Outputs */,
				3420DF6421AFDF980004C59F /* Templates */,
			);
			path = Sourcery;
			sourceTree = "<group>";
		};
		3420DF6421AFDF980004C59F /* Templates */ = {
			isa = PBXGroup;
			children = (
				3420DF5F21AFDBB90004C59F /* AutoMock.stencil */,
				3420DF6221AFDF0D0004C59F /* AutoEquatable.stencil */,
			);
			path = Templates;
			sourceTree = "<group>";
		};
		3420DF6521AFDFA30004C59F /* Outputs */ = {
			isa = PBXGroup;
			children = (
				3420DF6721AFDFE60004C59F /* AutoEquatable.generated.swift */,
				3420DF6621AFDFE60004C59F /* AutoMock.generated.swift */,
			);
			path = Outputs;
			sourceTree = "<group>";
		};
		3420DF6D21AFEC1C0004C59F /* Products */ = {
			isa = PBXGroup;
			children = (
				3420DF7621AFEC1C0004C59F /* libSDWebImage iOS static.a */,
				3420DF7821AFEC1C0004C59F /* libSDWebImage watchOS static.a */,
				3420DF7A21AFEC1C0004C59F /* SDWebImage.framework */,
				3420DF7C21AFEC1C0004C59F /* SDWebImage.framework */,
				3420DF7E21AFEC1C0004C59F /* SDWebImage.framework */,
				3420DF8021AFEC1C0004C59F /* SDWebImage.framework */,
			);
			name = Products;
			sourceTree = "<group>";
		};
		3420DF8521AFECA20004C59F /* Frameworks */ = {
			isa = PBXGroup;
			children = (
				3420DF8621AFECA20004C59F /* ImageIO.framework */,
			);
			name = Frameworks;
			sourceTree = "<group>";
		};
		3420DF8921AFEE1C0004C59F /* Products */ = {
			isa = PBXGroup;
			children = (
				3420DF8E21AFEE1C0004C59F /* Masonry.framework */,
				3420DF9021AFEE1C0004C59F /* Masonry.framework */,
			);
			name = Products;
			sourceTree = "<group>";
		};
		3420DFF421B03B870004C59F /* Entities */ = {
			isa = PBXGroup;
			children = (
			);
			path = Entities;
			sourceTree = "<group>";
		};
		34306A1C21B12308005B0A84 /* ModelTests */ = {
			isa = PBXGroup;
			children = (
				34306A2C21B12367005B0A84 /* ModelHelper.swift */,
				34306A2A21B12335005B0A84 /* EventTests.swift */,
			);
			path = ModelTests;
			sourceTree = "<group>";
		};
		34306A2E21B12587005B0A84 /* Fixtures */ = {
			isa = PBXGroup;
			children = (
				34306A2F21B1259A005B0A84 /* Event.json */,
			);
			path = Fixtures;
			sourceTree = "<group>";
		};
		3485E78021A55E05002248B7 = {
			isa = PBXGroup;
			children = (
				34F7640521A6E4A800E68956 /* Alamofire.xcodeproj */,
				3420DF6C21AFEC1C0004C59F /* SDWebImage.xcodeproj */,
				3420DF8821AFEE1C0004C59F /* Masonry.xcodeproj */,
				3420DF5721AFDB220004C59F /* Sourcery */,
				3485E78B21A55E05002248B7 /* iOS-Boilerplate */,
				3485E7A321A55E07002248B7 /* iOS-BoilerplateTests */,
				3485E7AE21A55E07002248B7 /* iOS-BoilerplateUITests */,
				3485E78A21A55E05002248B7 /* Products */,
				3420DF8521AFECA20004C59F /* Frameworks */,
			);
			sourceTree = "<group>";
		};
		3485E78A21A55E05002248B7 /* Products */ = {
			isa = PBXGroup;
			children = (
				3485E78921A55E05002248B7 /* iOS-Boilerplate.app */,
				3485E7A021A55E07002248B7 /* iOS-BoilerplateTests.xctest */,
				3485E7AB21A55E07002248B7 /* iOS-BoilerplateUITests.xctest */,
			);
			name = Products;
			sourceTree = "<group>";
		};
		3485E78B21A55E05002248B7 /* iOS-Boilerplate */ = {
			isa = PBXGroup;
			children = (
				340C8C5221A8385500D7178F /* iOS-Boilerplate.entitlements */,
				3485E7C021A5639E002248B7 /* Startup */,
				3485E7C221A57F4F002248B7 /* Feature001 */,
				3485E7C321A57F7F002248B7 /* Library */,
				3485E7C821A58014002248B7 /* Resources */,
				3485E79621A55E07002248B7 /* Assets.xcassets */,
				3485E7CE21A58095002248B7 /* Supporting Files */,
			);
			path = "iOS-Boilerplate";
			sourceTree = "<group>";
		};
		3485E7A321A55E07002248B7 /* iOS-BoilerplateTests */ = {
			isa = PBXGroup;
			children = (
				34306A2E21B12587005B0A84 /* Fixtures */,
				34306A1C21B12308005B0A84 /* ModelTests */,
				3485E7D021A58115002248B7 /* Feature001 */,
				3485E7A621A55E07002248B7 /* Info.plist */,
				3485E80F21A59083002248B7 /* PersonDTOTests.swift */,
				3485E82E21A5B496002248B7 /* ConfigurationTest.swift */,
				34F7642421A6ECF100E68956 /* BookNomadsServiceTests.swift */,
			);
			path = "iOS-BoilerplateTests";
			sourceTree = "<group>";
		};
		3485E7AE21A55E07002248B7 /* iOS-BoilerplateUITests */ = {
			isa = PBXGroup;
			children = (
				3485E7D121A58122002248B7 /* Feature001 */,
				3485E7B121A55E07002248B7 /* Info.plist */,
			);
			path = "iOS-BoilerplateUITests";
			sourceTree = "<group>";
		};
		3485E7C021A5639E002248B7 /* Startup */ = {
			isa = PBXGroup;
			children = (
				3485E78C21A55E05002248B7 /* AppDelegate.swift */,
				3485E78E21A55E05002248B7 /* ViewController.swift */,
				3420DFE521B03ADA0004C59F /* DetailViewController.swift */,
				3485E79821A55E07002248B7 /* LaunchScreen.storyboard */,
				3485E79021A55E05002248B7 /* Main.storyboard */,
				3485E7C121A56513002248B7 /* Migration */,
			);
			path = Startup;
			sourceTree = "<group>";
		};
		3485E7C121A56513002248B7 /* Migration */ = {
			isa = PBXGroup;
			children = (
			);
			path = Migration;
			sourceTree = "<group>";
		};
		3485E7C221A57F4F002248B7 /* Feature001 */ = {
			isa = PBXGroup;
			children = (
			);
			path = Feature001;
			sourceTree = "<group>";
		};
		3485E7C321A57F7F002248B7 /* Library */ = {
			isa = PBXGroup;
			children = (
				3485E81821A5A6A6002248B7 /* Configuration */,
				3485E7C621A57FE1002248B7 /* Extensions */,
				3485E7C521A57FD4002248B7 /* Feed */,
				3485E7C421A57FA2002248B7 /* Model */,
				3485E7C721A57FF3002248B7 /* Services */,
				340088DA21A81E330072B1F0 /* Util */,
			);
			path = Library;
			sourceTree = "<group>";
		};
		3485E7C421A57FA2002248B7 /* Model */ = {
			isa = PBXGroup;
			children = (
				3420DFF421B03B870004C59F /* Entities */,
				340088CE21A81A7E0072B1F0 /* DTO */,
				3485E79321A55E05002248B7 /* iOS_Boilerplate.xcdatamodeld */,
				340088D721A81AB00072B1F0 /* CoreDataStack.swift */,
			);
			path = Model;
			sourceTree = "<group>";
		};
		3485E7C521A57FD4002248B7 /* Feed */ = {
			isa = PBXGroup;
			children = (
			);
			path = Feed;
			sourceTree = "<group>";
		};
		3485E7C621A57FE1002248B7 /* Extensions */ = {
			isa = PBXGroup;
			children = (
				3420DF6021AFDCD40004C59F /* FakeProtocol.swift */,
			);
			path = Extensions;
			sourceTree = "<group>";
		};
		3485E7C721A57FF3002248B7 /* Services */ = {
			isa = PBXGroup;
			children = (
				3487742B21A6BD43001675D3 /* HttpRequest.swift */,
				34F7641F21A6E94100E68956 /* BookNomadsService.swift */,
			);
			path = Services;
			sourceTree = "<group>";
		};
		3485E7C821A58014002248B7 /* Resources */ = {
			isa = PBXGroup;
			children = (
				3485E81321A5A246002248B7 /* Environments */,
				3485E7CA21A5802C002248B7 /* Certificates */,
				3485E7CB21A58035002248B7 /* Html */,
				3485E7CC21A58041002248B7 /* Json */,
				3485E7C921A58025002248B7 /* PDF */,
				3487741E21A6AB77001675D3 /* Strings */,
				3485E7CD21A58048002248B7 /* Video */,
			);
			path = Resources;
			sourceTree = "<group>";
		};
		3485E7C921A58025002248B7 /* PDF */ = {
			isa = PBXGroup;
			children = (
			);
			path = PDF;
			sourceTree = "<group>";
		};
		3485E7CA21A5802C002248B7 /* Certificates */ = {
			isa = PBXGroup;
			children = (
			);
			path = Certificates;
			sourceTree = "<group>";
		};
		3485E7CB21A58035002248B7 /* Html */ = {
			isa = PBXGroup;
			children = (
			);
			path = Html;
			sourceTree = "<group>";
		};
		3485E7CC21A58041002248B7 /* Json */ = {
			isa = PBXGroup;
			children = (
				3485E81121A59358002248B7 /* person.json */,
			);
			path = Json;
			sourceTree = "<group>";
		};
		3485E7CD21A58048002248B7 /* Video */ = {
			isa = PBXGroup;
			children = (
			);
			path = Video;
			sourceTree = "<group>";
		};
		3485E7CE21A58095002248B7 /* Supporting Files */ = {
			isa = PBXGroup;
			children = (
				3485E79B21A55E07002248B7 /* Info.plist */,
			);
			path = "Supporting Files";
			sourceTree = "<group>";
		};
		3485E7D021A58115002248B7 /* Feature001 */ = {
			isa = PBXGroup;
			children = (
				3485E7A421A55E07002248B7 /* BoilerplateTests.swift */,
			);
			path = Feature001;
			sourceTree = "<group>";
		};
		3485E7D121A58122002248B7 /* Feature001 */ = {
			isa = PBXGroup;
			children = (
				3485E7AF21A55E07002248B7 /* BoilerplateUITests.swift */,
			);
			path = Feature001;
			sourceTree = "<group>";
		};
		3485E81321A5A246002248B7 /* Environments */ = {
			isa = PBXGroup;
			children = (
				3485E82721A5B0D9002248B7 /* environments.plist */,
			);
			path = Environments;
			sourceTree = "<group>";
		};
		3485E81821A5A6A6002248B7 /* Configuration */ = {
			isa = PBXGroup;
			children = (
				3485E81921A5A716002248B7 /* Configuration.swift */,
				3485E82C21A5B1EF002248B7 /* Environment.swift */,
			);
			path = Configuration;
			sourceTree = "<group>";
		};
		3487741E21A6AB77001675D3 /* Strings */ = {
			isa = PBXGroup;
			children = (
				3487742121A6AC32001675D3 /* Localizable.strings */,
			);
			path = Strings;
			sourceTree = "<group>";
		};
		34F7640621A6E4A800E68956 /* Products */ = {
			isa = PBXGroup;
			children = (
				34F7641121A6E4A800E68956 /* Alamofire.framework */,
				34F7641321A6E4A800E68956 /* Alamofire iOS Tests.xctest */,
				34F7641521A6E4A800E68956 /* Alamofire.framework */,
				34F7641721A6E4A800E68956 /* Alamofire macOS Tests.xctest */,
				34F7641921A6E4A800E68956 /* Alamofire.framework */,
				34F7641B21A6E4A800E68956 /* Alamofire tvOS Tests.xctest */,
				34F7641D21A6E4A800E68956 /* Alamofire.framework */,
			);
			name = Products;
			sourceTree = "<group>";
		};
/* End PBXGroup section */

/* Begin PBXNativeTarget section */
		3485E78821A55E05002248B7 /* iOS-Boilerplate */ = {
			isa = PBXNativeTarget;
			buildConfigurationList = 3485E7B421A55E07002248B7 /* Build configuration list for PBXNativeTarget "iOS-Boilerplate" */;
			buildPhases = (
				3485E78521A55E05002248B7 /* Sources */,
				3485E78621A55E05002248B7 /* Frameworks */,
				3485E78721A55E05002248B7 /* Resources */,
				34F7638121A6C99100E68956 /* Embed Frameworks */,
				34F7642821A7092800E68956 /* ShellScript */,
			);
			buildRules = (
			);
			dependencies = (
				3400890121A82E760072B1F0 /* PBXTargetDependency */,
				3420DF8421AFEC2C0004C59F /* PBXTargetDependency */,
				3420DF9421AFEE2B0004C59F /* PBXTargetDependency */,
			);
			name = "iOS-Boilerplate";
			productName = "iOS-Boilerplate";
			productReference = 3485E78921A55E05002248B7 /* iOS-Boilerplate.app */;
			productType = "com.apple.product-type.application";
		};
		3485E79F21A55E07002248B7 /* iOS-BoilerplateTests */ = {
			isa = PBXNativeTarget;
			buildConfigurationList = 3485E7B721A55E07002248B7 /* Build configuration list for PBXNativeTarget "iOS-BoilerplateTests" */;
			buildPhases = (
				3485E79C21A55E07002248B7 /* Sources */,
				3485E79D21A55E07002248B7 /* Frameworks */,
				3485E79E21A55E07002248B7 /* Resources */,
			);
			buildRules = (
			);
			dependencies = (
				3485E7A221A55E07002248B7 /* PBXTargetDependency */,
			);
			name = "iOS-BoilerplateTests";
			productName = "iOS-BoilerplateTests";
			productReference = 3485E7A021A55E07002248B7 /* iOS-BoilerplateTests.xctest */;
			productType = "com.apple.product-type.bundle.unit-test";
		};
		3485E7AA21A55E07002248B7 /* iOS-BoilerplateUITests */ = {
			isa = PBXNativeTarget;
			buildConfigurationList = 3485E7BA21A55E07002248B7 /* Build configuration list for PBXNativeTarget "iOS-BoilerplateUITests" */;
			buildPhases = (
				3485E7A721A55E07002248B7 /* Sources */,
				3485E7A821A55E07002248B7 /* Frameworks */,
				3485E7A921A55E07002248B7 /* Resources */,
			);
			buildRules = (
			);
			dependencies = (
				3485E7AD21A55E07002248B7 /* PBXTargetDependency */,
			);
			name = "iOS-BoilerplateUITests";
			productName = "iOS-BoilerplateUITests";
			productReference = 3485E7AB21A55E07002248B7 /* iOS-BoilerplateUITests.xctest */;
			productType = "com.apple.product-type.bundle.ui-testing";
		};
/* End PBXNativeTarget section */

/* Begin PBXProject section */
		3485E78121A55E05002248B7 /* Project object */ = {
			isa = PBXProject;
			attributes = {
				LastSwiftUpdateCheck = 1000;
				LastUpgradeCheck = 1000;
				ORGANIZATIONNAME = veladan;
				TargetAttributes = {
					3485E78821A55E05002248B7 = {
						CreatedOnToolsVersion = 10.0;
						SystemCapabilities = {
							com.apple.iCloud = {
								enabled = 0;
							};
						};
					};
					3485E79F21A55E07002248B7 = {
						CreatedOnToolsVersion = 10.0;
						TestTargetID = 3485E78821A55E05002248B7;
					};
					3485E7AA21A55E07002248B7 = {
						CreatedOnToolsVersion = 10.0;
						TestTargetID = 3485E78821A55E05002248B7;
					};
				};
			};
			buildConfigurationList = 3485E78421A55E05002248B7 /* Build configuration list for PBXProject "iOS-Boilerplate" */;
			compatibilityVersion = "Xcode 9.3";
			developmentRegion = en;
			hasScannedForEncodings = 0;
			knownRegions = (
				en,
				Base,
				es,
			);
			mainGroup = 3485E78021A55E05002248B7;
			productRefGroup = 3485E78A21A55E05002248B7 /* Products */;
			projectDirPath = "";
			projectReferences = (
				{
					ProductGroup = 34F7640621A6E4A800E68956 /* Products */;
					ProjectRef = 34F7640521A6E4A800E68956 /* Alamofire.xcodeproj */;
				},
				{
					ProductGroup = 3420DF8921AFEE1C0004C59F /* Products */;
					ProjectRef = 3420DF8821AFEE1C0004C59F /* Masonry.xcodeproj */;
				},
				{
					ProductGroup = 3420DF6D21AFEC1C0004C59F /* Products */;
					ProjectRef = 3420DF6C21AFEC1C0004C59F /* SDWebImage.xcodeproj */;
				},
			);
			projectRoot = "";
			targets = (
				3485E78821A55E05002248B7 /* iOS-Boilerplate */,
				3485E79F21A55E07002248B7 /* iOS-BoilerplateTests */,
				3485E7AA21A55E07002248B7 /* iOS-BoilerplateUITests */,
			);
		};
/* End PBXProject section */

/* Begin PBXReferenceProxy section */
		3420DF7621AFEC1C0004C59F /* libSDWebImage iOS static.a */ = {
			isa = PBXReferenceProxy;
			fileType = archive.ar;
			path = "libSDWebImage iOS static.a";
			remoteRef = 3420DF7521AFEC1C0004C59F /* PBXContainerItemProxy */;
			sourceTree = BUILT_PRODUCTS_DIR;
		};
		3420DF7821AFEC1C0004C59F /* libSDWebImage watchOS static.a */ = {
			isa = PBXReferenceProxy;
			fileType = archive.ar;
			path = "libSDWebImage watchOS static.a";
			remoteRef = 3420DF7721AFEC1C0004C59F /* PBXContainerItemProxy */;
			sourceTree = BUILT_PRODUCTS_DIR;
		};
		3420DF7A21AFEC1C0004C59F /* SDWebImage.framework */ = {
			isa = PBXReferenceProxy;
			fileType = wrapper.framework;
			path = SDWebImage.framework;
			remoteRef = 3420DF7921AFEC1C0004C59F /* PBXContainerItemProxy */;
			sourceTree = BUILT_PRODUCTS_DIR;
		};
		3420DF7C21AFEC1C0004C59F /* SDWebImage.framework */ = {
			isa = PBXReferenceProxy;
			fileType = wrapper.framework;
			path = SDWebImage.framework;
			remoteRef = 3420DF7B21AFEC1C0004C59F /* PBXContainerItemProxy */;
			sourceTree = BUILT_PRODUCTS_DIR;
		};
		3420DF7E21AFEC1C0004C59F /* SDWebImage.framework */ = {
			isa = PBXReferenceProxy;
			fileType = wrapper.framework;
			path = SDWebImage.framework;
			remoteRef = 3420DF7D21AFEC1C0004C59F /* PBXContainerItemProxy */;
			sourceTree = BUILT_PRODUCTS_DIR;
		};
		3420DF8021AFEC1C0004C59F /* SDWebImage.framework */ = {
			isa = PBXReferenceProxy;
			fileType = wrapper.framework;
			path = SDWebImage.framework;
			remoteRef = 3420DF7F21AFEC1C0004C59F /* PBXContainerItemProxy */;
			sourceTree = BUILT_PRODUCTS_DIR;
		};
		3420DF8E21AFEE1C0004C59F /* Masonry.framework */ = {
			isa = PBXReferenceProxy;
			fileType = wrapper.framework;
			path = Masonry.framework;
			remoteRef = 3420DF8D21AFEE1C0004C59F /* PBXContainerItemProxy */;
			sourceTree = BUILT_PRODUCTS_DIR;
		};
		3420DF9021AFEE1C0004C59F /* Masonry.framework */ = {
			isa = PBXReferenceProxy;
			fileType = wrapper.framework;
			path = Masonry.framework;
			remoteRef = 3420DF8F21AFEE1C0004C59F /* PBXContainerItemProxy */;
			sourceTree = BUILT_PRODUCTS_DIR;
		};
		34F7641121A6E4A800E68956 /* Alamofire.framework */ = {
			isa = PBXReferenceProxy;
			fileType = wrapper.framework;
			path = Alamofire.framework;
			remoteRef = 34F7641021A6E4A800E68956 /* PBXContainerItemProxy */;
			sourceTree = BUILT_PRODUCTS_DIR;
		};
		34F7641321A6E4A800E68956 /* Alamofire iOS Tests.xctest */ = {
			isa = PBXReferenceProxy;
			fileType = wrapper.cfbundle;
			path = "Alamofire iOS Tests.xctest";
			remoteRef = 34F7641221A6E4A800E68956 /* PBXContainerItemProxy */;
			sourceTree = BUILT_PRODUCTS_DIR;
		};
		34F7641521A6E4A800E68956 /* Alamofire.framework */ = {
			isa = PBXReferenceProxy;
			fileType = wrapper.framework;
			path = Alamofire.framework;
			remoteRef = 34F7641421A6E4A800E68956 /* PBXContainerItemProxy */;
			sourceTree = BUILT_PRODUCTS_DIR;
		};
		34F7641721A6E4A800E68956 /* Alamofire macOS Tests.xctest */ = {
			isa = PBXReferenceProxy;
			fileType = wrapper.cfbundle;
			path = "Alamofire macOS Tests.xctest";
			remoteRef = 34F7641621A6E4A800E68956 /* PBXContainerItemProxy */;
			sourceTree = BUILT_PRODUCTS_DIR;
		};
		34F7641921A6E4A800E68956 /* Alamofire.framework */ = {
			isa = PBXReferenceProxy;
			fileType = wrapper.framework;
			path = Alamofire.framework;
			remoteRef = 34F7641821A6E4A800E68956 /* PBXContainerItemProxy */;
			sourceTree = BUILT_PRODUCTS_DIR;
		};
		34F7641B21A6E4A800E68956 /* Alamofire tvOS Tests.xctest */ = {
			isa = PBXReferenceProxy;
			fileType = wrapper.cfbundle;
			path = "Alamofire tvOS Tests.xctest";
			remoteRef = 34F7641A21A6E4A800E68956 /* PBXContainerItemProxy */;
			sourceTree = BUILT_PRODUCTS_DIR;
		};
		34F7641D21A6E4A800E68956 /* Alamofire.framework */ = {
			isa = PBXReferenceProxy;
			fileType = wrapper.framework;
			path = Alamofire.framework;
			remoteRef = 34F7641C21A6E4A800E68956 /* PBXContainerItemProxy */;
			sourceTree = BUILT_PRODUCTS_DIR;
		};
/* End PBXReferenceProxy section */

/* Begin PBXResourcesBuildPhase section */
		3485E78721A55E05002248B7 /* Resources */ = {
			isa = PBXResourcesBuildPhase;
			buildActionMask = 2147483647;
			files = (
				3487744921A6C011001675D3 /* Main.storyboard in Resources */,
				3420DF6321AFDF0D0004C59F /* AutoEquatable.stencil in Resources */,
				3487744821A6C004001675D3 /* LaunchScreen.storyboard in Resources */,
				3487742321A6AC32001675D3 /* Localizable.strings in Resources */,
				3485E79721A55E07002248B7 /* Assets.xcassets in Resources */,
				3485E81221A59358002248B7 /* person.json in Resources */,
				3485E82A21A5B0D9002248B7 /* environments.plist in Resources */,
			);
			runOnlyForDeploymentPostprocessing = 0;
		};
		3485E79E21A55E07002248B7 /* Resources */ = {
			isa = PBXResourcesBuildPhase;
			buildActionMask = 2147483647;
			files = (
				34306A3021B1259A005B0A84 /* Event.json in Resources */,
			);
			runOnlyForDeploymentPostprocessing = 0;
		};
		3485E7A921A55E07002248B7 /* Resources */ = {
			isa = PBXResourcesBuildPhase;
			buildActionMask = 2147483647;
			files = (
			);
			runOnlyForDeploymentPostprocessing = 0;
		};
/* End PBXResourcesBuildPhase section */

/* Begin PBXShellScriptBuildPhase section */
		34F7642821A7092800E68956 /* ShellScript */ = {
			isa = PBXShellScriptBuildPhase;
			buildActionMask = 2147483647;
			files = (
			);
			inputFileListPaths = (
			);
			inputPaths = (
			);
			outputFileListPaths = (
			);
			outputPaths = (
			);
			runOnlyForDeploymentPostprocessing = 0;
			shellPath = /bin/sh;
			shellScript = "if which swiftlint >/dev/null; then\nswiftlint lint --config .swiftlint.yml\nelse\necho \"warning: SwiftLint not installed, download from https://github.com/realm/SwiftLint\"\nfi\n\n";
		};
/* End PBXShellScriptBuildPhase section */

/* Begin PBXSourcesBuildPhase section */
		3485E78521A55E05002248B7 /* Sources */ = {
			isa = PBXSourcesBuildPhase;
			buildActionMask = 2147483647;
			files = (
				340088F521A820640072B1F0 /* UIViewController+navigationItem.swift in Sources */,
				340088DC21A81E5C0072B1F0 /* UIResponder+ChangeRootController.swift in Sources */,
				3485E80E21A58A5C002248B7 /* PersonDTO.swift in Sources */,
				340088EC21A81F930072B1F0 /* String+urlEncode.swift in Sources */,
				3485E82D21A5B1F0002248B7 /* Environment.swift in Sources */,
				3485E81A21A5A716002248B7 /* Configuration.swift in Sources */,
				3420DF6921AFDFE70004C59F /* AutoEquatable.generated.swift in Sources */,
				34F7642021A6E94100E68956 /* BookNomadsService.swift in Sources */,
				340088E021A81F4C0072B1F0 /* PropertyListHelper.swift in Sources */,
				3420DFE621B03ADA0004C59F /* DetailViewController.swift in Sources */,
				340088F821A820640072B1F0 /* UIViewController+showAlert.swift in Sources */,
				340088EA21A81F930072B1F0 /* Serializator.swift in Sources */,
				340088FD21A822940072B1F0 /* System.swift in Sources */,
				3485E79521A55E05002248B7 /* iOS_Boilerplate.xcdatamodeld in Sources */,
				340088F621A820640072B1F0 /* UIView+border.swift in Sources */,
				340088D821A81AB00072B1F0 /* CoreDataStack.swift in Sources */,
				3485E78F21A55E05002248B7 /* ViewController.swift in Sources */,
				340088EB21A81F930072B1F0 /* String+subscript.swift in Sources */,
				340088F421A820640072B1F0 /* UIViewController+imageBackground.swift in Sources */,
				34F7641E21A6E4E400E68956 /* HttpRequest.swift in Sources */,
				3420DF6121AFDCD40004C59F /* FakeProtocol.swift in Sources */,
				340088E821A81F930072B1F0 /* Date+JSON.swift in Sources */,
				340088DE21A81E8E0072B1F0 /* UrlHelper.swift in Sources */,
				3485E78D21A55E05002248B7 /* AppDelegate.swift in Sources */,
				340088E921A81F930072B1F0 /* OSEmailValidator.swift in Sources */,
				34F7642721A6F64B00E68956 /* BookDTO.swift in Sources */,
				340088F721A820640072B1F0 /* CALayer+XibConfiguration.swift in Sources */,
				340088ED21A81F930072B1F0 /* OSDNIValidator.swift in Sources */,
				340088FC21A822940072B1F0 /* AppInfo.swift in Sources */,
			);
			runOnlyForDeploymentPostprocessing = 0;
		};
		3485E79C21A55E07002248B7 /* Sources */ = {
			isa = PBXSourcesBuildPhase;
			buildActionMask = 2147483647;
			files = (
				3420DF6B21AFE0730004C59F /* FakeProtocol.swift in Sources */,
				34F7642521A6ECF100E68956 /* BookNomadsServiceTests.swift in Sources */,
				3485E83021A5B5FB002248B7 /* ConfigurationTest.swift in Sources */,
				34306A2B21B12335005B0A84 /* EventTests.swift in Sources */,
				3485E81021A59083002248B7 /* PersonDTOTests.swift in Sources */,
				34306A2D21B12367005B0A84 /* ModelHelper.swift in Sources */,
				3420DF6A21AFDFEB0004C59F /* AutoMock.generated.swift in Sources */,
				3485E7A521A55E07002248B7 /* BoilerplateTests.swift in Sources */,
			);
			runOnlyForDeploymentPostprocessing = 0;
		};
		3485E7A721A55E07002248B7 /* Sources */ = {
			isa = PBXSourcesBuildPhase;
			buildActionMask = 2147483647;
			files = (
				3485E7B021A55E07002248B7 /* BoilerplateUITests.swift in Sources */,
			);
			runOnlyForDeploymentPostprocessing = 0;
		};
/* End PBXSourcesBuildPhase section */

/* Begin PBXTargetDependency section */
		3400890121A82E760072B1F0 /* PBXTargetDependency */ = {
			isa = PBXTargetDependency;
			name = "Alamofire iOS";
			targetProxy = 3400890021A82E760072B1F0 /* PBXContainerItemProxy */;
		};
		3420DF8421AFEC2C0004C59F /* PBXTargetDependency */ = {
			isa = PBXTargetDependency;
			name = "SDWebImage iOS";
			targetProxy = 3420DF8321AFEC2C0004C59F /* PBXContainerItemProxy */;
		};
		3420DF9421AFEE2B0004C59F /* PBXTargetDependency */ = {
			isa = PBXTargetDependency;
			name = "Masonry iOS";
			targetProxy = 3420DF9321AFEE2B0004C59F /* PBXContainerItemProxy */;
		};
		3485E7A221A55E07002248B7 /* PBXTargetDependency */ = {
			isa = PBXTargetDependency;
			target = 3485E78821A55E05002248B7 /* iOS-Boilerplate */;
			targetProxy = 3485E7A121A55E07002248B7 /* PBXContainerItemProxy */;
		};
		3485E7AD21A55E07002248B7 /* PBXTargetDependency */ = {
			isa = PBXTargetDependency;
			target = 3485E78821A55E05002248B7 /* iOS-Boilerplate */;
			targetProxy = 3485E7AC21A55E07002248B7 /* PBXContainerItemProxy */;
		};
/* End PBXTargetDependency section */

/* Begin PBXVariantGroup section */
		3485E79021A55E05002248B7 /* Main.storyboard */ = {
			isa = PBXVariantGroup;
			children = (
				3485E79121A55E05002248B7 /* Base */,
			);
			name = Main.storyboard;
			sourceTree = "<group>";
		};
		3485E79821A55E07002248B7 /* LaunchScreen.storyboard */ = {
			isa = PBXVariantGroup;
			children = (
				3485E79921A55E07002248B7 /* Base */,
			);
			name = LaunchScreen.storyboard;
			sourceTree = "<group>";
		};
		3487742121A6AC32001675D3 /* Localizable.strings */ = {
			isa = PBXVariantGroup;
			children = (
				3487742221A6AC32001675D3 /* Base */,
				3487742421A6AC4F001675D3 /* en */,
				3487742721A6AC74001675D3 /* es */,
			);
			name = Localizable.strings;
			sourceTree = "<group>";
		};
/* End PBXVariantGroup section */

/* Begin XCBuildConfiguration section */
		3485E7B221A55E07002248B7 /* Debug */ = {
			isa = XCBuildConfiguration;
			buildSettings = {
				ALWAYS_SEARCH_USER_PATHS = NO;
				CLANG_ANALYZER_LOCALIZABILITY_NONLOCALIZED = YES;
				CLANG_ANALYZER_NONNULL = YES;
				CLANG_ANALYZER_NUMBER_OBJECT_CONVERSION = YES_AGGRESSIVE;
				CLANG_CXX_LANGUAGE_STANDARD = "gnu++14";
				CLANG_CXX_LIBRARY = "libc++";
				CLANG_ENABLE_MODULES = YES;
				CLANG_ENABLE_OBJC_ARC = YES;
				CLANG_ENABLE_OBJC_WEAK = YES;
				CLANG_WARN_BLOCK_CAPTURE_AUTORELEASING = YES;
				CLANG_WARN_BOOL_CONVERSION = YES;
				CLANG_WARN_COMMA = YES;
				CLANG_WARN_CONSTANT_CONVERSION = YES;
				CLANG_WARN_DEPRECATED_OBJC_IMPLEMENTATIONS = YES;
				CLANG_WARN_DIRECT_OBJC_ISA_USAGE = YES_ERROR;
				CLANG_WARN_DOCUMENTATION_COMMENTS = YES;
				CLANG_WARN_EMPTY_BODY = YES;
				CLANG_WARN_ENUM_CONVERSION = YES;
				CLANG_WARN_INFINITE_RECURSION = YES;
				CLANG_WARN_INT_CONVERSION = YES;
				CLANG_WARN_NON_LITERAL_NULL_CONVERSION = YES;
				CLANG_WARN_OBJC_IMPLICIT_RETAIN_SELF = YES;
				CLANG_WARN_OBJC_LITERAL_CONVERSION = YES;
				CLANG_WARN_OBJC_ROOT_CLASS = YES_ERROR;
				CLANG_WARN_RANGE_LOOP_ANALYSIS = YES;
				CLANG_WARN_STRICT_PROTOTYPES = YES;
				CLANG_WARN_SUSPICIOUS_MOVE = YES;
				CLANG_WARN_UNGUARDED_AVAILABILITY = YES_AGGRESSIVE;
				CLANG_WARN_UNREACHABLE_CODE = YES;
				CLANG_WARN__DUPLICATE_METHOD_MATCH = YES;
				CODE_SIGN_IDENTITY = "iPhone Developer";
				COPY_PHASE_STRIP = NO;
				DEBUG_INFORMATION_FORMAT = dwarf;
				ENABLE_STRICT_OBJC_MSGSEND = YES;
				ENABLE_TESTABILITY = YES;
				GCC_C_LANGUAGE_STANDARD = gnu11;
				GCC_DYNAMIC_NO_PIC = NO;
				GCC_NO_COMMON_BLOCKS = YES;
				GCC_OPTIMIZATION_LEVEL = 0;
				GCC_PREPROCESSOR_DEFINITIONS = (
					"DEBUG=1",
					"$(inherited)",
				);
				GCC_WARN_64_TO_32_BIT_CONVERSION = YES;
				GCC_WARN_ABOUT_RETURN_TYPE = YES_ERROR;
				GCC_WARN_UNDECLARED_SELECTOR = YES;
				GCC_WARN_UNINITIALIZED_AUTOS = YES_AGGRESSIVE;
				GCC_WARN_UNUSED_FUNCTION = YES;
				GCC_WARN_UNUSED_VARIABLE = YES;
				IPHONEOS_DEPLOYMENT_TARGET = 10.0;
				MTL_ENABLE_DEBUG_INFO = INCLUDE_SOURCE;
				MTL_FAST_MATH = YES;
				ONLY_ACTIVE_ARCH = YES;
				OTHER_LDFLAGS = "-ObjC";
				SDKROOT = iphoneos;
				SWIFT_ACTIVE_COMPILATION_CONDITIONS = DEBUG;
				SWIFT_OPTIMIZATION_LEVEL = "-Onone";
			};
			name = Debug;
		};
		3485E7B321A55E07002248B7 /* Release */ = {
			isa = XCBuildConfiguration;
			buildSettings = {
				ALWAYS_SEARCH_USER_PATHS = NO;
				CLANG_ANALYZER_LOCALIZABILITY_NONLOCALIZED = YES;
				CLANG_ANALYZER_NONNULL = YES;
				CLANG_ANALYZER_NUMBER_OBJECT_CONVERSION = YES_AGGRESSIVE;
				CLANG_CXX_LANGUAGE_STANDARD = "gnu++14";
				CLANG_CXX_LIBRARY = "libc++";
				CLANG_ENABLE_MODULES = YES;
				CLANG_ENABLE_OBJC_ARC = YES;
				CLANG_ENABLE_OBJC_WEAK = YES;
				CLANG_WARN_BLOCK_CAPTURE_AUTORELEASING = YES;
				CLANG_WARN_BOOL_CONVERSION = YES;
				CLANG_WARN_COMMA = YES;
				CLANG_WARN_CONSTANT_CONVERSION = YES;
				CLANG_WARN_DEPRECATED_OBJC_IMPLEMENTATIONS = YES;
				CLANG_WARN_DIRECT_OBJC_ISA_USAGE = YES_ERROR;
				CLANG_WARN_DOCUMENTATION_COMMENTS = YES;
				CLANG_WARN_EMPTY_BODY = YES;
				CLANG_WARN_ENUM_CONVERSION = YES;
				CLANG_WARN_INFINITE_RECURSION = YES;
				CLANG_WARN_INT_CONVERSION = YES;
				CLANG_WARN_NON_LITERAL_NULL_CONVERSION = YES;
				CLANG_WARN_OBJC_IMPLICIT_RETAIN_SELF = YES;
				CLANG_WARN_OBJC_LITERAL_CONVERSION = YES;
				CLANG_WARN_OBJC_ROOT_CLASS = YES_ERROR;
				CLANG_WARN_RANGE_LOOP_ANALYSIS = YES;
				CLANG_WARN_STRICT_PROTOTYPES = YES;
				CLANG_WARN_SUSPICIOUS_MOVE = YES;
				CLANG_WARN_UNGUARDED_AVAILABILITY = YES_AGGRESSIVE;
				CLANG_WARN_UNREACHABLE_CODE = YES;
				CLANG_WARN__DUPLICATE_METHOD_MATCH = YES;
				CODE_SIGN_IDENTITY = "iPhone Developer";
				COPY_PHASE_STRIP = NO;
				DEBUG_INFORMATION_FORMAT = "dwarf-with-dsym";
				ENABLE_NS_ASSERTIONS = NO;
				ENABLE_STRICT_OBJC_MSGSEND = YES;
				GCC_C_LANGUAGE_STANDARD = gnu11;
				GCC_NO_COMMON_BLOCKS = YES;
				GCC_WARN_64_TO_32_BIT_CONVERSION = YES;
				GCC_WARN_ABOUT_RETURN_TYPE = YES_ERROR;
				GCC_WARN_UNDECLARED_SELECTOR = YES;
				GCC_WARN_UNINITIALIZED_AUTOS = YES_AGGRESSIVE;
				GCC_WARN_UNUSED_FUNCTION = YES;
				GCC_WARN_UNUSED_VARIABLE = YES;
				IPHONEOS_DEPLOYMENT_TARGET = 10.0;
				MTL_ENABLE_DEBUG_INFO = NO;
				MTL_FAST_MATH = YES;
				OTHER_LDFLAGS = "-ObjC";
				SDKROOT = iphoneos;
				SWIFT_COMPILATION_MODE = wholemodule;
				SWIFT_OPTIMIZATION_LEVEL = "-O";
				VALIDATE_PRODUCT = YES;
			};
			name = Release;
		};
		3485E7B521A55E07002248B7 /* Debug */ = {
			isa = XCBuildConfiguration;
			buildSettings = {
				ALWAYS_EMBED_SWIFT_STANDARD_LIBRARIES = YES;
				ASSETCATALOG_COMPILER_APPICON_NAME = AppIcon;
				CODE_SIGN_STYLE = Automatic;
				DEVELOPMENT_TEAM = TW65EXAM4U;
				INFOPLIST_FILE = "iOS-Boilerplate/Supporting Files/Info.plist";
				LD_RUNPATH_SEARCH_PATHS = (
					"$(inherited)",
					"@executable_path/Frameworks",
					"$(SYMROOT)/Debug$(EFFECTIVE_PLATFORM_NAME)",
				);
				PRODUCT_BUNDLE_IDENTIFIER = "org.veladan.iOS-Boilerplate";
				PRODUCT_NAME = "$(TARGET_NAME)";
				PROVISIONING_PROFILE_SPECIFIER = "";
				SWIFT_VERSION = 4.2;
				TARGETED_DEVICE_FAMILY = "1,2";
			};
			name = Debug;
		};
		3485E7B621A55E07002248B7 /* Release */ = {
			isa = XCBuildConfiguration;
			buildSettings = {
				ALWAYS_EMBED_SWIFT_STANDARD_LIBRARIES = YES;
				ASSETCATALOG_COMPILER_APPICON_NAME = AppIcon;
				CODE_SIGN_STYLE = Automatic;
				DEVELOPMENT_TEAM = TW65EXAM4U;
				INFOPLIST_FILE = "iOS-Boilerplate/Supporting Files/Info.plist";
				LD_RUNPATH_SEARCH_PATHS = (
					"$(inherited)",
					"@executable_path/Frameworks",
					"$(SYMROOT)/Debug$(EFFECTIVE_PLATFORM_NAME)",
				);
				PRODUCT_BUNDLE_IDENTIFIER = "org.veladan.iOS-Boilerplate";
				PRODUCT_NAME = "$(TARGET_NAME)";
				PROVISIONING_PROFILE_SPECIFIER = "";
				SWIFT_VERSION = 4.2;
				TARGETED_DEVICE_FAMILY = "1,2";
			};
			name = Release;
		};
		3485E7B821A55E07002248B7 /* Debug */ = {
			isa = XCBuildConfiguration;
			buildSettings = {
				ALWAYS_EMBED_SWIFT_STANDARD_LIBRARIES = YES;
				BUNDLE_LOADER = "$(TEST_HOST)";
				CODE_SIGN_STYLE = Automatic;
				DEVELOPMENT_TEAM = TW65EXAM4U;
				INFOPLIST_FILE = "iOS-BoilerplateTests/Info.plist";
				LD_RUNPATH_SEARCH_PATHS = (
					"$(inherited)",
					"@executable_path/Frameworks",
					"@loader_path/Frameworks",
				);
				PRODUCT_BUNDLE_IDENTIFIER = "org.veladan.iOS-BoilerplateTests";
				PRODUCT_NAME = "$(TARGET_NAME)";
				SWIFT_VERSION = 4.2;
				TARGETED_DEVICE_FAMILY = "1,2";
				TEST_HOST = "$(BUILT_PRODUCTS_DIR)/iOS-Boilerplate.app/iOS-Boilerplate";
			};
			name = Debug;
		};
		3485E7B921A55E07002248B7 /* Release */ = {
			isa = XCBuildConfiguration;
			buildSettings = {
				ALWAYS_EMBED_SWIFT_STANDARD_LIBRARIES = YES;
				BUNDLE_LOADER = "$(TEST_HOST)";
				CODE_SIGN_STYLE = Automatic;
				DEVELOPMENT_TEAM = TW65EXAM4U;
				INFOPLIST_FILE = "iOS-BoilerplateTests/Info.plist";
				LD_RUNPATH_SEARCH_PATHS = (
					"$(inherited)",
					"@executable_path/Frameworks",
					"@loader_path/Frameworks",
				);
				PRODUCT_BUNDLE_IDENTIFIER = "org.veladan.iOS-BoilerplateTests";
				PRODUCT_NAME = "$(TARGET_NAME)";
				SWIFT_VERSION = 4.2;
				TARGETED_DEVICE_FAMILY = "1,2";
				TEST_HOST = "$(BUILT_PRODUCTS_DIR)/iOS-Boilerplate.app/iOS-Boilerplate";
			};
			name = Release;
		};
		3485E7BB21A55E07002248B7 /* Debug */ = {
			isa = XCBuildConfiguration;
			buildSettings = {
				ALWAYS_EMBED_SWIFT_STANDARD_LIBRARIES = YES;
				CODE_SIGN_STYLE = Automatic;
				DEVELOPMENT_TEAM = TW65EXAM4U;
				INFOPLIST_FILE = "iOS-BoilerplateUITests/Info.plist";
				LD_RUNPATH_SEARCH_PATHS = (
					"$(inherited)",
					"@executable_path/Frameworks",
					"@loader_path/Frameworks",
				);
				PRODUCT_BUNDLE_IDENTIFIER = "org.veladan.iOS-BoilerplateUITests";
				PRODUCT_NAME = "$(TARGET_NAME)";
				SWIFT_VERSION = 4.2;
				TARGETED_DEVICE_FAMILY = "1,2";
				TEST_TARGET_NAME = "iOS-Boilerplate";
			};
			name = Debug;
		};
		3485E7BC21A55E07002248B7 /* Release */ = {
			isa = XCBuildConfiguration;
			buildSettings = {
				ALWAYS_EMBED_SWIFT_STANDARD_LIBRARIES = YES;
				CODE_SIGN_STYLE = Automatic;
				DEVELOPMENT_TEAM = TW65EXAM4U;
				INFOPLIST_FILE = "iOS-BoilerplateUITests/Info.plist";
				LD_RUNPATH_SEARCH_PATHS = (
					"$(inherited)",
					"@executable_path/Frameworks",
					"@loader_path/Frameworks",
				);
				PRODUCT_BUNDLE_IDENTIFIER = "org.veladan.iOS-BoilerplateUITests";
				PRODUCT_NAME = "$(TARGET_NAME)";
				SWIFT_VERSION = 4.2;
				TARGETED_DEVICE_FAMILY = "1,2";
				TEST_TARGET_NAME = "iOS-Boilerplate";
			};
			name = Release;
		};
/* End XCBuildConfiguration section */

/* Begin XCConfigurationList section */
		3485E78421A55E05002248B7 /* Build configuration list for PBXProject "iOS-Boilerplate" */ = {
			isa = XCConfigurationList;
			buildConfigurations = (
				3485E7B221A55E07002248B7 /* Debug */,
				3485E7B321A55E07002248B7 /* Release */,
			);
			defaultConfigurationIsVisible = 0;
			defaultConfigurationName = Release;
		};
		3485E7B421A55E07002248B7 /* Build configuration list for PBXNativeTarget "iOS-Boilerplate" */ = {
			isa = XCConfigurationList;
			buildConfigurations = (
				3485E7B521A55E07002248B7 /* Debug */,
				3485E7B621A55E07002248B7 /* Release */,
			);
			defaultConfigurationIsVisible = 0;
			defaultConfigurationName = Release;
		};
		3485E7B721A55E07002248B7 /* Build configuration list for PBXNativeTarget "iOS-BoilerplateTests" */ = {
			isa = XCConfigurationList;
			buildConfigurations = (
				3485E7B821A55E07002248B7 /* Debug */,
				3485E7B921A55E07002248B7 /* Release */,
			);
			defaultConfigurationIsVisible = 0;
			defaultConfigurationName = Release;
		};
		3485E7BA21A55E07002248B7 /* Build configuration list for PBXNativeTarget "iOS-BoilerplateUITests" */ = {
			isa = XCConfigurationList;
			buildConfigurations = (
				3485E7BB21A55E07002248B7 /* Debug */,
				3485E7BC21A55E07002248B7 /* Release */,
			);
			defaultConfigurationIsVisible = 0;
			defaultConfigurationName = Release;
		};
/* End XCConfigurationList section */

/* Begin XCVersionGroup section */
		3485E79321A55E05002248B7 /* iOS_Boilerplate.xcdatamodeld */ = {
			isa = XCVersionGroup;
			children = (
				3485E79421A55E05002248B7 /* iOS_Boilerplate.xcdatamodel */,
			);
			currentVersion = 3485E79421A55E05002248B7 /* iOS_Boilerplate.xcdatamodel */;
			path = iOS_Boilerplate.xcdatamodeld;
			sourceTree = "<group>";
			versionGroupType = wrapper.xcdatamodel;
		};
/* End XCVersionGroup section */
	};
	rootObject = 3485E78121A55E05002248B7 /* Project object */;
}
